
Microsoft Visual Studio Solution File, Format Version 12.00
# Visual Studio 15
VisualStudioVersion = 15.0.28307.168
MinimumVisualStudioVersion = 10.0.40219.1
Project("{FAE04EC0-301F-11D3-BF4B-00C04F79EFBC}") = "Sphere10.Windows", "..\src\Sphere10.Windows\Sphere10.Windows.csproj", "{05D56A4B-6E13-4396-8B49-E2C55BC9B508}"
EndProject
Project("{FAE04EC0-301F-11D3-BF4B-00C04F79EFBC}") = "Sphere10.Windows.WinForms", "..\src\Sphere10.Windows.WinForms\Sphere10.Windows.WinForms.csproj", "{1EA1A698-5A35-45C7-8E85-DA3CC0D2882E}"
EndProject
Project("{FAE04EC0-301F-11D3-BF4B-00C04F79EFBC}") = "Sphere10.Windows.WinForms.Firebird", "..\src\Sphere10.Windows.WinForms.Firebird\Sphere10.Windows.WinForms.Firebird.csproj", "{0AAE6912-CDE3-4D49-9AE5-63193105537C}"
EndProject
Project("{FAE04EC0-301F-11D3-BF4B-00C04F79EFBC}") = "Sphere10.Windows.WinForms.Sqlite", "..\src\Sphere10.Windows.WinForms.Sqlite\Sphere10.Windows.WinForms.Sqlite.csproj", "{BD8F6B59-E0DB-4DEE-A144-944BBC44FD9D}"
EndProject
Project("{FAE04EC0-301F-11D3-BF4B-00C04F79EFBC}") = "Sphere10.Windows.LevelDB", "..\src\Sphere10.Windows.LevelDB\Sphere10.Windows.LevelDB.csproj", "{C1549308-26F7-49C3-B1AA-8AD986C90DB8}"
EndProject
Project("{9A19103F-16F7-4668-BE54-9A1E7A4F7556}") = "Sphere10.Framework", "..\src\Sphere10.Framework\Sphere10.Framework.csproj", "{A2192000-1BDE-4657-AC90-289CF096C674}"
EndProject
Project("{9A19103F-16F7-4668-BE54-9A1E7A4F7556}") = "Sphere10.Framework.Data", "..\src\Sphere10.Framework.Data\Sphere10.Framework.Data.csproj", "{50CE7B59-6C51-413E-ADB3-2FA3E8102813}"
EndProject
Project("{9A19103F-16F7-4668-BE54-9A1E7A4F7556}") = "Sphere10.Framework.Data.Firebird", "..\src\Sphere10.Framework.Data.Firebird\Sphere10.Framework.Data.Firebird.csproj", "{6DB6A05C-45EA-4F95-BE9C-F49A458CF805}"
EndProject
Project("{9A19103F-16F7-4668-BE54-9A1E7A4F7556}") = "Sphere10.Framework.Data.MSSQL", "..\src\Sphere10.Framework.Data.MSSQL\Sphere10.Framework.Data.MSSQL.csproj", "{D02577B8-4F1D-42B9-8802-454AE99D17D6}"
EndProject
Project("{9A19103F-16F7-4668-BE54-9A1E7A4F7556}") = "Sphere10.Framework.Data.Sqlite", "..\src\Sphere10.Framework.Data.Sqlite\Sphere10.Framework.Data.Sqlite.csproj", "{1DD01193-9CB6-4EA9-8987-39F454C5DBBB}"
EndProject
Project("{9A19103F-16F7-4668-BE54-9A1E7A4F7556}") = "Sphere10.Framework.Services", "..\src\Sphere10.Framework.Services\Sphere10.Framework.Services.csproj", "{489005CE-B9B1-475D-A161-358254C7505A}"
EndProject
Project("{9A19103F-16F7-4668-BE54-9A1E7A4F7556}") = "Sphere10.Framework.Drawing", "..\src\Sphere10.Framework.Drawing\Sphere10.Framework.Drawing.csproj", "{6601D944-F150-4578-A14E-604B4EEC9867}"
EndProject
Project("{FAE04EC0-301F-11D3-BF4B-00C04F79EFBC}") = "Sphere10.Windows.WinForms.MSSQL", "..\src\Sphere10.Windows.WinForms.MSSQL\Sphere10.Windows.WinForms.MSSQL.csproj", "{97D707E8-38FF-4435-B7A6-7F777D255E3A}"
EndProject
Project("{9A19103F-16F7-4668-BE54-9A1E7A4F7556}") = "Sphere10.Framework.NUnit", "..\src\Sphere10.Framework.NUnit\Sphere10.Framework.NUnit.csproj", "{C08B47F1-BD56-4BC0-9241-214B67F91470}"
EndProject
Project("{2150E333-8FDC-42A3-9474-1A3956D46DE8}") = "Standard", "Standard", "{4086EB64-1D44-4D2A-9B4F-8437B60C86BA}"
EndProject
Project("{2150E333-8FDC-42A3-9474-1A3956D46DE8}") = "Core", "Core", "{3724E8EE-8603-4C7D-A55B-CAE530D573D5}"
EndProject
Project("{2150E333-8FDC-42A3-9474-1A3956D46DE8}") = "DotNet", "DotNet", "{FFA54119-17D9-409F-80DC-68F018DE9771}"
EndProject
Project("{FAE04EC0-301F-11D3-BF4B-00C04F79EFBC}") = "Sphere10.Framework.UnitTests", "Sphere10.Framework.UnitTests\Sphere10.Framework.UnitTests.csproj", "{2B1992CD-A2E8-4E1A-B6EB-666A9E7E8083}"
EndProject
Project("{FAE04EC0-301F-11D3-BF4B-00C04F79EFBC}") = "Sphere10.Windows.TestUtil", "Sphere10.Windows.TestUtil\Sphere10.Windows.TestUtil.csproj", "{78AEE57E-C78F-47AD-8BCC-8D6896EBD994}"
EndProject
Project("{FAE04EC0-301F-11D3-BF4B-00C04F79EFBC}") = "Sphere10.Windows.ExplorerBarDesigner", "Sphere10.Windows.WinForms.ExplorerBarDesigner\Sphere10.Windows.ExplorerBarDesigner.csproj", "{6EE1E080-0D30-433C-A5CC-5180E75D04FA}"
EndProject
Project("{9A19103F-16F7-4668-BE54-9A1E7A4F7556}") = "Sphere10.Framework.Application", "..\src\Sphere10.Framework.Application\Sphere10.Framework.Application.csproj", "{2BDA5BC8-3F58-437D-BB00-D7D795FB58DE}"
EndProject
Project("{FAE04EC0-301F-11D3-BF4B-00C04F79EFBC}") = "Sphere10.Framework.DotNet", "..\src\Sphere10.Framework.DotNet\Sphere10.Framework.DotNet.csproj", "{7A31DDE9-4661-4C30-90F5-7025E2537E6F}"
EndProject
Project("{FAE04EC0-301F-11D3-BF4B-00C04F79EFBC}") = "Sphere10.Framework.Web.AspNet", "..\src\Sphere10.Framework.Web.AspNet\Sphere10.Framework.Web.AspNet.csproj", "{E0CD802D-75FC-4E99-B65C-84E6C558BF46}"
EndProject
Project("{9A19103F-16F7-4668-BE54-9A1E7A4F7556}") = "Sphere10.Framework.Web.AspNetCore", "..\src\Sphere10.Framework.Web.AspNetCore\Sphere10.Framework.Web.AspNetCore.csproj", "{899E0F5F-7B02-40EC-A7B5-E8F2279FA971}"
EndProject
Global
	GlobalSection(SolutionConfigurationPlatforms) = preSolution
		Debug|Any CPU = Debug|Any CPU
		Debug|x86 = Debug|x86
		Release|Any CPU = Release|Any CPU
		Release|x86 = Release|x86
	EndGlobalSection
	GlobalSection(ProjectConfigurationPlatforms) = postSolution
		{05D56A4B-6E13-4396-8B49-E2C55BC9B508}.Debug|Any CPU.ActiveCfg = Debug|Any CPU
		{05D56A4B-6E13-4396-8B49-E2C55BC9B508}.Debug|Any CPU.Build.0 = Debug|Any CPU
		{05D56A4B-6E13-4396-8B49-E2C55BC9B508}.Debug|x86.ActiveCfg = Debug|x86
		{05D56A4B-6E13-4396-8B49-E2C55BC9B508}.Debug|x86.Build.0 = Debug|x86
		{05D56A4B-6E13-4396-8B49-E2C55BC9B508}.Release|Any CPU.ActiveCfg = Release|Any CPU
		{05D56A4B-6E13-4396-8B49-E2C55BC9B508}.Release|Any CPU.Build.0 = Release|Any CPU
		{05D56A4B-6E13-4396-8B49-E2C55BC9B508}.Release|x86.ActiveCfg = Release|x86
		{05D56A4B-6E13-4396-8B49-E2C55BC9B508}.Release|x86.Build.0 = Release|x86
		{1EA1A698-5A35-45C7-8E85-DA3CC0D2882E}.Debug|Any CPU.ActiveCfg = Debug|Any CPU
		{1EA1A698-5A35-45C7-8E85-DA3CC0D2882E}.Debug|Any CPU.Build.0 = Debug|Any CPU
		{1EA1A698-5A35-45C7-8E85-DA3CC0D2882E}.Debug|x86.ActiveCfg = Debug|x86
		{1EA1A698-5A35-45C7-8E85-DA3CC0D2882E}.Debug|x86.Build.0 = Debug|x86
		{1EA1A698-5A35-45C7-8E85-DA3CC0D2882E}.Release|Any CPU.ActiveCfg = Release|Any CPU
		{1EA1A698-5A35-45C7-8E85-DA3CC0D2882E}.Release|Any CPU.Build.0 = Release|Any CPU
		{1EA1A698-5A35-45C7-8E85-DA3CC0D2882E}.Release|x86.ActiveCfg = Release|x86
		{1EA1A698-5A35-45C7-8E85-DA3CC0D2882E}.Release|x86.Build.0 = Release|x86
		{0AAE6912-CDE3-4D49-9AE5-63193105537C}.Debug|Any CPU.ActiveCfg = Debug|Any CPU
		{0AAE6912-CDE3-4D49-9AE5-63193105537C}.Debug|Any CPU.Build.0 = Debug|Any CPU
		{0AAE6912-CDE3-4D49-9AE5-63193105537C}.Debug|x86.ActiveCfg = Debug|x86
		{0AAE6912-CDE3-4D49-9AE5-63193105537C}.Debug|x86.Build.0 = Debug|x86
		{0AAE6912-CDE3-4D49-9AE5-63193105537C}.Release|Any CPU.ActiveCfg = Release|Any CPU
		{0AAE6912-CDE3-4D49-9AE5-63193105537C}.Release|Any CPU.Build.0 = Release|Any CPU
		{0AAE6912-CDE3-4D49-9AE5-63193105537C}.Release|x86.ActiveCfg = Release|x86
		{0AAE6912-CDE3-4D49-9AE5-63193105537C}.Release|x86.Build.0 = Release|x86
		{BD8F6B59-E0DB-4DEE-A144-944BBC44FD9D}.Debug|Any CPU.ActiveCfg = Debug|Any CPU
		{BD8F6B59-E0DB-4DEE-A144-944BBC44FD9D}.Debug|Any CPU.Build.0 = Debug|Any CPU
		{BD8F6B59-E0DB-4DEE-A144-944BBC44FD9D}.Debug|x86.ActiveCfg = Debug|x86
		{BD8F6B59-E0DB-4DEE-A144-944BBC44FD9D}.Debug|x86.Build.0 = Debug|x86
		{BD8F6B59-E0DB-4DEE-A144-944BBC44FD9D}.Release|Any CPU.ActiveCfg = Release|Any CPU
		{BD8F6B59-E0DB-4DEE-A144-944BBC44FD9D}.Release|Any CPU.Build.0 = Release|Any CPU
		{BD8F6B59-E0DB-4DEE-A144-944BBC44FD9D}.Release|x86.ActiveCfg = Release|x86
		{BD8F6B59-E0DB-4DEE-A144-944BBC44FD9D}.Release|x86.Build.0 = Release|x86
		{C1549308-26F7-49C3-B1AA-8AD986C90DB8}.Debug|Any CPU.ActiveCfg = Debug|Any CPU
		{C1549308-26F7-49C3-B1AA-8AD986C90DB8}.Debug|Any CPU.Build.0 = Debug|Any CPU
		{C1549308-26F7-49C3-B1AA-8AD986C90DB8}.Debug|x86.ActiveCfg = Debug|Any CPU
		{C1549308-26F7-49C3-B1AA-8AD986C90DB8}.Debug|x86.Build.0 = Debug|Any CPU
		{C1549308-26F7-49C3-B1AA-8AD986C90DB8}.Release|Any CPU.ActiveCfg = Release|Any CPU
		{C1549308-26F7-49C3-B1AA-8AD986C90DB8}.Release|Any CPU.Build.0 = Release|Any CPU
		{C1549308-26F7-49C3-B1AA-8AD986C90DB8}.Release|x86.ActiveCfg = Release|Any CPU
		{C1549308-26F7-49C3-B1AA-8AD986C90DB8}.Release|x86.Build.0 = Release|Any CPU
		{A2192000-1BDE-4657-AC90-289CF096C674}.Debug|Any CPU.ActiveCfg = Debug|Any CPU
		{A2192000-1BDE-4657-AC90-289CF096C674}.Debug|Any CPU.Build.0 = Debug|Any CPU
		{A2192000-1BDE-4657-AC90-289CF096C674}.Debug|x86.ActiveCfg = Debug|Any CPU
		{A2192000-1BDE-4657-AC90-289CF096C674}.Debug|x86.Build.0 = Debug|Any CPU
		{A2192000-1BDE-4657-AC90-289CF096C674}.Release|Any CPU.ActiveCfg = Release|Any CPU
		{A2192000-1BDE-4657-AC90-289CF096C674}.Release|Any CPU.Build.0 = Release|Any CPU
		{A2192000-1BDE-4657-AC90-289CF096C674}.Release|x86.ActiveCfg = Release|Any CPU
		{A2192000-1BDE-4657-AC90-289CF096C674}.Release|x86.Build.0 = Release|Any CPU
		{50CE7B59-6C51-413E-ADB3-2FA3E8102813}.Debug|Any CPU.ActiveCfg = Debug|Any CPU
		{50CE7B59-6C51-413E-ADB3-2FA3E8102813}.Debug|Any CPU.Build.0 = Debug|Any CPU
		{50CE7B59-6C51-413E-ADB3-2FA3E8102813}.Debug|x86.ActiveCfg = Debug|Any CPU
		{50CE7B59-6C51-413E-ADB3-2FA3E8102813}.Debug|x86.Build.0 = Debug|Any CPU
		{50CE7B59-6C51-413E-ADB3-2FA3E8102813}.Release|Any CPU.ActiveCfg = Release|Any CPU
		{50CE7B59-6C51-413E-ADB3-2FA3E8102813}.Release|Any CPU.Build.0 = Release|Any CPU
		{50CE7B59-6C51-413E-ADB3-2FA3E8102813}.Release|x86.ActiveCfg = Release|Any CPU
		{50CE7B59-6C51-413E-ADB3-2FA3E8102813}.Release|x86.Build.0 = Release|Any CPU
		{6DB6A05C-45EA-4F95-BE9C-F49A458CF805}.Debug|Any CPU.ActiveCfg = Debug|Any CPU
		{6DB6A05C-45EA-4F95-BE9C-F49A458CF805}.Debug|Any CPU.Build.0 = Debug|Any CPU
		{6DB6A05C-45EA-4F95-BE9C-F49A458CF805}.Debug|x86.ActiveCfg = Debug|Any CPU
		{6DB6A05C-45EA-4F95-BE9C-F49A458CF805}.Debug|x86.Build.0 = Debug|Any CPU
		{6DB6A05C-45EA-4F95-BE9C-F49A458CF805}.Release|Any CPU.ActiveCfg = Release|Any CPU
		{6DB6A05C-45EA-4F95-BE9C-F49A458CF805}.Release|Any CPU.Build.0 = Release|Any CPU
		{6DB6A05C-45EA-4F95-BE9C-F49A458CF805}.Release|x86.ActiveCfg = Release|Any CPU
		{6DB6A05C-45EA-4F95-BE9C-F49A458CF805}.Release|x86.Build.0 = Release|Any CPU
		{D02577B8-4F1D-42B9-8802-454AE99D17D6}.Debug|Any CPU.ActiveCfg = Debug|Any CPU
		{D02577B8-4F1D-42B9-8802-454AE99D17D6}.Debug|Any CPU.Build.0 = Debug|Any CPU
		{D02577B8-4F1D-42B9-8802-454AE99D17D6}.Debug|x86.ActiveCfg = Debug|Any CPU
		{D02577B8-4F1D-42B9-8802-454AE99D17D6}.Debug|x86.Build.0 = Debug|Any CPU
		{D02577B8-4F1D-42B9-8802-454AE99D17D6}.Release|Any CPU.ActiveCfg = Release|Any CPU
		{D02577B8-4F1D-42B9-8802-454AE99D17D6}.Release|Any CPU.Build.0 = Release|Any CPU
		{D02577B8-4F1D-42B9-8802-454AE99D17D6}.Release|x86.ActiveCfg = Release|Any CPU
		{D02577B8-4F1D-42B9-8802-454AE99D17D6}.Release|x86.Build.0 = Release|Any CPU
		{1DD01193-9CB6-4EA9-8987-39F454C5DBBB}.Debug|Any CPU.ActiveCfg = Debug|Any CPU
		{1DD01193-9CB6-4EA9-8987-39F454C5DBBB}.Debug|Any CPU.Build.0 = Debug|Any CPU
		{1DD01193-9CB6-4EA9-8987-39F454C5DBBB}.Debug|x86.ActiveCfg = Debug|Any CPU
		{1DD01193-9CB6-4EA9-8987-39F454C5DBBB}.Debug|x86.Build.0 = Debug|Any CPU
		{1DD01193-9CB6-4EA9-8987-39F454C5DBBB}.Release|Any CPU.ActiveCfg = Release|Any CPU
		{1DD01193-9CB6-4EA9-8987-39F454C5DBBB}.Release|Any CPU.Build.0 = Release|Any CPU
		{1DD01193-9CB6-4EA9-8987-39F454C5DBBB}.Release|x86.ActiveCfg = Release|Any CPU
		{1DD01193-9CB6-4EA9-8987-39F454C5DBBB}.Release|x86.Build.0 = Release|Any CPU
		{489005CE-B9B1-475D-A161-358254C7505A}.Debug|Any CPU.ActiveCfg = Debug|Any CPU
		{489005CE-B9B1-475D-A161-358254C7505A}.Debug|Any CPU.Build.0 = Debug|Any CPU
		{489005CE-B9B1-475D-A161-358254C7505A}.Debug|x86.ActiveCfg = Debug|Any CPU
		{489005CE-B9B1-475D-A161-358254C7505A}.Debug|x86.Build.0 = Debug|Any CPU
		{489005CE-B9B1-475D-A161-358254C7505A}.Release|Any CPU.ActiveCfg = Release|Any CPU
		{489005CE-B9B1-475D-A161-358254C7505A}.Release|Any CPU.Build.0 = Release|Any CPU
		{489005CE-B9B1-475D-A161-358254C7505A}.Release|x86.ActiveCfg = Release|Any CPU
		{489005CE-B9B1-475D-A161-358254C7505A}.Release|x86.Build.0 = Release|Any CPU
		{6601D944-F150-4578-A14E-604B4EEC9867}.Debug|Any CPU.ActiveCfg = Debug|Any CPU
		{6601D944-F150-4578-A14E-604B4EEC9867}.Debug|Any CPU.Build.0 = Debug|Any CPU
		{6601D944-F150-4578-A14E-604B4EEC9867}.Debug|x86.ActiveCfg = Debug|Any CPU
		{6601D944-F150-4578-A14E-604B4EEC9867}.Debug|x86.Build.0 = Debug|Any CPU
		{6601D944-F150-4578-A14E-604B4EEC9867}.Release|Any CPU.ActiveCfg = Release|Any CPU
		{6601D944-F150-4578-A14E-604B4EEC9867}.Release|Any CPU.Build.0 = Release|Any CPU
		{6601D944-F150-4578-A14E-604B4EEC9867}.Release|x86.ActiveCfg = Release|Any CPU
		{6601D944-F150-4578-A14E-604B4EEC9867}.Release|x86.Build.0 = Release|Any CPU
		{97D707E8-38FF-4435-B7A6-7F777D255E3A}.Debug|Any CPU.ActiveCfg = Debug|Any CPU
		{97D707E8-38FF-4435-B7A6-7F777D255E3A}.Debug|Any CPU.Build.0 = Debug|Any CPU
		{97D707E8-38FF-4435-B7A6-7F777D255E3A}.Debug|x86.ActiveCfg = Debug|Any CPU
		{97D707E8-38FF-4435-B7A6-7F777D255E3A}.Debug|x86.Build.0 = Debug|Any CPU
		{97D707E8-38FF-4435-B7A6-7F777D255E3A}.Release|Any CPU.ActiveCfg = Release|Any CPU
		{97D707E8-38FF-4435-B7A6-7F777D255E3A}.Release|Any CPU.Build.0 = Release|Any CPU
		{97D707E8-38FF-4435-B7A6-7F777D255E3A}.Release|x86.ActiveCfg = Release|Any CPU
		{97D707E8-38FF-4435-B7A6-7F777D255E3A}.Release|x86.Build.0 = Release|Any CPU
		{C08B47F1-BD56-4BC0-9241-214B67F91470}.Debug|Any CPU.ActiveCfg = Debug|Any CPU
		{C08B47F1-BD56-4BC0-9241-214B67F91470}.Debug|Any CPU.Build.0 = Debug|Any CPU
		{C08B47F1-BD56-4BC0-9241-214B67F91470}.Debug|x86.ActiveCfg = Debug|Any CPU
		{C08B47F1-BD56-4BC0-9241-214B67F91470}.Debug|x86.Build.0 = Debug|Any CPU
		{C08B47F1-BD56-4BC0-9241-214B67F91470}.Release|Any CPU.ActiveCfg = Release|Any CPU
		{C08B47F1-BD56-4BC0-9241-214B67F91470}.Release|Any CPU.Build.0 = Release|Any CPU
		{C08B47F1-BD56-4BC0-9241-214B67F91470}.Release|x86.ActiveCfg = Release|Any CPU
		{C08B47F1-BD56-4BC0-9241-214B67F91470}.Release|x86.Build.0 = Release|Any CPU
		{2B1992CD-A2E8-4E1A-B6EB-666A9E7E8083}.Debug|Any CPU.ActiveCfg = Debug|Any CPU
		{2B1992CD-A2E8-4E1A-B6EB-666A9E7E8083}.Debug|Any CPU.Build.0 = Debug|Any CPU
		{2B1992CD-A2E8-4E1A-B6EB-666A9E7E8083}.Debug|x86.ActiveCfg = Debug|x86
		{2B1992CD-A2E8-4E1A-B6EB-666A9E7E8083}.Debug|x86.Build.0 = Debug|x86
		{2B1992CD-A2E8-4E1A-B6EB-666A9E7E8083}.Release|Any CPU.ActiveCfg = Release|Any CPU
		{2B1992CD-A2E8-4E1A-B6EB-666A9E7E8083}.Release|Any CPU.Build.0 = Release|Any CPU
		{2B1992CD-A2E8-4E1A-B6EB-666A9E7E8083}.Release|x86.ActiveCfg = Release|x86
		{2B1992CD-A2E8-4E1A-B6EB-666A9E7E8083}.Release|x86.Build.0 = Release|x86
		{78AEE57E-C78F-47AD-8BCC-8D6896EBD994}.Debug|Any CPU.ActiveCfg = Debug|Any CPU
		{78AEE57E-C78F-47AD-8BCC-8D6896EBD994}.Debug|Any CPU.Build.0 = Debug|Any CPU
		{78AEE57E-C78F-47AD-8BCC-8D6896EBD994}.Debug|x86.ActiveCfg = Debug|x86
		{78AEE57E-C78F-47AD-8BCC-8D6896EBD994}.Debug|x86.Build.0 = Debug|x86
		{78AEE57E-C78F-47AD-8BCC-8D6896EBD994}.Release|Any CPU.ActiveCfg = Release|Any CPU
		{78AEE57E-C78F-47AD-8BCC-8D6896EBD994}.Release|Any CPU.Build.0 = Release|Any CPU
		{78AEE57E-C78F-47AD-8BCC-8D6896EBD994}.Release|x86.ActiveCfg = Release|x86
		{78AEE57E-C78F-47AD-8BCC-8D6896EBD994}.Release|x86.Build.0 = Release|x86
		{6EE1E080-0D30-433C-A5CC-5180E75D04FA}.Debug|Any CPU.ActiveCfg = Debug|Any CPU
		{6EE1E080-0D30-433C-A5CC-5180E75D04FA}.Debug|Any CPU.Build.0 = Debug|Any CPU
		{6EE1E080-0D30-433C-A5CC-5180E75D04FA}.Debug|x86.ActiveCfg = Debug|x86
		{6EE1E080-0D30-433C-A5CC-5180E75D04FA}.Debug|x86.Build.0 = Debug|x86
		{6EE1E080-0D30-433C-A5CC-5180E75D04FA}.Release|Any CPU.ActiveCfg = Release|Any CPU
		{6EE1E080-0D30-433C-A5CC-5180E75D04FA}.Release|Any CPU.Build.0 = Release|Any CPU
		{6EE1E080-0D30-433C-A5CC-5180E75D04FA}.Release|x86.ActiveCfg = Release|x86
		{6EE1E080-0D30-433C-A5CC-5180E75D04FA}.Release|x86.Build.0 = Release|x86
		{2BDA5BC8-3F58-437D-BB00-D7D795FB58DE}.Debug|Any CPU.ActiveCfg = Debug|Any CPU
		{2BDA5BC8-3F58-437D-BB00-D7D795FB58DE}.Debug|Any CPU.Build.0 = Debug|Any CPU
		{2BDA5BC8-3F58-437D-BB00-D7D795FB58DE}.Debug|x86.ActiveCfg = Debug|Any CPU
		{2BDA5BC8-3F58-437D-BB00-D7D795FB58DE}.Debug|x86.Build.0 = Debug|Any CPU
		{2BDA5BC8-3F58-437D-BB00-D7D795FB58DE}.Release|Any CPU.ActiveCfg = Release|Any CPU
		{2BDA5BC8-3F58-437D-BB00-D7D795FB58DE}.Release|Any CPU.Build.0 = Release|Any CPU
		{2BDA5BC8-3F58-437D-BB00-D7D795FB58DE}.Release|x86.ActiveCfg = Release|Any CPU
		{2BDA5BC8-3F58-437D-BB00-D7D795FB58DE}.Release|x86.Build.0 = Release|Any CPU
		{7A31DDE9-4661-4C30-90F5-7025E2537E6F}.Debug|Any CPU.ActiveCfg = Debug|Any CPU
		{7A31DDE9-4661-4C30-90F5-7025E2537E6F}.Debug|Any CPU.Build.0 = Debug|Any CPU
		{7A31DDE9-4661-4C30-90F5-7025E2537E6F}.Debug|x86.ActiveCfg = Debug|Any CPU
		{7A31DDE9-4661-4C30-90F5-7025E2537E6F}.Debug|x86.Build.0 = Debug|Any CPU
		{7A31DDE9-4661-4C30-90F5-7025E2537E6F}.Release|Any CPU.ActiveCfg = Release|Any CPU
		{7A31DDE9-4661-4C30-90F5-7025E2537E6F}.Release|Any CPU.Build.0 = Release|Any CPU
		{7A31DDE9-4661-4C30-90F5-7025E2537E6F}.Release|x86.ActiveCfg = Release|Any CPU
		{7A31DDE9-4661-4C30-90F5-7025E2537E6F}.Release|x86.Build.0 = Release|Any CPU
		{E0CD802D-75FC-4E99-B65C-84E6C558BF46}.Debug|Any CPU.ActiveCfg = Debug|Any CPU
		{E0CD802D-75FC-4E99-B65C-84E6C558BF46}.Debug|Any CPU.Build.0 = Debug|Any CPU
		{E0CD802D-75FC-4E99-B65C-84E6C558BF46}.Debug|x86.ActiveCfg = Debug|x86
		{E0CD802D-75FC-4E99-B65C-84E6C558BF46}.Debug|x86.Build.0 = Debug|x86
		{E0CD802D-75FC-4E99-B65C-84E6C558BF46}.Release|Any CPU.ActiveCfg = Release|Any CPU
		{E0CD802D-75FC-4E99-B65C-84E6C558BF46}.Release|Any CPU.Build.0 = Release|Any CPU
		{E0CD802D-75FC-4E99-B65C-84E6C558BF46}.Release|x86.ActiveCfg = Release|x86
		{E0CD802D-75FC-4E99-B65C-84E6C558BF46}.Release|x86.Build.0 = Release|x86
		{899E0F5F-7B02-40EC-A7B5-E8F2279FA971}.Debug|Any CPU.ActiveCfg = Debug|Any CPU
		{899E0F5F-7B02-40EC-A7B5-E8F2279FA971}.Debug|Any CPU.Build.0 = Debug|Any CPU
		{899E0F5F-7B02-40EC-A7B5-E8F2279FA971}.Debug|x86.ActiveCfg = Debug|Any CPU
		{899E0F5F-7B02-40EC-A7B5-E8F2279FA971}.Debug|x86.Build.0 = Debug|Any CPU
		{899E0F5F-7B02-40EC-A7B5-E8F2279FA971}.Release|Any CPU.ActiveCfg = Release|Any CPU
		{899E0F5F-7B02-40EC-A7B5-E8F2279FA971}.Release|Any CPU.Build.0 = Release|Any CPU
		{899E0F5F-7B02-40EC-A7B5-E8F2279FA971}.Release|x86.ActiveCfg = Release|Any CPU
		{899E0F5F-7B02-40EC-A7B5-E8F2279FA971}.Release|x86.Build.0 = Release|Any CPU
	EndGlobalSection
	GlobalSection(SolutionProperties) = preSolution
		HideSolutionNode = FALSE
	EndGlobalSection
	GlobalSection(NestedProjects) = preSolution
		{05D56A4B-6E13-4396-8B49-E2C55BC9B508} = {FFA54119-17D9-409F-80DC-68F018DE9771}
		{1EA1A698-5A35-45C7-8E85-DA3CC0D2882E} = {FFA54119-17D9-409F-80DC-68F018DE9771}
		{0AAE6912-CDE3-4D49-9AE5-63193105537C} = {FFA54119-17D9-409F-80DC-68F018DE9771}
		{BD8F6B59-E0DB-4DEE-A144-944BBC44FD9D} = {FFA54119-17D9-409F-80DC-68F018DE9771}
		{C1549308-26F7-49C3-B1AA-8AD986C90DB8} = {FFA54119-17D9-409F-80DC-68F018DE9771}
		{A2192000-1BDE-4657-AC90-289CF096C674} = {4086EB64-1D44-4D2A-9B4F-8437B60C86BA}
		{50CE7B59-6C51-413E-ADB3-2FA3E8102813} = {4086EB64-1D44-4D2A-9B4F-8437B60C86BA}
		{6DB6A05C-45EA-4F95-BE9C-F49A458CF805} = {4086EB64-1D44-4D2A-9B4F-8437B60C86BA}
		{D02577B8-4F1D-42B9-8802-454AE99D17D6} = {4086EB64-1D44-4D2A-9B4F-8437B60C86BA}
		{1DD01193-9CB6-4EA9-8987-39F454C5DBBB} = {4086EB64-1D44-4D2A-9B4F-8437B60C86BA}
		{489005CE-B9B1-475D-A161-358254C7505A} = {4086EB64-1D44-4D2A-9B4F-8437B60C86BA}
		{6601D944-F150-4578-A14E-604B4EEC9867} = {4086EB64-1D44-4D2A-9B4F-8437B60C86BA}
		{97D707E8-38FF-4435-B7A6-7F777D255E3A} = {FFA54119-17D9-409F-80DC-68F018DE9771}
		{C08B47F1-BD56-4BC0-9241-214B67F91470} = {4086EB64-1D44-4D2A-9B4F-8437B60C86BA}
		{2BDA5BC8-3F58-437D-BB00-D7D795FB58DE} = {4086EB64-1D44-4D2A-9B4F-8437B60C86BA}
		{7A31DDE9-4661-4C30-90F5-7025E2537E6F} = {FFA54119-17D9-409F-80DC-68F018DE9771}
		{E0CD802D-75FC-4E99-B65C-84E6C558BF46} = {FFA54119-17D9-409F-80DC-68F018DE9771}
		{899E0F5F-7B02-40EC-A7B5-E8F2279FA971} = {3724E8EE-8603-4C7D-A55B-CAE530D573D5}
	EndGlobalSection
	GlobalSection(ExtensibilityGlobals) = postSolution
		SolutionGuid = {A6BF0BD3-FB17-4EDB-AFBF-08A34BD2E2B6}
	EndGlobalSection
	GlobalSection(SubversionScc) = preSolution
		Svn-Managed = True
		Manager = AnkhSVN - Subversion Support for Visual Studio
	EndGlobalSection
EndGlobal
