
Microsoft Visual Studio Solution File, Format Version 12.00
# Visual Studio 14
VisualStudioVersion = 14.0.23107.0
MinimumVisualStudioVersion = 10.0.40219.1
Project("{FAE04EC0-301F-11D3-BF4B-00C04F79EFBC}") = "Sphere10.Framework.iOS", "Sphere10.Framework.iOS\Sphere10.Framework.iOS.csproj", "{BDC7755B-E7EB-4403-80A8-72AC20D8AE78}"
EndProject
Project("{FAE04EC0-301F-11D3-BF4B-00C04F79EFBC}") = "Sphere10.Framework.Drawing.iOS", "Sphere10.Framework.Drawing.iOS\Sphere10.Framework.Drawing.iOS.csproj", "{965FDD75-58D7-4360-9F15-A69A2439EE91}"
EndProject
Project("{FAE04EC0-301F-11D3-BF4B-00C04F79EFBC}") = "Sphere10.Framework.Services.iOS", "Sphere10.Framework.Services.iOS\Sphere10.Framework.Services.iOS.csproj", "{ACA95282-9660-4A97-87AA-276977D674D3}"
EndProject
Project("{FAE04EC0-301F-11D3-BF4B-00C04F79EFBC}") = "Sphere10.Framework.Data.iOS", "Sphere10.Framework.Data.iOS\Sphere10.Framework.Data.iOS.csproj", "{908E9432-2437-47D2-9722-5A6CDFABBF54}"
EndProject
Project("{FAE04EC0-301F-11D3-BF4B-00C04F79EFBC}") = "Sphere10.Framework.Data.Sqlite.iOS", "Sphere10.Framework.Data.Sqlite.iOS\Sphere10.Framework.Data.Sqlite.iOS.csproj", "{98412F14-48F6-47C1-937B-B38642B9FE19}"
EndProject
Project("{FAE04EC0-301F-11D3-BF4B-00C04F79EFBC}") = "Sphere10.iOS", "Sphere10.iOS\Sphere10.iOS.csproj", "{548A91F4-2D21-4913-AFC9-7DC9C336F8EF}"
EndProject
Project("{FAE04EC0-301F-11D3-BF4B-00C04F79EFBC}") = "Sphere10.Framework.NUnit.iOS", "Sphere10.Framework.NUnit.iOS\Sphere10.Framework.NUnit.iOS.csproj", "{DE28E95E-2A26-460F-867D-E0003C5D5FFB}"
EndProject
Project("{2150E333-8FDC-42A3-9474-1A3956D46DE8}") = "iOS", "iOS", "{374EE44C-E804-4167-83A0-544B228FE4B1}"
EndProject
Project("{2150E333-8FDC-42A3-9474-1A3956D46DE8}") = "Android", "Android", "{137A054D-FFF4-479C-8E8E-DDD8904B717C}"
EndProject
Project("{FAE04EC0-301F-11D3-BF4B-00C04F79EFBC}") = "Sphere10.Framework.Android", "Sphere10.Framework.Android\Sphere10.Framework.Android.csproj", "{D85DC277-3302-4826-9F27-BB55ACB4DD99}"
EndProject
Project("{FAE04EC0-301F-11D3-BF4B-00C04F79EFBC}") = "Sphere10.Framework.Data.Android", "Sphere10.Framework.Data.Android\Sphere10.Framework.Data.Android.csproj", "{80ECA3FA-056C-4025-96F6-73BDB11CC6A2}"
EndProject
Project("{FAE04EC0-301F-11D3-BF4B-00C04F79EFBC}") = "Sphere10.Framework.Drawing.Android", "Sphere10.Framework.Drawing.Android\Sphere10.Framework.Drawing.Android.csproj", "{625D7516-CB63-4F2F-AA85-FAF2679E3FBB}"
EndProject
Project("{FAE04EC0-301F-11D3-BF4B-00C04F79EFBC}") = "Sphere10.Framework.Data.Sqlite.Android", "Sphere10.Framework.Data.Sqlite.Android\Sphere10.Framework.Data.Sqlite.Android.csproj", "{044052EA-799A-4987-8297-F7EF073024F1}"
EndProject
Project("{FAE04EC0-301F-11D3-BF4B-00C04F79EFBC}") = "Sphere10.Framework.NUnit.Android", "Sphere10.Framework.NUnit.Android\Sphere10.Framework.NUnit.Android.csproj", "{69D27619-6E82-41AB-8C7F-F75DAC64AED5}"
EndProject
Project("{FAE04EC0-301F-11D3-BF4B-00C04F79EFBC}") = "Sphere10.Framework.Services.Android", "Sphere10.Framework.Services.Android\Sphere10.Framework.Services.Android.csproj", "{C51BF198-B20D-477B-8024-D54779DD1981}"
EndProject
Project("{FAE04EC0-301F-11D3-BF4B-00C04F79EFBC}") = "Sphere10.Android", "Sphere10.Android\Sphere10.Android.csproj", "{1E67ACA8-8EF8-4464-9A59-2E1F0C266A3B}"
EndProject
Project("{2150E333-8FDC-42A3-9474-1A3956D46DE8}") = "WP8", "WP8", "{D7032629-5282-452D-B72E-D979B8C01774}"
EndProject
Project("{FAE04EC0-301F-11D3-BF4B-00C04F79EFBC}") = "Sphere10.Framework.WP8", "Sphere10.Framework.WP80\Sphere10.Framework.WP8.csproj", "{C6DEE5D2-818B-4309-8757-52D0AD042BA1}"
EndProject
Global
	GlobalSection(SubversionScc) = preSolution
		Svn-Managed = True
		Manager = AnkhSVN - Subversion Support for Visual Studio
	EndGlobalSection
	GlobalSection(SolutionConfigurationPlatforms) = preSolution
		Debug|Any CPU = Debug|Any CPU
		Release|Any CPU = Release|Any CPU
	EndGlobalSection
	GlobalSection(ProjectConfigurationPlatforms) = postSolution
		{BDC7755B-E7EB-4403-80A8-72AC20D8AE78}.Debug|Any CPU.ActiveCfg = Debug|Any CPU
		{BDC7755B-E7EB-4403-80A8-72AC20D8AE78}.Debug|Any CPU.Build.0 = Debug|Any CPU
		{BDC7755B-E7EB-4403-80A8-72AC20D8AE78}.Release|Any CPU.ActiveCfg = Release|Any CPU
		{BDC7755B-E7EB-4403-80A8-72AC20D8AE78}.Release|Any CPU.Build.0 = Release|Any CPU
		{965FDD75-58D7-4360-9F15-A69A2439EE91}.Debug|Any CPU.ActiveCfg = Debug|Any CPU
		{965FDD75-58D7-4360-9F15-A69A2439EE91}.Debug|Any CPU.Build.0 = Debug|Any CPU
		{965FDD75-58D7-4360-9F15-A69A2439EE91}.Release|Any CPU.ActiveCfg = Release|Any CPU
		{965FDD75-58D7-4360-9F15-A69A2439EE91}.Release|Any CPU.Build.0 = Release|Any CPU
		{ACA95282-9660-4A97-87AA-276977D674D3}.Debug|Any CPU.ActiveCfg = Debug|Any CPU
		{ACA95282-9660-4A97-87AA-276977D674D3}.Debug|Any CPU.Build.0 = Debug|Any CPU
		{ACA95282-9660-4A97-87AA-276977D674D3}.Release|Any CPU.ActiveCfg = Release|Any CPU
		{ACA95282-9660-4A97-87AA-276977D674D3}.Release|Any CPU.Build.0 = Release|Any CPU
		{908E9432-2437-47D2-9722-5A6CDFABBF54}.Debug|Any CPU.ActiveCfg = Debug|Any CPU
		{908E9432-2437-47D2-9722-5A6CDFABBF54}.Debug|Any CPU.Build.0 = Debug|Any CPU
		{908E9432-2437-47D2-9722-5A6CDFABBF54}.Release|Any CPU.ActiveCfg = Release|Any CPU
		{908E9432-2437-47D2-9722-5A6CDFABBF54}.Release|Any CPU.Build.0 = Release|Any CPU
		{98412F14-48F6-47C1-937B-B38642B9FE19}.Debug|Any CPU.ActiveCfg = Debug|Any CPU
		{98412F14-48F6-47C1-937B-B38642B9FE19}.Debug|Any CPU.Build.0 = Debug|Any CPU
		{98412F14-48F6-47C1-937B-B38642B9FE19}.Release|Any CPU.ActiveCfg = Release|Any CPU
		{98412F14-48F6-47C1-937B-B38642B9FE19}.Release|Any CPU.Build.0 = Release|Any CPU
		{548A91F4-2D21-4913-AFC9-7DC9C336F8EF}.Debug|Any CPU.ActiveCfg = Debug|Any CPU
		{548A91F4-2D21-4913-AFC9-7DC9C336F8EF}.Debug|Any CPU.Build.0 = Debug|Any CPU
		{548A91F4-2D21-4913-AFC9-7DC9C336F8EF}.Release|Any CPU.ActiveCfg = Release|Any CPU
		{548A91F4-2D21-4913-AFC9-7DC9C336F8EF}.Release|Any CPU.Build.0 = Release|Any CPU
		{DE28E95E-2A26-460F-867D-E0003C5D5FFB}.Debug|Any CPU.ActiveCfg = Debug|Any CPU
		{DE28E95E-2A26-460F-867D-E0003C5D5FFB}.Debug|Any CPU.Build.0 = Debug|Any CPU
		{DE28E95E-2A26-460F-867D-E0003C5D5FFB}.Release|Any CPU.ActiveCfg = Release|Any CPU
		{DE28E95E-2A26-460F-867D-E0003C5D5FFB}.Release|Any CPU.Build.0 = Release|Any CPU
		{D85DC277-3302-4826-9F27-BB55ACB4DD99}.Debug|Any CPU.ActiveCfg = Debug|Any CPU
		{D85DC277-3302-4826-9F27-BB55ACB4DD99}.Debug|Any CPU.Build.0 = Debug|Any CPU
		{D85DC277-3302-4826-9F27-BB55ACB4DD99}.Release|Any CPU.ActiveCfg = Release|Any CPU
		{D85DC277-3302-4826-9F27-BB55ACB4DD99}.Release|Any CPU.Build.0 = Release|Any CPU
		{80ECA3FA-056C-4025-96F6-73BDB11CC6A2}.Debug|Any CPU.ActiveCfg = Debug|Any CPU
		{80ECA3FA-056C-4025-96F6-73BDB11CC6A2}.Debug|Any CPU.Build.0 = Debug|Any CPU
		{80ECA3FA-056C-4025-96F6-73BDB11CC6A2}.Release|Any CPU.ActiveCfg = Release|Any CPU
		{80ECA3FA-056C-4025-96F6-73BDB11CC6A2}.Release|Any CPU.Build.0 = Release|Any CPU
		{625D7516-CB63-4F2F-AA85-FAF2679E3FBB}.Debug|Any CPU.ActiveCfg = Debug|Any CPU
		{625D7516-CB63-4F2F-AA85-FAF2679E3FBB}.Debug|Any CPU.Build.0 = Debug|Any CPU
		{625D7516-CB63-4F2F-AA85-FAF2679E3FBB}.Release|Any CPU.ActiveCfg = Release|Any CPU
		{625D7516-CB63-4F2F-AA85-FAF2679E3FBB}.Release|Any CPU.Build.0 = Release|Any CPU
		{044052EA-799A-4987-8297-F7EF073024F1}.Debug|Any CPU.ActiveCfg = Debug|Any CPU
		{044052EA-799A-4987-8297-F7EF073024F1}.Debug|Any CPU.Build.0 = Debug|Any CPU
		{044052EA-799A-4987-8297-F7EF073024F1}.Release|Any CPU.ActiveCfg = Release|Any CPU
		{044052EA-799A-4987-8297-F7EF073024F1}.Release|Any CPU.Build.0 = Release|Any CPU
		{69D27619-6E82-41AB-8C7F-F75DAC64AED5}.Debug|Any CPU.ActiveCfg = Debug|Any CPU
		{69D27619-6E82-41AB-8C7F-F75DAC64AED5}.Debug|Any CPU.Build.0 = Debug|Any CPU
		{69D27619-6E82-41AB-8C7F-F75DAC64AED5}.Release|Any CPU.ActiveCfg = Release|Any CPU
		{69D27619-6E82-41AB-8C7F-F75DAC64AED5}.Release|Any CPU.Build.0 = Release|Any CPU
		{C51BF198-B20D-477B-8024-D54779DD1981}.Debug|Any CPU.ActiveCfg = Debug|Any CPU
		{C51BF198-B20D-477B-8024-D54779DD1981}.Debug|Any CPU.Build.0 = Debug|Any CPU
		{C51BF198-B20D-477B-8024-D54779DD1981}.Release|Any CPU.ActiveCfg = Release|Any CPU
		{C51BF198-B20D-477B-8024-D54779DD1981}.Release|Any CPU.Build.0 = Release|Any CPU
		{1E67ACA8-8EF8-4464-9A59-2E1F0C266A3B}.Debug|Any CPU.ActiveCfg = Debug|Any CPU
		{1E67ACA8-8EF8-4464-9A59-2E1F0C266A3B}.Debug|Any CPU.Build.0 = Debug|Any CPU
		{1E67ACA8-8EF8-4464-9A59-2E1F0C266A3B}.Release|Any CPU.ActiveCfg = Release|Any CPU
		{1E67ACA8-8EF8-4464-9A59-2E1F0C266A3B}.Release|Any CPU.Build.0 = Release|Any CPU
		{C6DEE5D2-818B-4309-8757-52D0AD042BA1}.Debug|Any CPU.ActiveCfg = Debug|Any CPU
		{C6DEE5D2-818B-4309-8757-52D0AD042BA1}.Debug|Any CPU.Build.0 = Debug|Any CPU
		{C6DEE5D2-818B-4309-8757-52D0AD042BA1}.Release|Any CPU.ActiveCfg = Release|Any CPU
		{C6DEE5D2-818B-4309-8757-52D0AD042BA1}.Release|Any CPU.Build.0 = Release|Any CPU
	EndGlobalSection
	GlobalSection(SolutionProperties) = preSolution
		HideSolutionNode = FALSE
	EndGlobalSection
	GlobalSection(NestedProjects) = preSolution
		{BDC7755B-E7EB-4403-80A8-72AC20D8AE78} = {374EE44C-E804-4167-83A0-544B228FE4B1}
		{965FDD75-58D7-4360-9F15-A69A2439EE91} = {374EE44C-E804-4167-83A0-544B228FE4B1}
		{ACA95282-9660-4A97-87AA-276977D674D3} = {374EE44C-E804-4167-83A0-544B228FE4B1}
		{908E9432-2437-47D2-9722-5A6CDFABBF54} = {374EE44C-E804-4167-83A0-544B228FE4B1}
		{98412F14-48F6-47C1-937B-B38642B9FE19} = {374EE44C-E804-4167-83A0-544B228FE4B1}
		{548A91F4-2D21-4913-AFC9-7DC9C336F8EF} = {374EE44C-E804-4167-83A0-544B228FE4B1}
		{DE28E95E-2A26-460F-867D-E0003C5D5FFB} = {374EE44C-E804-4167-83A0-544B228FE4B1}
		{D85DC277-3302-4826-9F27-BB55ACB4DD99} = {137A054D-FFF4-479C-8E8E-DDD8904B717C}
		{80ECA3FA-056C-4025-96F6-73BDB11CC6A2} = {137A054D-FFF4-479C-8E8E-DDD8904B717C}
		{625D7516-CB63-4F2F-AA85-FAF2679E3FBB} = {137A054D-FFF4-479C-8E8E-DDD8904B717C}
		{044052EA-799A-4987-8297-F7EF073024F1} = {137A054D-FFF4-479C-8E8E-DDD8904B717C}
		{69D27619-6E82-41AB-8C7F-F75DAC64AED5} = {137A054D-FFF4-479C-8E8E-DDD8904B717C}
		{C51BF198-B20D-477B-8024-D54779DD1981} = {137A054D-FFF4-479C-8E8E-DDD8904B717C}
		{1E67ACA8-8EF8-4464-9A59-2E1F0C266A3B} = {137A054D-FFF4-479C-8E8E-DDD8904B717C}
		{C6DEE5D2-818B-4309-8757-52D0AD042BA1} = {D7032629-5282-452D-B72E-D979B8C01774}
	EndGlobalSection
EndGlobal
