
Microsoft Visual Studio Solution File, Format Version 11.00
# Visual Studio 2010
Project("{2150E333-8FDC-42A3-9474-1A3956D46DE8}") = "Tests", "Tests", "{AAF59104-050F-4637-99B3-68448F5A1FCD}"
EndProject
Project("{FAE04EC0-301F-11D3-BF4B-00C04F79EFBC}") = "Sphere10.Common.WinForms.Tester", "Sphere10.Common.WinForms.Tester\Sphere10.Common.WinForms.Tester.csproj", "{78AEE57E-C78F-47AD-8BCC-8D6896EBD994}"
EndProject
Project("{FAE04EC0-301F-11D3-BF4B-00C04F79EFBC}") = "Sphere10.Application.Tester", "Sphere10.Application.Tester\Sphere10.Application.Tester.csproj", "{F86A4014-1419-4678-A0EB-E49E1BAC6DBD}"
EndProject
Project("{FAE04EC0-301F-11D3-BF4B-00C04F79EFBC}") = "Sphere10.Application", "Sphere10.Application\Sphere10.Application.csproj", "{5843D59F-C8E2-4ED7-AD4C-DA55F968CB92}"
EndProject
Project("{FAE04EC0-301F-11D3-BF4B-00C04F79EFBC}") = "Sphere10.Application.Web", "Sphere10.Application.Web\Sphere10.Application.Web.csproj", "{2630A94E-03B8-4E79-80C5-0B81275AC498}"
EndProject
Project("{FAE04EC0-301F-11D3-BF4B-00C04F79EFBC}") = "Sphere10.Framework", "Sphere10.Framework\Sphere10.Framework.csproj", "{1CDD0FFB-6E00-42C3-9D77-427AB3451C0F}"
EndProject
Project("{FAE04EC0-301F-11D3-BF4B-00C04F79EFBC}") = "Sphere10.Framework.Data", "Sphere10.Framework.Data\Sphere10.Framework.Data.csproj", "{39E7ADF8-C370-4018-BDF3-AC9E8B0ABBED}"
EndProject
Project("{FAE04EC0-301F-11D3-BF4B-00C04F79EFBC}") = "Sphere10.Framework.Data.Firebird", "Sphere10.Framework.Data.Firebird\Sphere10.Framework.Data.Firebird.csproj", "{CD6601EE-DCCE-4C75-8856-1E77943011FE}"
EndProject
Project("{FAE04EC0-301F-11D3-BF4B-00C04F79EFBC}") = "Sphere10.Framework.Data.Linq2Sql", "Sphere10.Framework.Data.Linq2Sql\Sphere10.Framework.Data.Linq2Sql.csproj", "{39254EF6-F9D7-4E31-9917-0F0EC68B7DAE}"
EndProject
Project("{FAE04EC0-301F-11D3-BF4B-00C04F79EFBC}") = "Sphere10.Framework.Data.Sqlite", "Sphere10.Framework.Data.Sqlite\Sphere10.Framework.Data.Sqlite.csproj", "{09F4A297-8080-43E2-B541-0018CACD2DE2}"
EndProject
Project("{FAE04EC0-301F-11D3-BF4B-00C04F79EFBC}") = "Sphere10.Framework.Services", "Sphere10.Framework.Services\Sphere10.Framework.Services.csproj", "{4C0A9549-0792-4FA3-99B2-DAC5EF3406D7}"
EndProject
Project("{FAE04EC0-301F-11D3-BF4B-00C04F79EFBC}") = "Sphere10.Framework.Web.OSX", "Sphere10.Framework.Web.OSX\Sphere10.Framework.Web.OSX.csproj", "{4C9A83E9-7D2D-4A59-8C9D-75EADDF42A88}"
EndProject
Project("{FAE04EC0-301F-11D3-BF4B-00C04F79EFBC}") = "Sphere10.Framework.Drawing", "Sphere10.Framework.Drawing\Sphere10.Framework.Drawing.csproj", "{DF48D80D-BE17-46A0-A030-4832775F0C5D}"
EndProject
Project("{FAE04EC0-301F-11D3-BF4B-00C04F79EFBC}") = "Sphere10.Framework.Data.OSX", "Sphere10.Framework.Data.OSX\Sphere10.Framework.Data.OSX.csproj", "{4296337F-F2B3-48C0-BDF1-06E796705272}"
EndProject
Project("{FAE04EC0-301F-11D3-BF4B-00C04F79EFBC}") = "Sphere10.Framework.OSX", "Sphere10.Framework.OSX\Sphere10.Framework.OSX.csproj", "{0E479805-DAA8-408C-B4C1-C0B1A841D703}"
EndProject
Global
	GlobalSection(SolutionConfigurationPlatforms) = preSolution
		Debug|Any CPU = Debug|Any CPU
		Debug|Mixed Platforms = Debug|Mixed Platforms
		Debug|x86 = Debug|x86
		FastLoad|Any CPU = FastLoad|Any CPU
		FastLoad|Mixed Platforms = FastLoad|Mixed Platforms
		FastLoad|x86 = FastLoad|x86
		Release|Any CPU = Release|Any CPU
		Release|Mixed Platforms = Release|Mixed Platforms
		Release|x86 = Release|x86
	EndGlobalSection
	GlobalSection(ProjectConfigurationPlatforms) = postSolution
		{09F4A297-8080-43E2-B541-0018CACD2DE2}.Debug|Any CPU.ActiveCfg = Debug|Any CPU
		{09F4A297-8080-43E2-B541-0018CACD2DE2}.Debug|Any CPU.Build.0 = Debug|Any CPU
		{09F4A297-8080-43E2-B541-0018CACD2DE2}.Debug|Mixed Platforms.ActiveCfg = Debug|Any CPU
		{09F4A297-8080-43E2-B541-0018CACD2DE2}.Debug|Mixed Platforms.Build.0 = Debug|Any CPU
		{09F4A297-8080-43E2-B541-0018CACD2DE2}.Debug|x86.ActiveCfg = Debug|Any CPU
		{09F4A297-8080-43E2-B541-0018CACD2DE2}.Debug|x86.Build.0 = Debug|Any CPU
		{09F4A297-8080-43E2-B541-0018CACD2DE2}.FastLoad|Any CPU.ActiveCfg = Release|Any CPU
		{09F4A297-8080-43E2-B541-0018CACD2DE2}.FastLoad|Any CPU.Build.0 = Release|Any CPU
		{09F4A297-8080-43E2-B541-0018CACD2DE2}.FastLoad|Mixed Platforms.ActiveCfg = Release|Any CPU
		{09F4A297-8080-43E2-B541-0018CACD2DE2}.FastLoad|Mixed Platforms.Build.0 = Release|Any CPU
		{09F4A297-8080-43E2-B541-0018CACD2DE2}.FastLoad|x86.ActiveCfg = Release|Any CPU
		{09F4A297-8080-43E2-B541-0018CACD2DE2}.FastLoad|x86.Build.0 = Release|Any CPU
		{09F4A297-8080-43E2-B541-0018CACD2DE2}.Release|Any CPU.ActiveCfg = Release|Any CPU
		{09F4A297-8080-43E2-B541-0018CACD2DE2}.Release|Any CPU.Build.0 = Release|Any CPU
		{09F4A297-8080-43E2-B541-0018CACD2DE2}.Release|Mixed Platforms.ActiveCfg = Release|Any CPU
		{09F4A297-8080-43E2-B541-0018CACD2DE2}.Release|Mixed Platforms.Build.0 = Release|Any CPU
		{09F4A297-8080-43E2-B541-0018CACD2DE2}.Release|x86.ActiveCfg = Release|Any CPU
		{09F4A297-8080-43E2-B541-0018CACD2DE2}.Release|x86.Build.0 = Release|Any CPU
		{0E479805-DAA8-408C-B4C1-C0B1A841D703}.Debug|Any CPU.ActiveCfg = Debug|Any CPU
		{0E479805-DAA8-408C-B4C1-C0B1A841D703}.Debug|Any CPU.Build.0 = Debug|Any CPU
		{0E479805-DAA8-408C-B4C1-C0B1A841D703}.Debug|Mixed Platforms.ActiveCfg = Debug|Any CPU
		{0E479805-DAA8-408C-B4C1-C0B1A841D703}.Debug|Mixed Platforms.Build.0 = Debug|Any CPU
		{0E479805-DAA8-408C-B4C1-C0B1A841D703}.Debug|x86.ActiveCfg = Debug|Any CPU
		{0E479805-DAA8-408C-B4C1-C0B1A841D703}.Debug|x86.Build.0 = Debug|Any CPU
		{0E479805-DAA8-408C-B4C1-C0B1A841D703}.FastLoad|Any CPU.ActiveCfg = Release|Any CPU
		{0E479805-DAA8-408C-B4C1-C0B1A841D703}.FastLoad|Any CPU.Build.0 = Release|Any CPU
		{0E479805-DAA8-408C-B4C1-C0B1A841D703}.FastLoad|Mixed Platforms.ActiveCfg = Release|Any CPU
		{0E479805-DAA8-408C-B4C1-C0B1A841D703}.FastLoad|Mixed Platforms.Build.0 = Release|Any CPU
		{0E479805-DAA8-408C-B4C1-C0B1A841D703}.FastLoad|x86.ActiveCfg = Release|Any CPU
		{0E479805-DAA8-408C-B4C1-C0B1A841D703}.FastLoad|x86.Build.0 = Release|Any CPU
		{0E479805-DAA8-408C-B4C1-C0B1A841D703}.Release|Any CPU.ActiveCfg = Release|Any CPU
		{0E479805-DAA8-408C-B4C1-C0B1A841D703}.Release|Any CPU.Build.0 = Release|Any CPU
		{0E479805-DAA8-408C-B4C1-C0B1A841D703}.Release|Mixed Platforms.ActiveCfg = Release|Any CPU
		{0E479805-DAA8-408C-B4C1-C0B1A841D703}.Release|Mixed Platforms.Build.0 = Release|Any CPU
		{0E479805-DAA8-408C-B4C1-C0B1A841D703}.Release|x86.ActiveCfg = Release|Any CPU
		{0E479805-DAA8-408C-B4C1-C0B1A841D703}.Release|x86.Build.0 = Release|Any CPU
		{1CDD0FFB-6E00-42C3-9D77-427AB3451C0F}.Debug|Any CPU.ActiveCfg = Debug|Any CPU
		{1CDD0FFB-6E00-42C3-9D77-427AB3451C0F}.Debug|Any CPU.Build.0 = Debug|Any CPU
		{1CDD0FFB-6E00-42C3-9D77-427AB3451C0F}.Debug|Mixed Platforms.ActiveCfg = Debug|Any CPU
		{1CDD0FFB-6E00-42C3-9D77-427AB3451C0F}.Debug|Mixed Platforms.Build.0 = Debug|Any CPU
		{1CDD0FFB-6E00-42C3-9D77-427AB3451C0F}.Debug|x86.ActiveCfg = Debug|x86
		{1CDD0FFB-6E00-42C3-9D77-427AB3451C0F}.Debug|x86.Build.0 = Debug|x86
		{1CDD0FFB-6E00-42C3-9D77-427AB3451C0F}.FastLoad|Any CPU.ActiveCfg = Release|x86
		{1CDD0FFB-6E00-42C3-9D77-427AB3451C0F}.FastLoad|Any CPU.Build.0 = Release|x86
		{1CDD0FFB-6E00-42C3-9D77-427AB3451C0F}.FastLoad|Mixed Platforms.ActiveCfg = Release|x86
		{1CDD0FFB-6E00-42C3-9D77-427AB3451C0F}.FastLoad|Mixed Platforms.Build.0 = Release|x86
		{1CDD0FFB-6E00-42C3-9D77-427AB3451C0F}.FastLoad|x86.ActiveCfg = Release|x86
		{1CDD0FFB-6E00-42C3-9D77-427AB3451C0F}.FastLoad|x86.Build.0 = Release|x86
		{1CDD0FFB-6E00-42C3-9D77-427AB3451C0F}.Release|Any CPU.ActiveCfg = Release|Any CPU
		{1CDD0FFB-6E00-42C3-9D77-427AB3451C0F}.Release|Any CPU.Build.0 = Release|Any CPU
		{1CDD0FFB-6E00-42C3-9D77-427AB3451C0F}.Release|Mixed Platforms.ActiveCfg = Release|Any CPU
		{1CDD0FFB-6E00-42C3-9D77-427AB3451C0F}.Release|Mixed Platforms.Build.0 = Release|Any CPU
		{1CDD0FFB-6E00-42C3-9D77-427AB3451C0F}.Release|x86.ActiveCfg = Release|x86
		{1CDD0FFB-6E00-42C3-9D77-427AB3451C0F}.Release|x86.Build.0 = Release|x86
		{2630A94E-03B8-4E79-80C5-0B81275AC498}.Debug|Any CPU.ActiveCfg = Debug|Any CPU
		{2630A94E-03B8-4E79-80C5-0B81275AC498}.Debug|Any CPU.Build.0 = Debug|Any CPU
		{2630A94E-03B8-4E79-80C5-0B81275AC498}.Debug|Mixed Platforms.ActiveCfg = Debug|Any CPU
		{2630A94E-03B8-4E79-80C5-0B81275AC498}.Debug|Mixed Platforms.Build.0 = Debug|Any CPU
		{2630A94E-03B8-4E79-80C5-0B81275AC498}.Debug|x86.ActiveCfg = Debug|Any CPU
		{2630A94E-03B8-4E79-80C5-0B81275AC498}.FastLoad|Any CPU.ActiveCfg = Release|Any CPU
		{2630A94E-03B8-4E79-80C5-0B81275AC498}.FastLoad|Any CPU.Build.0 = Release|Any CPU
		{2630A94E-03B8-4E79-80C5-0B81275AC498}.FastLoad|Mixed Platforms.ActiveCfg = Release|Any CPU
		{2630A94E-03B8-4E79-80C5-0B81275AC498}.FastLoad|Mixed Platforms.Build.0 = Release|Any CPU
		{2630A94E-03B8-4E79-80C5-0B81275AC498}.FastLoad|x86.ActiveCfg = Release|Any CPU
		{2630A94E-03B8-4E79-80C5-0B81275AC498}.Release|Any CPU.ActiveCfg = Release|Any CPU
		{2630A94E-03B8-4E79-80C5-0B81275AC498}.Release|Any CPU.Build.0 = Release|Any CPU
		{2630A94E-03B8-4E79-80C5-0B81275AC498}.Release|Mixed Platforms.ActiveCfg = Release|Any CPU
		{2630A94E-03B8-4E79-80C5-0B81275AC498}.Release|Mixed Platforms.Build.0 = Release|Any CPU
		{2630A94E-03B8-4E79-80C5-0B81275AC498}.Release|x86.ActiveCfg = Release|Any CPU
		{39254EF6-F9D7-4E31-9917-0F0EC68B7DAE}.Debug|Any CPU.ActiveCfg = Debug|Any CPU
		{39254EF6-F9D7-4E31-9917-0F0EC68B7DAE}.Debug|Any CPU.Build.0 = Debug|Any CPU
		{39254EF6-F9D7-4E31-9917-0F0EC68B7DAE}.Debug|Mixed Platforms.ActiveCfg = Debug|Any CPU
		{39254EF6-F9D7-4E31-9917-0F0EC68B7DAE}.Debug|Mixed Platforms.Build.0 = Debug|Any CPU
		{39254EF6-F9D7-4E31-9917-0F0EC68B7DAE}.Debug|x86.ActiveCfg = Debug|Any CPU
		{39254EF6-F9D7-4E31-9917-0F0EC68B7DAE}.Debug|x86.Build.0 = Debug|Any CPU
		{39254EF6-F9D7-4E31-9917-0F0EC68B7DAE}.FastLoad|Any CPU.ActiveCfg = Release|Any CPU
		{39254EF6-F9D7-4E31-9917-0F0EC68B7DAE}.FastLoad|Any CPU.Build.0 = Release|Any CPU
		{39254EF6-F9D7-4E31-9917-0F0EC68B7DAE}.FastLoad|Mixed Platforms.ActiveCfg = Release|Any CPU
		{39254EF6-F9D7-4E31-9917-0F0EC68B7DAE}.FastLoad|Mixed Platforms.Build.0 = Release|Any CPU
		{39254EF6-F9D7-4E31-9917-0F0EC68B7DAE}.FastLoad|x86.ActiveCfg = Release|Any CPU
		{39254EF6-F9D7-4E31-9917-0F0EC68B7DAE}.FastLoad|x86.Build.0 = Release|Any CPU
		{39254EF6-F9D7-4E31-9917-0F0EC68B7DAE}.Release|Any CPU.ActiveCfg = Release|Any CPU
		{39254EF6-F9D7-4E31-9917-0F0EC68B7DAE}.Release|Any CPU.Build.0 = Release|Any CPU
		{39254EF6-F9D7-4E31-9917-0F0EC68B7DAE}.Release|Mixed Platforms.ActiveCfg = Release|Any CPU
		{39254EF6-F9D7-4E31-9917-0F0EC68B7DAE}.Release|Mixed Platforms.Build.0 = Release|Any CPU
		{39254EF6-F9D7-4E31-9917-0F0EC68B7DAE}.Release|x86.ActiveCfg = Release|Any CPU
		{39254EF6-F9D7-4E31-9917-0F0EC68B7DAE}.Release|x86.Build.0 = Release|Any CPU
		{39E7ADF8-C370-4018-BDF3-AC9E8B0ABBED}.Debug|Any CPU.ActiveCfg = Debug|Any CPU
		{39E7ADF8-C370-4018-BDF3-AC9E8B0ABBED}.Debug|Any CPU.Build.0 = Debug|Any CPU
		{39E7ADF8-C370-4018-BDF3-AC9E8B0ABBED}.Debug|Mixed Platforms.ActiveCfg = Debug|Any CPU
		{39E7ADF8-C370-4018-BDF3-AC9E8B0ABBED}.Debug|Mixed Platforms.Build.0 = Debug|Any CPU
		{39E7ADF8-C370-4018-BDF3-AC9E8B0ABBED}.Debug|x86.ActiveCfg = Debug|Any CPU
		{39E7ADF8-C370-4018-BDF3-AC9E8B0ABBED}.Debug|x86.Build.0 = Debug|Any CPU
		{39E7ADF8-C370-4018-BDF3-AC9E8B0ABBED}.FastLoad|Any CPU.ActiveCfg = Release|Any CPU
		{39E7ADF8-C370-4018-BDF3-AC9E8B0ABBED}.FastLoad|Any CPU.Build.0 = Release|Any CPU
		{39E7ADF8-C370-4018-BDF3-AC9E8B0ABBED}.FastLoad|Mixed Platforms.ActiveCfg = Release|Any CPU
		{39E7ADF8-C370-4018-BDF3-AC9E8B0ABBED}.FastLoad|Mixed Platforms.Build.0 = Release|Any CPU
		{39E7ADF8-C370-4018-BDF3-AC9E8B0ABBED}.FastLoad|x86.ActiveCfg = Release|Any CPU
		{39E7ADF8-C370-4018-BDF3-AC9E8B0ABBED}.FastLoad|x86.Build.0 = Release|Any CPU
		{39E7ADF8-C370-4018-BDF3-AC9E8B0ABBED}.Release|Any CPU.ActiveCfg = Release|Any CPU
		{39E7ADF8-C370-4018-BDF3-AC9E8B0ABBED}.Release|Any CPU.Build.0 = Release|Any CPU
		{39E7ADF8-C370-4018-BDF3-AC9E8B0ABBED}.Release|Mixed Platforms.ActiveCfg = Release|Any CPU
		{39E7ADF8-C370-4018-BDF3-AC9E8B0ABBED}.Release|Mixed Platforms.Build.0 = Release|Any CPU
		{39E7ADF8-C370-4018-BDF3-AC9E8B0ABBED}.Release|x86.ActiveCfg = Release|Any CPU
		{39E7ADF8-C370-4018-BDF3-AC9E8B0ABBED}.Release|x86.Build.0 = Release|Any CPU
		{4296337F-F2B3-48C0-BDF1-06E796705272}.Debug|Any CPU.ActiveCfg = Debug|Any CPU
		{4296337F-F2B3-48C0-BDF1-06E796705272}.Debug|Any CPU.Build.0 = Debug|Any CPU
		{4296337F-F2B3-48C0-BDF1-06E796705272}.Debug|Mixed Platforms.ActiveCfg = Debug|Any CPU
		{4296337F-F2B3-48C0-BDF1-06E796705272}.Debug|Mixed Platforms.Build.0 = Debug|Any CPU
		{4296337F-F2B3-48C0-BDF1-06E796705272}.Debug|x86.ActiveCfg = Debug|Any CPU
		{4296337F-F2B3-48C0-BDF1-06E796705272}.Debug|x86.Build.0 = Debug|Any CPU
		{4296337F-F2B3-48C0-BDF1-06E796705272}.FastLoad|Any CPU.ActiveCfg = Release|Any CPU
		{4296337F-F2B3-48C0-BDF1-06E796705272}.FastLoad|Any CPU.Build.0 = Release|Any CPU
		{4296337F-F2B3-48C0-BDF1-06E796705272}.FastLoad|Mixed Platforms.ActiveCfg = Release|Any CPU
		{4296337F-F2B3-48C0-BDF1-06E796705272}.FastLoad|Mixed Platforms.Build.0 = Release|Any CPU
		{4296337F-F2B3-48C0-BDF1-06E796705272}.FastLoad|x86.ActiveCfg = Release|Any CPU
		{4296337F-F2B3-48C0-BDF1-06E796705272}.FastLoad|x86.Build.0 = Release|Any CPU
		{4296337F-F2B3-48C0-BDF1-06E796705272}.Release|Any CPU.ActiveCfg = Release|Any CPU
		{4296337F-F2B3-48C0-BDF1-06E796705272}.Release|Any CPU.Build.0 = Release|Any CPU
		{4296337F-F2B3-48C0-BDF1-06E796705272}.Release|Mixed Platforms.ActiveCfg = Release|Any CPU
		{4296337F-F2B3-48C0-BDF1-06E796705272}.Release|Mixed Platforms.Build.0 = Release|Any CPU
		{4296337F-F2B3-48C0-BDF1-06E796705272}.Release|x86.ActiveCfg = Release|Any CPU
		{4296337F-F2B3-48C0-BDF1-06E796705272}.Release|x86.Build.0 = Release|Any CPU
		{4C0A9549-0792-4FA3-99B2-DAC5EF3406D7}.Debug|Any CPU.ActiveCfg = Debug|Any CPU
		{4C0A9549-0792-4FA3-99B2-DAC5EF3406D7}.Debug|Any CPU.Build.0 = Debug|Any CPU
		{4C0A9549-0792-4FA3-99B2-DAC5EF3406D7}.Debug|Mixed Platforms.ActiveCfg = Debug|Any CPU
		{4C0A9549-0792-4FA3-99B2-DAC5EF3406D7}.Debug|Mixed Platforms.Build.0 = Debug|Any CPU
		{4C0A9549-0792-4FA3-99B2-DAC5EF3406D7}.Debug|x86.ActiveCfg = Debug|Any CPU
		{4C0A9549-0792-4FA3-99B2-DAC5EF3406D7}.Debug|x86.Build.0 = Debug|Any CPU
		{4C0A9549-0792-4FA3-99B2-DAC5EF3406D7}.FastLoad|Any CPU.ActiveCfg = Release|Any CPU
		{4C0A9549-0792-4FA3-99B2-DAC5EF3406D7}.FastLoad|Any CPU.Build.0 = Release|Any CPU
		{4C0A9549-0792-4FA3-99B2-DAC5EF3406D7}.FastLoad|Mixed Platforms.ActiveCfg = Release|Any CPU
		{4C0A9549-0792-4FA3-99B2-DAC5EF3406D7}.FastLoad|Mixed Platforms.Build.0 = Release|Any CPU
		{4C0A9549-0792-4FA3-99B2-DAC5EF3406D7}.FastLoad|x86.ActiveCfg = Release|Any CPU
		{4C0A9549-0792-4FA3-99B2-DAC5EF3406D7}.FastLoad|x86.Build.0 = Release|Any CPU
		{4C0A9549-0792-4FA3-99B2-DAC5EF3406D7}.Release|Any CPU.ActiveCfg = Release|Any CPU
		{4C0A9549-0792-4FA3-99B2-DAC5EF3406D7}.Release|Any CPU.Build.0 = Release|Any CPU
		{4C0A9549-0792-4FA3-99B2-DAC5EF3406D7}.Release|Mixed Platforms.ActiveCfg = Release|Any CPU
		{4C0A9549-0792-4FA3-99B2-DAC5EF3406D7}.Release|Mixed Platforms.Build.0 = Release|Any CPU
		{4C0A9549-0792-4FA3-99B2-DAC5EF3406D7}.Release|x86.ActiveCfg = Release|Any CPU
		{4C0A9549-0792-4FA3-99B2-DAC5EF3406D7}.Release|x86.Build.0 = Release|Any CPU
		{4C9A83E9-7D2D-4A59-8C9D-75EADDF42A88}.Debug|Any CPU.ActiveCfg = Debug|Any CPU
		{4C9A83E9-7D2D-4A59-8C9D-75EADDF42A88}.Debug|Any CPU.Build.0 = Debug|Any CPU
		{4C9A83E9-7D2D-4A59-8C9D-75EADDF42A88}.Debug|Mixed Platforms.ActiveCfg = Debug|Any CPU
		{4C9A83E9-7D2D-4A59-8C9D-75EADDF42A88}.Debug|Mixed Platforms.Build.0 = Debug|Any CPU
		{4C9A83E9-7D2D-4A59-8C9D-75EADDF42A88}.Debug|x86.ActiveCfg = Debug|Any CPU
		{4C9A83E9-7D2D-4A59-8C9D-75EADDF42A88}.Debug|x86.Build.0 = Debug|Any CPU
		{4C9A83E9-7D2D-4A59-8C9D-75EADDF42A88}.FastLoad|Any CPU.ActiveCfg = Release|Any CPU
		{4C9A83E9-7D2D-4A59-8C9D-75EADDF42A88}.FastLoad|Any CPU.Build.0 = Release|Any CPU
		{4C9A83E9-7D2D-4A59-8C9D-75EADDF42A88}.FastLoad|Mixed Platforms.ActiveCfg = Release|Any CPU
		{4C9A83E9-7D2D-4A59-8C9D-75EADDF42A88}.FastLoad|Mixed Platforms.Build.0 = Release|Any CPU
		{4C9A83E9-7D2D-4A59-8C9D-75EADDF42A88}.FastLoad|x86.ActiveCfg = Release|Any CPU
		{4C9A83E9-7D2D-4A59-8C9D-75EADDF42A88}.FastLoad|x86.Build.0 = Release|Any CPU
		{4C9A83E9-7D2D-4A59-8C9D-75EADDF42A88}.Release|Any CPU.ActiveCfg = Release|Any CPU
		{4C9A83E9-7D2D-4A59-8C9D-75EADDF42A88}.Release|Any CPU.Build.0 = Release|Any CPU
		{4C9A83E9-7D2D-4A59-8C9D-75EADDF42A88}.Release|Mixed Platforms.ActiveCfg = Release|Any CPU
		{4C9A83E9-7D2D-4A59-8C9D-75EADDF42A88}.Release|Mixed Platforms.Build.0 = Release|Any CPU
		{4C9A83E9-7D2D-4A59-8C9D-75EADDF42A88}.Release|x86.ActiveCfg = Release|Any CPU
		{4C9A83E9-7D2D-4A59-8C9D-75EADDF42A88}.Release|x86.Build.0 = Release|Any CPU
		{5843D59F-C8E2-4ED7-AD4C-DA55F968CB92}.Debug|Any CPU.ActiveCfg = Debug|Any CPU
		{5843D59F-C8E2-4ED7-AD4C-DA55F968CB92}.Debug|Any CPU.Build.0 = Debug|Any CPU
		{5843D59F-C8E2-4ED7-AD4C-DA55F968CB92}.Debug|Mixed Platforms.ActiveCfg = Debug|Any CPU
		{5843D59F-C8E2-4ED7-AD4C-DA55F968CB92}.Debug|Mixed Platforms.Build.0 = Debug|Any CPU
		{5843D59F-C8E2-4ED7-AD4C-DA55F968CB92}.Debug|x86.ActiveCfg = Debug|Any CPU
		{5843D59F-C8E2-4ED7-AD4C-DA55F968CB92}.FastLoad|Any CPU.ActiveCfg = Release|Any CPU
		{5843D59F-C8E2-4ED7-AD4C-DA55F968CB92}.FastLoad|Any CPU.Build.0 = Release|Any CPU
		{5843D59F-C8E2-4ED7-AD4C-DA55F968CB92}.FastLoad|Mixed Platforms.ActiveCfg = Release|Any CPU
		{5843D59F-C8E2-4ED7-AD4C-DA55F968CB92}.FastLoad|Mixed Platforms.Build.0 = Release|Any CPU
		{5843D59F-C8E2-4ED7-AD4C-DA55F968CB92}.FastLoad|x86.ActiveCfg = Release|Any CPU
		{5843D59F-C8E2-4ED7-AD4C-DA55F968CB92}.Release|Any CPU.ActiveCfg = Release|Any CPU
		{5843D59F-C8E2-4ED7-AD4C-DA55F968CB92}.Release|Any CPU.Build.0 = Release|Any CPU
		{5843D59F-C8E2-4ED7-AD4C-DA55F968CB92}.Release|Mixed Platforms.ActiveCfg = Release|Any CPU
		{5843D59F-C8E2-4ED7-AD4C-DA55F968CB92}.Release|Mixed Platforms.Build.0 = Release|Any CPU
		{5843D59F-C8E2-4ED7-AD4C-DA55F968CB92}.Release|x86.ActiveCfg = Release|Any CPU
		{78AEE57E-C78F-47AD-8BCC-8D6896EBD994}.Debug|Any CPU.ActiveCfg = Debug|x86
		{78AEE57E-C78F-47AD-8BCC-8D6896EBD994}.Debug|Mixed Platforms.ActiveCfg = Debug|x86
		{78AEE57E-C78F-47AD-8BCC-8D6896EBD994}.Debug|Mixed Platforms.Build.0 = Debug|x86
		{78AEE57E-C78F-47AD-8BCC-8D6896EBD994}.Debug|x86.ActiveCfg = Debug|x86
		{78AEE57E-C78F-47AD-8BCC-8D6896EBD994}.Debug|x86.Build.0 = Debug|x86
		{78AEE57E-C78F-47AD-8BCC-8D6896EBD994}.FastLoad|Any CPU.ActiveCfg = Release|x86
		{78AEE57E-C78F-47AD-8BCC-8D6896EBD994}.FastLoad|Mixed Platforms.ActiveCfg = Release|x86
		{78AEE57E-C78F-47AD-8BCC-8D6896EBD994}.FastLoad|Mixed Platforms.Build.0 = Release|x86
		{78AEE57E-C78F-47AD-8BCC-8D6896EBD994}.FastLoad|x86.ActiveCfg = Release|x86
		{78AEE57E-C78F-47AD-8BCC-8D6896EBD994}.FastLoad|x86.Build.0 = Release|x86
		{78AEE57E-C78F-47AD-8BCC-8D6896EBD994}.Release|Any CPU.ActiveCfg = Release|x86
		{78AEE57E-C78F-47AD-8BCC-8D6896EBD994}.Release|Mixed Platforms.ActiveCfg = Release|x86
		{78AEE57E-C78F-47AD-8BCC-8D6896EBD994}.Release|Mixed Platforms.Build.0 = Release|x86
		{78AEE57E-C78F-47AD-8BCC-8D6896EBD994}.Release|x86.ActiveCfg = Release|x86
		{78AEE57E-C78F-47AD-8BCC-8D6896EBD994}.Release|x86.Build.0 = Release|x86
		{CD6601EE-DCCE-4C75-8856-1E77943011FE}.Debug|Any CPU.ActiveCfg = Debug|Any CPU
		{CD6601EE-DCCE-4C75-8856-1E77943011FE}.Debug|Any CPU.Build.0 = Debug|Any CPU
		{CD6601EE-DCCE-4C75-8856-1E77943011FE}.Debug|Mixed Platforms.ActiveCfg = Debug|Any CPU
		{CD6601EE-DCCE-4C75-8856-1E77943011FE}.Debug|Mixed Platforms.Build.0 = Debug|Any CPU
		{CD6601EE-DCCE-4C75-8856-1E77943011FE}.Debug|x86.ActiveCfg = Debug|Any CPU
		{CD6601EE-DCCE-4C75-8856-1E77943011FE}.Debug|x86.Build.0 = Debug|Any CPU
		{CD6601EE-DCCE-4C75-8856-1E77943011FE}.FastLoad|Any CPU.ActiveCfg = Release|Any CPU
		{CD6601EE-DCCE-4C75-8856-1E77943011FE}.FastLoad|Any CPU.Build.0 = Release|Any CPU
		{CD6601EE-DCCE-4C75-8856-1E77943011FE}.FastLoad|Mixed Platforms.ActiveCfg = Release|Any CPU
		{CD6601EE-DCCE-4C75-8856-1E77943011FE}.FastLoad|Mixed Platforms.Build.0 = Release|Any CPU
		{CD6601EE-DCCE-4C75-8856-1E77943011FE}.FastLoad|x86.ActiveCfg = Release|Any CPU
		{CD6601EE-DCCE-4C75-8856-1E77943011FE}.FastLoad|x86.Build.0 = Release|Any CPU
		{CD6601EE-DCCE-4C75-8856-1E77943011FE}.Release|Any CPU.ActiveCfg = Release|Any CPU
		{CD6601EE-DCCE-4C75-8856-1E77943011FE}.Release|Any CPU.Build.0 = Release|Any CPU
		{CD6601EE-DCCE-4C75-8856-1E77943011FE}.Release|Mixed Platforms.ActiveCfg = Release|Any CPU
		{CD6601EE-DCCE-4C75-8856-1E77943011FE}.Release|Mixed Platforms.Build.0 = Release|Any CPU
		{CD6601EE-DCCE-4C75-8856-1E77943011FE}.Release|x86.ActiveCfg = Release|Any CPU
		{CD6601EE-DCCE-4C75-8856-1E77943011FE}.Release|x86.Build.0 = Release|Any CPU
		{DF48D80D-BE17-46A0-A030-4832775F0C5D}.Debug|Any CPU.ActiveCfg = Debug|Any CPU
		{DF48D80D-BE17-46A0-A030-4832775F0C5D}.Debug|Any CPU.Build.0 = Debug|Any CPU
		{DF48D80D-BE17-46A0-A030-4832775F0C5D}.Debug|Mixed Platforms.ActiveCfg = Debug|Any CPU
		{DF48D80D-BE17-46A0-A030-4832775F0C5D}.Debug|Mixed Platforms.Build.0 = Debug|Any CPU
		{DF48D80D-BE17-46A0-A030-4832775F0C5D}.Debug|x86.ActiveCfg = Debug|x86
		{DF48D80D-BE17-46A0-A030-4832775F0C5D}.Debug|x86.Build.0 = Debug|x86
		{DF48D80D-BE17-46A0-A030-4832775F0C5D}.FastLoad|Any CPU.ActiveCfg = Release|x86
		{DF48D80D-BE17-46A0-A030-4832775F0C5D}.FastLoad|Any CPU.Build.0 = Release|x86
		{DF48D80D-BE17-46A0-A030-4832775F0C5D}.FastLoad|Mixed Platforms.ActiveCfg = Release|x86
		{DF48D80D-BE17-46A0-A030-4832775F0C5D}.FastLoad|Mixed Platforms.Build.0 = Release|x86
		{DF48D80D-BE17-46A0-A030-4832775F0C5D}.FastLoad|x86.ActiveCfg = Release|x86
		{DF48D80D-BE17-46A0-A030-4832775F0C5D}.FastLoad|x86.Build.0 = Release|x86
		{DF48D80D-BE17-46A0-A030-4832775F0C5D}.Release|Any CPU.ActiveCfg = Release|Any CPU
		{DF48D80D-BE17-46A0-A030-4832775F0C5D}.Release|Any CPU.Build.0 = Release|Any CPU
		{DF48D80D-BE17-46A0-A030-4832775F0C5D}.Release|Mixed Platforms.ActiveCfg = Release|Any CPU
		{DF48D80D-BE17-46A0-A030-4832775F0C5D}.Release|Mixed Platforms.Build.0 = Release|Any CPU
		{DF48D80D-BE17-46A0-A030-4832775F0C5D}.Release|x86.ActiveCfg = Release|x86
		{DF48D80D-BE17-46A0-A030-4832775F0C5D}.Release|x86.Build.0 = Release|x86
		{F86A4014-1419-4678-A0EB-E49E1BAC6DBD}.Debug|Any CPU.ActiveCfg = Debug|x86
		{F86A4014-1419-4678-A0EB-E49E1BAC6DBD}.Debug|Mixed Platforms.ActiveCfg = Debug|x86
		{F86A4014-1419-4678-A0EB-E49E1BAC6DBD}.Debug|Mixed Platforms.Build.0 = Debug|x86
		{F86A4014-1419-4678-A0EB-E49E1BAC6DBD}.Debug|x86.ActiveCfg = Debug|x86
		{F86A4014-1419-4678-A0EB-E49E1BAC6DBD}.Debug|x86.Build.0 = Debug|x86
		{F86A4014-1419-4678-A0EB-E49E1BAC6DBD}.FastLoad|Any CPU.ActiveCfg = Release|x86
		{F86A4014-1419-4678-A0EB-E49E1BAC6DBD}.FastLoad|Mixed Platforms.ActiveCfg = Release|x86
		{F86A4014-1419-4678-A0EB-E49E1BAC6DBD}.FastLoad|Mixed Platforms.Build.0 = Release|x86
		{F86A4014-1419-4678-A0EB-E49E1BAC6DBD}.FastLoad|x86.ActiveCfg = Release|x86
		{F86A4014-1419-4678-A0EB-E49E1BAC6DBD}.FastLoad|x86.Build.0 = Release|x86
		{F86A4014-1419-4678-A0EB-E49E1BAC6DBD}.Release|Any CPU.ActiveCfg = Release|x86
		{F86A4014-1419-4678-A0EB-E49E1BAC6DBD}.Release|Mixed Platforms.ActiveCfg = Release|x86
		{F86A4014-1419-4678-A0EB-E49E1BAC6DBD}.Release|Mixed Platforms.Build.0 = Release|x86
		{F86A4014-1419-4678-A0EB-E49E1BAC6DBD}.Release|x86.ActiveCfg = Release|x86
		{F86A4014-1419-4678-A0EB-E49E1BAC6DBD}.Release|x86.Build.0 = Release|x86
	EndGlobalSection
	GlobalSection(NestedProjects) = preSolution
		{78AEE57E-C78F-47AD-8BCC-8D6896EBD994} = {AAF59104-050F-4637-99B3-68448F5A1FCD}
		{F86A4014-1419-4678-A0EB-E49E1BAC6DBD} = {AAF59104-050F-4637-99B3-68448F5A1FCD}
	EndGlobalSection
	GlobalSection(MonoDevelopProperties) = preSolution
		StartupItem = Sphere10.Common.WinForms.Tester\Sphere10.Common.WinForms.Tester.csproj
	EndGlobalSection
	GlobalSection(SubversionScc) = preSolution
		Svn-Managed = True
		Manager = AnkhSVN - Subversion Support for Visual Studio
	EndGlobalSection
	GlobalSection(SolutionProperties) = preSolution
		HideSolutionNode = FALSE
	EndGlobalSection
EndGlobal
