
Microsoft Visual Studio Solution File, Format Version 12.00
# Visual Studio 14
VisualStudioVersion = 14.0.25420.1
MinimumVisualStudioVersion = 10.0.40219.1
Project("{2150E333-8FDC-42A3-9474-1A3956D46DE8}") = "Tests", "Tests", "{AAF59104-050F-4637-99B3-68448F5A1FCD}"
EndProject
Project("{FAE04EC0-301F-11D3-BF4B-00C04F79EFBC}") = "Sphere10.Application", "Sphere10.Application\Sphere10.Application.csproj", "{5843D59F-C8E2-4ED7-AD4C-DA55F968CB92}"
EndProject
Project("{FAE04EC0-301F-11D3-BF4B-00C04F79EFBC}") = "Sphere10.Application.WinForms", "Sphere10.Application.WinForms\Sphere10.Application.WinForms.csproj", "{2D74CAF0-F9B0-4010-91CB-15578916BC1C}"
EndProject
Project("{FAE04EC0-301F-11D3-BF4B-00C04F79EFBC}") = "Sphere10.Application.Web", "Sphere10.Application.Web\Sphere10.Application.Web.csproj", "{2630A94E-03B8-4E79-80C5-0B81275AC498}"
EndProject
Project("{FAE04EC0-301F-11D3-BF4B-00C04F79EFBC}") = "Sphere10.Framework", "Sphere10.Framework\Sphere10.Framework.csproj", "{1CDD0FFB-6E00-42C3-9D77-427AB3451C0F}"
EndProject
Project("{FAE04EC0-301F-11D3-BF4B-00C04F79EFBC}") = "Sphere10.Framework.Data", "Sphere10.Framework.Data\Sphere10.Framework.Data.csproj", "{39E7ADF8-C370-4018-BDF3-AC9E8B0ABBED}"
EndProject
Project("{FAE04EC0-301F-11D3-BF4B-00C04F79EFBC}") = "Sphere10.Framework.Web", "Sphere10.Framework.Web\Sphere10.Framework.Web.csproj", "{E0CD802D-75FC-4E99-B65C-84E6C558BF46}"
EndProject
Project("{FAE04EC0-301F-11D3-BF4B-00C04F79EFBC}") = "Sphere10.Application.Tester", "Sphere10.Application.Tester\Sphere10.Application.Tester.csproj", "{F86A4014-1419-4678-A0EB-E49E1BAC6DBD}"
EndProject
Project("{FAE04EC0-301F-11D3-BF4B-00C04F79EFBC}") = "Sphere10.Framework.Drawing", "Sphere10.Framework.Drawing\Sphere10.Framework.Drawing.csproj", "{DF48D80D-BE17-46A0-A030-4832775F0C5D}"
EndProject
Project("{FAE04EC0-301F-11D3-BF4B-00C04F79EFBC}") = "Sphere10.Framework.DirectX", "Sphere10.Framework.DirectX\Sphere10.Framework.DirectX.csproj", "{31659AC6-26E9-4031-A26B-122C655583FA}"
EndProject
Project("{2150E333-8FDC-42A3-9474-1A3956D46DE8}") = "3rdParty", "3rdParty", "{5CCC3053-70FA-4AE6-B418-FB0B50375B81}"
EndProject
Project("{2150E333-8FDC-42A3-9474-1A3956D46DE8}") = "DirectShow.NET-2.1", "DirectShow.NET-2.1", "{A37378EA-439F-47C9-99D7-975FBA1ECBFE}"
	ProjectSection(SolutionItems) = preProject
		..\3rdParty\DirectShow.NET-2.1\license.txt = ..\3rdParty\DirectShow.NET-2.1\license.txt
		..\3rdParty\DirectShow.NET-2.1\readme.txt = ..\3rdParty\DirectShow.NET-2.1\readme.txt
		..\3rdParty\DirectShow.NET-2.1\WhatsNew.txt = ..\3rdParty\DirectShow.NET-2.1\WhatsNew.txt
	EndProjectSection
EndProject
Project("{2150E333-8FDC-42A3-9474-1A3956D46DE8}") = "NUnit-2.6.0.12051", "NUnit-2.6.0.12051", "{BA3F5090-630A-49D9-8C9D-CEA43B75F664}"
	ProjectSection(SolutionItems) = preProject
		..\3rdParty\NUnit-2.6.0.12051\license.txt = ..\3rdParty\NUnit-2.6.0.12051\license.txt
		..\3rdParty\NUnit-2.6.0.12051\Logo.ico = ..\3rdParty\NUnit-2.6.0.12051\Logo.ico
	EndProjectSection
EndProject
Project("{2150E333-8FDC-42A3-9474-1A3956D46DE8}") = "lib", "lib", "{BF561D19-859E-479B-B596-5A0653E8F878}"
	ProjectSection(SolutionItems) = preProject
		..\3rdParty\DirectShow.NET-2.1\lib\DirectShowLib-2005.dll = ..\3rdParty\DirectShow.NET-2.1\lib\DirectShowLib-2005.dll
	EndProjectSection
EndProject
Project("{2150E333-8FDC-42A3-9474-1A3956D46DE8}") = "docs", "docs", "{402938DA-A960-48D6-9DA3-742479B0ACAB}"
	ProjectSection(SolutionItems) = preProject
		..\3rdParty\DirectShow.NET-2.1\Docs\interfaces.txt = ..\3rdParty\DirectShow.NET-2.1\Docs\interfaces.txt
		..\3rdParty\DirectShow.NET-2.1\Docs\LisezMoi.rtf = ..\3rdParty\DirectShow.NET-2.1\Docs\LisezMoi.rtf
		..\3rdParty\DirectShow.NET-2.1\Docs\Mixing Unmanaged & Managed Direct3D.rtf = ..\3rdParty\DirectShow.NET-2.1\Docs\Mixing Unmanaged & Managed Direct3D.rtf
		..\3rdParty\DirectShow.NET-2.1\Docs\ReadMe.rtf = ..\3rdParty\DirectShow.NET-2.1\Docs\ReadMe.rtf
	EndProjectSection
EndProject
Project("{2150E333-8FDC-42A3-9474-1A3956D46DE8}") = "src", "src", "{9F2FD661-70B6-415C-96DE-BE2222A7F972}"
	ProjectSection(SolutionItems) = preProject
		..\3rdParty\DirectShow.NET-2.1\src\amstream.cs = ..\3rdParty\DirectShow.NET-2.1\src\amstream.cs
		..\3rdParty\DirectShow.NET-2.1\src\amvideo.cs = ..\3rdParty\DirectShow.NET-2.1\src\amvideo.cs
		..\3rdParty\DirectShow.NET-2.1\src\app.config = ..\3rdParty\DirectShow.NET-2.1\src\app.config
		..\3rdParty\DirectShow.NET-2.1\src\AssemblyInfo.cs = ..\3rdParty\DirectShow.NET-2.1\src\AssemblyInfo.cs
		..\3rdParty\DirectShow.NET-2.1\src\atscpsipparser.cs = ..\3rdParty\DirectShow.NET-2.1\src\atscpsipparser.cs
		..\3rdParty\DirectShow.NET-2.1\src\austream.cs = ..\3rdParty\DirectShow.NET-2.1\src\austream.cs
		..\3rdParty\DirectShow.NET-2.1\src\AxCore.cs = ..\3rdParty\DirectShow.NET-2.1\src\AxCore.cs
		..\3rdParty\DirectShow.NET-2.1\src\AXExtend.cs = ..\3rdParty\DirectShow.NET-2.1\src\AXExtend.cs
		..\3rdParty\DirectShow.NET-2.1\src\BDAIface.cs = ..\3rdParty\DirectShow.NET-2.1\src\BDAIface.cs
		..\3rdParty\DirectShow.NET-2.1\src\Bdatif.cs = ..\3rdParty\DirectShow.NET-2.1\src\Bdatif.cs
		..\3rdParty\DirectShow.NET-2.1\src\BDATypes.cs = ..\3rdParty\DirectShow.NET-2.1\src\BDATypes.cs
		..\3rdParty\DirectShow.NET-2.1\src\Control.cs = ..\3rdParty\DirectShow.NET-2.1\src\Control.cs
		..\3rdParty\DirectShow.NET-2.1\src\DES.cs = ..\3rdParty\DirectShow.NET-2.1\src\DES.cs
		..\3rdParty\DirectShow.NET-2.1\src\DevEnum.cs = ..\3rdParty\DirectShow.NET-2.1\src\DevEnum.cs
		..\3rdParty\DirectShow.NET-2.1\src\DirectShowLib-2005.csproj = ..\3rdParty\DirectShow.NET-2.1\src\DirectShowLib-2005.csproj
		..\3rdParty\DirectShow.NET-2.1\src\DirectShowLib-2005.sln = ..\3rdParty\DirectShow.NET-2.1\src\DirectShowLib-2005.sln
		..\3rdParty\DirectShow.NET-2.1\src\DirectShowLib-2008.csproj = ..\3rdParty\DirectShow.NET-2.1\src\DirectShowLib-2008.csproj
		..\3rdParty\DirectShow.NET-2.1\src\DirectShowLib-2008.sln = ..\3rdParty\DirectShow.NET-2.1\src\DirectShowLib-2008.sln
		..\3rdParty\DirectShow.NET-2.1\src\DirectShowLib.sln = ..\3rdParty\DirectShow.NET-2.1\src\DirectShowLib.sln
		..\3rdParty\DirectShow.NET-2.1\src\DMODShow.cs = ..\3rdParty\DirectShow.NET-2.1\src\DMODShow.cs
		..\3rdParty\DirectShow.NET-2.1\src\dsattrib.cs = ..\3rdParty\DirectShow.NET-2.1\src\dsattrib.cs
		..\3rdParty\DirectShow.NET-2.1\src\DShowNET.snk = ..\3rdParty\DirectShow.NET-2.1\src\DShowNET.snk
		..\3rdParty\DirectShow.NET-2.1\src\DsUtils.cs = ..\3rdParty\DirectShow.NET-2.1\src\DsUtils.cs
		..\3rdParty\DirectShow.NET-2.1\src\dvbsiparser.cs = ..\3rdParty\DirectShow.NET-2.1\src\dvbsiparser.cs
		..\3rdParty\DirectShow.NET-2.1\src\DVDIf.cs = ..\3rdParty\DirectShow.NET-2.1\src\DVDIf.cs
		..\3rdParty\DirectShow.NET-2.1\src\DynGraph.cs = ..\3rdParty\DirectShow.NET-2.1\src\DynGraph.cs
		..\3rdParty\DirectShow.NET-2.1\src\encdec.cs = ..\3rdParty\DirectShow.NET-2.1\src\encdec.cs
		..\3rdParty\DirectShow.NET-2.1\src\EvCode.cs = ..\3rdParty\DirectShow.NET-2.1\src\EvCode.cs
		..\3rdParty\DirectShow.NET-2.1\src\IL21Dec.cs = ..\3rdParty\DirectShow.NET-2.1\src\IL21Dec.cs
		..\3rdParty\DirectShow.NET-2.1\src\MediaObj.cs = ..\3rdParty\DirectShow.NET-2.1\src\MediaObj.cs
		..\3rdParty\DirectShow.NET-2.1\src\MediaParam.cs = ..\3rdParty\DirectShow.NET-2.1\src\MediaParam.cs
		..\3rdParty\DirectShow.NET-2.1\src\Misc.cs = ..\3rdParty\DirectShow.NET-2.1\src\Misc.cs
		..\3rdParty\DirectShow.NET-2.1\src\Mixerocx.cs = ..\3rdParty\DirectShow.NET-2.1\src\Mixerocx.cs
		..\3rdParty\DirectShow.NET-2.1\src\mmstream.cs = ..\3rdParty\DirectShow.NET-2.1\src\mmstream.cs
		..\3rdParty\DirectShow.NET-2.1\src\mpconfig.cs = ..\3rdParty\DirectShow.NET-2.1\src\mpconfig.cs
		..\3rdParty\DirectShow.NET-2.1\src\Mpeg2Data.cs = ..\3rdParty\DirectShow.NET-2.1\src\Mpeg2Data.cs
		..\3rdParty\DirectShow.NET-2.1\src\mpeg2psiparser.cs = ..\3rdParty\DirectShow.NET-2.1\src\mpeg2psiparser.cs
		..\3rdParty\DirectShow.NET-2.1\src\Mpeg2Structs.cs = ..\3rdParty\DirectShow.NET-2.1\src\Mpeg2Structs.cs
		..\3rdParty\DirectShow.NET-2.1\src\other.cs = ..\3rdParty\DirectShow.NET-2.1\src\other.cs
		..\3rdParty\DirectShow.NET-2.1\src\PlayList.cs = ..\3rdParty\DirectShow.NET-2.1\src\PlayList.cs
		..\3rdParty\DirectShow.NET-2.1\src\QEdit.cs = ..\3rdParty\DirectShow.NET-2.1\src\QEdit.cs
		..\3rdParty\DirectShow.NET-2.1\src\qnetwork.cs = ..\3rdParty\DirectShow.NET-2.1\src\qnetwork.cs
		..\3rdParty\DirectShow.NET-2.1\src\RegBag.cs = ..\3rdParty\DirectShow.NET-2.1\src\RegBag.cs
		..\3rdParty\DirectShow.NET-2.1\src\Sbe.cs = ..\3rdParty\DirectShow.NET-2.1\src\Sbe.cs
		..\3rdParty\DirectShow.NET-2.1\src\Tuner.cs = ..\3rdParty\DirectShow.NET-2.1\src\Tuner.cs
		..\3rdParty\DirectShow.NET-2.1\src\TvRatings.cs = ..\3rdParty\DirectShow.NET-2.1\src\TvRatings.cs
		..\3rdParty\DirectShow.NET-2.1\src\Uuids.cs = ..\3rdParty\DirectShow.NET-2.1\src\Uuids.cs
		..\3rdParty\DirectShow.NET-2.1\src\Vidcap.cs = ..\3rdParty\DirectShow.NET-2.1\src\Vidcap.cs
		..\3rdParty\DirectShow.NET-2.1\src\VidPort.cs = ..\3rdParty\DirectShow.NET-2.1\src\VidPort.cs
		..\3rdParty\DirectShow.NET-2.1\src\Vmr9.cs = ..\3rdParty\DirectShow.NET-2.1\src\Vmr9.cs
		..\3rdParty\DirectShow.NET-2.1\src\VmRender.cs = ..\3rdParty\DirectShow.NET-2.1\src\VmRender.cs
	EndProjectSection
EndProject
Project("{2150E333-8FDC-42A3-9474-1A3956D46DE8}") = "bin", "bin", "{6727992B-96FD-441C-A752-75A01B19CCF9}"
EndProject
Project("{2150E333-8FDC-42A3-9474-1A3956D46DE8}") = "doc", "doc", "{CEEFE9B3-3B35-4F42-BBA8-06650DB8DD56}"
EndProject
Project("{2150E333-8FDC-42A3-9474-1A3956D46DE8}") = "samples", "samples", "{18A2C6D6-D82F-410B-BFDE-83FA1F9E790C}"
EndProject
Project("{2150E333-8FDC-42A3-9474-1A3956D46DE8}") = "framework", "framework", "{92FAF2E9-0A44-4E9D-B46D-F8BFA1732933}"
	ProjectSection(SolutionItems) = preProject
		..\3rdParty\NUnit-2.6.0.12051\bin\framework\nunit.framework.dll = ..\3rdParty\NUnit-2.6.0.12051\bin\framework\nunit.framework.dll
		..\3rdParty\NUnit-2.6.0.12051\bin\framework\nunit.framework.xml = ..\3rdParty\NUnit-2.6.0.12051\bin\framework\nunit.framework.xml
		..\3rdParty\NUnit-2.6.0.12051\bin\framework\nunit.mocks.dll = ..\3rdParty\NUnit-2.6.0.12051\bin\framework\nunit.mocks.dll
		..\3rdParty\NUnit-2.6.0.12051\bin\framework\pnunit.framework.dll = ..\3rdParty\NUnit-2.6.0.12051\bin\framework\pnunit.framework.dll
	EndProjectSection
EndProject
Project("{2150E333-8FDC-42A3-9474-1A3956D46DE8}") = "lib", "lib", "{EE94AEB4-53C1-418A-B5E7-D50425AB0198}"
EndProject
Project("{2150E333-8FDC-42A3-9474-1A3956D46DE8}") = "tests", "tests", "{A08AE552-E84D-46B3-9032-1D8DA548AA12}"
EndProject
Project("{2150E333-8FDC-42A3-9474-1A3956D46DE8}") = "Images", "Images", "{8D85C6E5-5724-4C80-A10C-37C9E1DBD4F2}"
EndProject
Project("{2150E333-8FDC-42A3-9474-1A3956D46DE8}") = "files", "files", "{7741DE76-82BA-4439-A9DB-879D071C6E58}"
EndProject
Project("{2150E333-8FDC-42A3-9474-1A3956D46DE8}") = "img", "img", "{F38CDE6C-72DB-4FAF-A615-EF1907E8B931}"
EndProject
Project("{2150E333-8FDC-42A3-9474-1A3956D46DE8}") = "cpp", "cpp", "{D572D8A3-1847-4447-861E-F4CDE47FD075}"
EndProject
Project("{2150E333-8FDC-42A3-9474-1A3956D46DE8}") = "csharp", "csharp", "{72933042-4DEA-4230-86D7-2E713418A7E7}"
EndProject
Project("{2150E333-8FDC-42A3-9474-1A3956D46DE8}") = "Extensibility", "Extensibility", "{50410CA2-1ADB-47E7-8495-36FC252CF047}"
EndProject
Project("{2150E333-8FDC-42A3-9474-1A3956D46DE8}") = "jsharp", "jsharp", "{A21D45EE-54F2-4429-AB0E-FE5F01A105F8}"
EndProject
Project("{2150E333-8FDC-42A3-9474-1A3956D46DE8}") = "vb", "vb", "{11616BE1-8A9A-4CBD-B67B-3206393287C7}"
EndProject
Project("{2150E333-8FDC-42A3-9474-1A3956D46DE8}") = "SharpDX-2.1.0", "SharpDX-2.1.0", "{C8D855F2-9F19-4E1C-817A-6D6F77C62487}"
	ProjectSection(SolutionItems) = preProject
		..\3rdParty\SharpDX-2.1.0\ChangeLog.txt = ..\3rdParty\SharpDX-2.1.0\ChangeLog.txt
		..\3rdParty\SharpDX-2.1.0\License.txt = ..\3rdParty\SharpDX-2.1.0\License.txt
		..\3rdParty\SharpDX-2.1.0\ReleaseNotes.txt = ..\3rdParty\SharpDX-2.1.0\ReleaseNotes.txt
	EndProjectSection
EndProject
Project("{2150E333-8FDC-42A3-9474-1A3956D46DE8}") = "Bin", "Bin", "{5DD61767-D476-48A8-892C-94F3EAEEC520}"
EndProject
Project("{2150E333-8FDC-42A3-9474-1A3956D46DE8}") = "Signed-net20", "Signed-net20", "{A4879EE6-F6C7-4E74-9F79-5AE7EC776D96}"
	ProjectSection(SolutionItems) = preProject
		..\3rdParty\SharpDX-2.1.0\Bin\Signed-net20\SharpDX.D3DCompiler.dll = ..\3rdParty\SharpDX-2.1.0\Bin\Signed-net20\SharpDX.D3DCompiler.dll
		..\3rdParty\SharpDX-2.1.0\Bin\Signed-net20\SharpDX.D3DCompiler.xml = ..\3rdParty\SharpDX-2.1.0\Bin\Signed-net20\SharpDX.D3DCompiler.xml
		..\3rdParty\SharpDX-2.1.0\Bin\Signed-net20\SharpDX.Direct2D1.dll = ..\3rdParty\SharpDX-2.1.0\Bin\Signed-net20\SharpDX.Direct2D1.dll
		..\3rdParty\SharpDX-2.1.0\Bin\Signed-net20\SharpDX.Direct2D1.xml = ..\3rdParty\SharpDX-2.1.0\Bin\Signed-net20\SharpDX.Direct2D1.xml
		..\3rdParty\SharpDX-2.1.0\Bin\Signed-net20\SharpDX.Direct3D10.dll = ..\3rdParty\SharpDX-2.1.0\Bin\Signed-net20\SharpDX.Direct3D10.dll
		..\3rdParty\SharpDX-2.1.0\Bin\Signed-net20\SharpDX.Direct3D10.xml = ..\3rdParty\SharpDX-2.1.0\Bin\Signed-net20\SharpDX.Direct3D10.xml
		..\3rdParty\SharpDX-2.1.0\Bin\Signed-net20\SharpDX.Direct3D11.dll = ..\3rdParty\SharpDX-2.1.0\Bin\Signed-net20\SharpDX.Direct3D11.dll
		..\3rdParty\SharpDX-2.1.0\Bin\Signed-net20\SharpDX.Direct3D11.xml = ..\3rdParty\SharpDX-2.1.0\Bin\Signed-net20\SharpDX.Direct3D11.xml
		..\3rdParty\SharpDX-2.1.0\Bin\Signed-net20\SharpDX.Direct3D9.dll = ..\3rdParty\SharpDX-2.1.0\Bin\Signed-net20\SharpDX.Direct3D9.dll
		..\3rdParty\SharpDX-2.1.0\Bin\Signed-net20\SharpDX.Direct3D9.xml = ..\3rdParty\SharpDX-2.1.0\Bin\Signed-net20\SharpDX.Direct3D9.xml
		..\3rdParty\SharpDX-2.1.0\Bin\Signed-net20\SharpDX.DirectInput.dll = ..\3rdParty\SharpDX-2.1.0\Bin\Signed-net20\SharpDX.DirectInput.dll
		..\3rdParty\SharpDX-2.1.0\Bin\Signed-net20\SharpDX.DirectInput.xml = ..\3rdParty\SharpDX-2.1.0\Bin\Signed-net20\SharpDX.DirectInput.xml
		..\3rdParty\SharpDX-2.1.0\Bin\Signed-net20\SharpDX.DirectSound.dll = ..\3rdParty\SharpDX-2.1.0\Bin\Signed-net20\SharpDX.DirectSound.dll
		..\3rdParty\SharpDX-2.1.0\Bin\Signed-net20\SharpDX.DirectSound.xml = ..\3rdParty\SharpDX-2.1.0\Bin\Signed-net20\SharpDX.DirectSound.xml
		..\3rdParty\SharpDX-2.1.0\Bin\Signed-net20\SharpDX.dll = ..\3rdParty\SharpDX-2.1.0\Bin\Signed-net20\SharpDX.dll
		..\3rdParty\SharpDX-2.1.0\Bin\Signed-net20\SharpDX.DXGI.dll = ..\3rdParty\SharpDX-2.1.0\Bin\Signed-net20\SharpDX.DXGI.dll
		..\3rdParty\SharpDX-2.1.0\Bin\Signed-net20\SharpDX.DXGI.xml = ..\3rdParty\SharpDX-2.1.0\Bin\Signed-net20\SharpDX.DXGI.xml
		..\3rdParty\SharpDX-2.1.0\Bin\Signed-net20\SharpDX.RawInput.dll = ..\3rdParty\SharpDX-2.1.0\Bin\Signed-net20\SharpDX.RawInput.dll
		..\3rdParty\SharpDX-2.1.0\Bin\Signed-net20\SharpDX.RawInput.xml = ..\3rdParty\SharpDX-2.1.0\Bin\Signed-net20\SharpDX.RawInput.xml
		..\3rdParty\SharpDX-2.1.0\Bin\Signed-net20\SharpDX.X3DAudio.dll = ..\3rdParty\SharpDX-2.1.0\Bin\Signed-net20\SharpDX.X3DAudio.dll
		..\3rdParty\SharpDX-2.1.0\Bin\Signed-net20\SharpDX.X3DAudio.xml = ..\3rdParty\SharpDX-2.1.0\Bin\Signed-net20\SharpDX.X3DAudio.xml
		..\3rdParty\SharpDX-2.1.0\Bin\Signed-net20\SharpDX.XACT3.dll = ..\3rdParty\SharpDX-2.1.0\Bin\Signed-net20\SharpDX.XACT3.dll
		..\3rdParty\SharpDX-2.1.0\Bin\Signed-net20\SharpDX.XACT3.xml = ..\3rdParty\SharpDX-2.1.0\Bin\Signed-net20\SharpDX.XACT3.xml
		..\3rdParty\SharpDX-2.1.0\Bin\Signed-net20\SharpDX.XAudio2.dll = ..\3rdParty\SharpDX-2.1.0\Bin\Signed-net20\SharpDX.XAudio2.dll
		..\3rdParty\SharpDX-2.1.0\Bin\Signed-net20\SharpDX.XAudio2.xml = ..\3rdParty\SharpDX-2.1.0\Bin\Signed-net20\SharpDX.XAudio2.xml
		..\3rdParty\SharpDX-2.1.0\Bin\Signed-net20\SharpDX.XInput.dll = ..\3rdParty\SharpDX-2.1.0\Bin\Signed-net20\SharpDX.XInput.dll
		..\3rdParty\SharpDX-2.1.0\Bin\Signed-net20\SharpDX.XInput.xml = ..\3rdParty\SharpDX-2.1.0\Bin\Signed-net20\SharpDX.XInput.xml
		..\3rdParty\SharpDX-2.1.0\Bin\Signed-net20\SharpDX.xml = ..\3rdParty\SharpDX-2.1.0\Bin\Signed-net20\SharpDX.xml
		..\3rdParty\SharpDX-2.1.0\Bin\Signed-net20\sharpdx_direct3d11_1_effects_arm.dll = ..\3rdParty\SharpDX-2.1.0\Bin\Signed-net20\sharpdx_direct3d11_1_effects_arm.dll
		..\3rdParty\SharpDX-2.1.0\Bin\Signed-net20\sharpdx_direct3d11_1_effects_x64.dll = ..\3rdParty\SharpDX-2.1.0\Bin\Signed-net20\sharpdx_direct3d11_1_effects_x64.dll
		..\3rdParty\SharpDX-2.1.0\Bin\Signed-net20\sharpdx_direct3d11_1_effects_x86.dll = ..\3rdParty\SharpDX-2.1.0\Bin\Signed-net20\sharpdx_direct3d11_1_effects_x86.dll
		..\3rdParty\SharpDX-2.1.0\Bin\Signed-net20\sharpdx_direct3d11_effects_x64.dll = ..\3rdParty\SharpDX-2.1.0\Bin\Signed-net20\sharpdx_direct3d11_effects_x64.dll
		..\3rdParty\SharpDX-2.1.0\Bin\Signed-net20\sharpdx_direct3d11_effects_x86.dll = ..\3rdParty\SharpDX-2.1.0\Bin\Signed-net20\sharpdx_direct3d11_effects_x86.dll
	EndProjectSection
EndProject
Project("{2150E333-8FDC-42A3-9474-1A3956D46DE8}") = "Standard-net20", "Standard-net20", "{23CC49EE-338B-4C0A-8A95-C72AAFF5C292}"
	ProjectSection(SolutionItems) = preProject
		..\3rdParty\SharpDX-2.1.0\Bin\Standard-net20\SharpDX.D3DCompiler.dll = ..\3rdParty\SharpDX-2.1.0\Bin\Standard-net20\SharpDX.D3DCompiler.dll
		..\3rdParty\SharpDX-2.1.0\Bin\Standard-net20\SharpDX.D3DCompiler.xml = ..\3rdParty\SharpDX-2.1.0\Bin\Standard-net20\SharpDX.D3DCompiler.xml
		..\3rdParty\SharpDX-2.1.0\Bin\Standard-net20\SharpDX.Direct2D1.dll = ..\3rdParty\SharpDX-2.1.0\Bin\Standard-net20\SharpDX.Direct2D1.dll
		..\3rdParty\SharpDX-2.1.0\Bin\Standard-net20\SharpDX.Direct2D1.xml = ..\3rdParty\SharpDX-2.1.0\Bin\Standard-net20\SharpDX.Direct2D1.xml
		..\3rdParty\SharpDX-2.1.0\Bin\Standard-net20\SharpDX.Direct3D10.dll = ..\3rdParty\SharpDX-2.1.0\Bin\Standard-net20\SharpDX.Direct3D10.dll
		..\3rdParty\SharpDX-2.1.0\Bin\Standard-net20\SharpDX.Direct3D10.xml = ..\3rdParty\SharpDX-2.1.0\Bin\Standard-net20\SharpDX.Direct3D10.xml
		..\3rdParty\SharpDX-2.1.0\Bin\Standard-net20\SharpDX.Direct3D11.dll = ..\3rdParty\SharpDX-2.1.0\Bin\Standard-net20\SharpDX.Direct3D11.dll
		..\3rdParty\SharpDX-2.1.0\Bin\Standard-net20\SharpDX.Direct3D11.xml = ..\3rdParty\SharpDX-2.1.0\Bin\Standard-net20\SharpDX.Direct3D11.xml
		..\3rdParty\SharpDX-2.1.0\Bin\Standard-net20\SharpDX.Direct3D9.dll = ..\3rdParty\SharpDX-2.1.0\Bin\Standard-net20\SharpDX.Direct3D9.dll
		..\3rdParty\SharpDX-2.1.0\Bin\Standard-net20\SharpDX.Direct3D9.xml = ..\3rdParty\SharpDX-2.1.0\Bin\Standard-net20\SharpDX.Direct3D9.xml
		..\3rdParty\SharpDX-2.1.0\Bin\Standard-net20\SharpDX.DirectInput.dll = ..\3rdParty\SharpDX-2.1.0\Bin\Standard-net20\SharpDX.DirectInput.dll
		..\3rdParty\SharpDX-2.1.0\Bin\Standard-net20\SharpDX.DirectInput.xml = ..\3rdParty\SharpDX-2.1.0\Bin\Standard-net20\SharpDX.DirectInput.xml
		..\3rdParty\SharpDX-2.1.0\Bin\Standard-net20\SharpDX.DirectSound.dll = ..\3rdParty\SharpDX-2.1.0\Bin\Standard-net20\SharpDX.DirectSound.dll
		..\3rdParty\SharpDX-2.1.0\Bin\Standard-net20\SharpDX.DirectSound.xml = ..\3rdParty\SharpDX-2.1.0\Bin\Standard-net20\SharpDX.DirectSound.xml
		..\3rdParty\SharpDX-2.1.0\Bin\Standard-net20\SharpDX.dll = ..\3rdParty\SharpDX-2.1.0\Bin\Standard-net20\SharpDX.dll
		..\3rdParty\SharpDX-2.1.0\Bin\Standard-net20\SharpDX.DXGI.dll = ..\3rdParty\SharpDX-2.1.0\Bin\Standard-net20\SharpDX.DXGI.dll
		..\3rdParty\SharpDX-2.1.0\Bin\Standard-net20\SharpDX.DXGI.xml = ..\3rdParty\SharpDX-2.1.0\Bin\Standard-net20\SharpDX.DXGI.xml
		..\3rdParty\SharpDX-2.1.0\Bin\Standard-net20\SharpDX.RawInput.dll = ..\3rdParty\SharpDX-2.1.0\Bin\Standard-net20\SharpDX.RawInput.dll
		..\3rdParty\SharpDX-2.1.0\Bin\Standard-net20\SharpDX.RawInput.xml = ..\3rdParty\SharpDX-2.1.0\Bin\Standard-net20\SharpDX.RawInput.xml
		..\3rdParty\SharpDX-2.1.0\Bin\Standard-net20\SharpDX.X3DAudio.dll = ..\3rdParty\SharpDX-2.1.0\Bin\Standard-net20\SharpDX.X3DAudio.dll
		..\3rdParty\SharpDX-2.1.0\Bin\Standard-net20\SharpDX.X3DAudio.xml = ..\3rdParty\SharpDX-2.1.0\Bin\Standard-net20\SharpDX.X3DAudio.xml
		..\3rdParty\SharpDX-2.1.0\Bin\Standard-net20\SharpDX.XACT3.dll = ..\3rdParty\SharpDX-2.1.0\Bin\Standard-net20\SharpDX.XACT3.dll
		..\3rdParty\SharpDX-2.1.0\Bin\Standard-net20\SharpDX.XACT3.xml = ..\3rdParty\SharpDX-2.1.0\Bin\Standard-net20\SharpDX.XACT3.xml
		..\3rdParty\SharpDX-2.1.0\Bin\Standard-net20\SharpDX.XAudio2.dll = ..\3rdParty\SharpDX-2.1.0\Bin\Standard-net20\SharpDX.XAudio2.dll
		..\3rdParty\SharpDX-2.1.0\Bin\Standard-net20\SharpDX.XAudio2.xml = ..\3rdParty\SharpDX-2.1.0\Bin\Standard-net20\SharpDX.XAudio2.xml
		..\3rdParty\SharpDX-2.1.0\Bin\Standard-net20\SharpDX.XInput.dll = ..\3rdParty\SharpDX-2.1.0\Bin\Standard-net20\SharpDX.XInput.dll
		..\3rdParty\SharpDX-2.1.0\Bin\Standard-net20\SharpDX.XInput.xml = ..\3rdParty\SharpDX-2.1.0\Bin\Standard-net20\SharpDX.XInput.xml
		..\3rdParty\SharpDX-2.1.0\Bin\Standard-net20\SharpDX.xml = ..\3rdParty\SharpDX-2.1.0\Bin\Standard-net20\SharpDX.xml
		..\3rdParty\SharpDX-2.1.0\Bin\Standard-net20\sharpdx_direct3d11_1_effects_arm.dll = ..\3rdParty\SharpDX-2.1.0\Bin\Standard-net20\sharpdx_direct3d11_1_effects_arm.dll
		..\3rdParty\SharpDX-2.1.0\Bin\Standard-net20\sharpdx_direct3d11_1_effects_x64.dll = ..\3rdParty\SharpDX-2.1.0\Bin\Standard-net20\sharpdx_direct3d11_1_effects_x64.dll
		..\3rdParty\SharpDX-2.1.0\Bin\Standard-net20\sharpdx_direct3d11_1_effects_x86.dll = ..\3rdParty\SharpDX-2.1.0\Bin\Standard-net20\sharpdx_direct3d11_1_effects_x86.dll
		..\3rdParty\SharpDX-2.1.0\Bin\Standard-net20\sharpdx_direct3d11_effects_x64.dll = ..\3rdParty\SharpDX-2.1.0\Bin\Standard-net20\sharpdx_direct3d11_effects_x64.dll
		..\3rdParty\SharpDX-2.1.0\Bin\Standard-net20\sharpdx_direct3d11_effects_x86.dll = ..\3rdParty\SharpDX-2.1.0\Bin\Standard-net20\sharpdx_direct3d11_effects_x86.dll
	EndProjectSection
EndProject
Project("{2150E333-8FDC-42A3-9474-1A3956D46DE8}") = "Win8Desktop-net20", "Win8Desktop-net20", "{9C8C856E-DD49-40D5-9102-BCA1F8EE122B}"
	ProjectSection(SolutionItems) = preProject
		..\3rdParty\SharpDX-2.1.0\Bin\Win8Desktop-net20\SharpDX.Animation.dll = ..\3rdParty\SharpDX-2.1.0\Bin\Win8Desktop-net20\SharpDX.Animation.dll
		..\3rdParty\SharpDX-2.1.0\Bin\Win8Desktop-net20\SharpDX.Animation.xml = ..\3rdParty\SharpDX-2.1.0\Bin\Win8Desktop-net20\SharpDX.Animation.xml
		..\3rdParty\SharpDX-2.1.0\Bin\Win8Desktop-net20\SharpDX.D3DCompiler.dll = ..\3rdParty\SharpDX-2.1.0\Bin\Win8Desktop-net20\SharpDX.D3DCompiler.dll
		..\3rdParty\SharpDX-2.1.0\Bin\Win8Desktop-net20\SharpDX.D3DCompiler.xml = ..\3rdParty\SharpDX-2.1.0\Bin\Win8Desktop-net20\SharpDX.D3DCompiler.xml
		..\3rdParty\SharpDX-2.1.0\Bin\Win8Desktop-net20\SharpDX.Direct2D1.dll = ..\3rdParty\SharpDX-2.1.0\Bin\Win8Desktop-net20\SharpDX.Direct2D1.dll
		..\3rdParty\SharpDX-2.1.0\Bin\Win8Desktop-net20\SharpDX.Direct2D1.xml = ..\3rdParty\SharpDX-2.1.0\Bin\Win8Desktop-net20\SharpDX.Direct2D1.xml
		..\3rdParty\SharpDX-2.1.0\Bin\Win8Desktop-net20\SharpDX.Direct3D11.dll = ..\3rdParty\SharpDX-2.1.0\Bin\Win8Desktop-net20\SharpDX.Direct3D11.dll
		..\3rdParty\SharpDX-2.1.0\Bin\Win8Desktop-net20\SharpDX.Direct3D11.xml = ..\3rdParty\SharpDX-2.1.0\Bin\Win8Desktop-net20\SharpDX.Direct3D11.xml
		..\3rdParty\SharpDX-2.1.0\Bin\Win8Desktop-net20\SharpDX.dll = ..\3rdParty\SharpDX-2.1.0\Bin\Win8Desktop-net20\SharpDX.dll
		..\3rdParty\SharpDX-2.1.0\Bin\Win8Desktop-net20\SharpDX.DXGI.dll = ..\3rdParty\SharpDX-2.1.0\Bin\Win8Desktop-net20\SharpDX.DXGI.dll
		..\3rdParty\SharpDX-2.1.0\Bin\Win8Desktop-net20\SharpDX.DXGI.xml = ..\3rdParty\SharpDX-2.1.0\Bin\Win8Desktop-net20\SharpDX.DXGI.xml
		..\3rdParty\SharpDX-2.1.0\Bin\Win8Desktop-net20\SharpDX.RawInput.dll = ..\3rdParty\SharpDX-2.1.0\Bin\Win8Desktop-net20\SharpDX.RawInput.dll
		..\3rdParty\SharpDX-2.1.0\Bin\Win8Desktop-net20\SharpDX.RawInput.xml = ..\3rdParty\SharpDX-2.1.0\Bin\Win8Desktop-net20\SharpDX.RawInput.xml
		..\3rdParty\SharpDX-2.1.0\Bin\Win8Desktop-net20\SharpDX.XAPO.dll = ..\3rdParty\SharpDX-2.1.0\Bin\Win8Desktop-net20\SharpDX.XAPO.dll
		..\3rdParty\SharpDX-2.1.0\Bin\Win8Desktop-net20\SharpDX.XAPO.xml = ..\3rdParty\SharpDX-2.1.0\Bin\Win8Desktop-net20\SharpDX.XAPO.xml
		..\3rdParty\SharpDX-2.1.0\Bin\Win8Desktop-net20\SharpDX.XAudio2.dll = ..\3rdParty\SharpDX-2.1.0\Bin\Win8Desktop-net20\SharpDX.XAudio2.dll
		..\3rdParty\SharpDX-2.1.0\Bin\Win8Desktop-net20\SharpDX.XAudio2.xml = ..\3rdParty\SharpDX-2.1.0\Bin\Win8Desktop-net20\SharpDX.XAudio2.xml
		..\3rdParty\SharpDX-2.1.0\Bin\Win8Desktop-net20\SharpDX.XInput.dll = ..\3rdParty\SharpDX-2.1.0\Bin\Win8Desktop-net20\SharpDX.XInput.dll
		..\3rdParty\SharpDX-2.1.0\Bin\Win8Desktop-net20\SharpDX.XInput.xml = ..\3rdParty\SharpDX-2.1.0\Bin\Win8Desktop-net20\SharpDX.XInput.xml
		..\3rdParty\SharpDX-2.1.0\Bin\Win8Desktop-net20\SharpDX.xml = ..\3rdParty\SharpDX-2.1.0\Bin\Win8Desktop-net20\SharpDX.xml
		..\3rdParty\SharpDX-2.1.0\Bin\Win8Desktop-net20\sharpdx_direct3d11_1_effects_arm.dll = ..\3rdParty\SharpDX-2.1.0\Bin\Win8Desktop-net20\sharpdx_direct3d11_1_effects_arm.dll
		..\3rdParty\SharpDX-2.1.0\Bin\Win8Desktop-net20\sharpdx_direct3d11_1_effects_x64.dll = ..\3rdParty\SharpDX-2.1.0\Bin\Win8Desktop-net20\sharpdx_direct3d11_1_effects_x64.dll
		..\3rdParty\SharpDX-2.1.0\Bin\Win8Desktop-net20\sharpdx_direct3d11_1_effects_x86.dll = ..\3rdParty\SharpDX-2.1.0\Bin\Win8Desktop-net20\sharpdx_direct3d11_1_effects_x86.dll
		..\3rdParty\SharpDX-2.1.0\Bin\Win8Desktop-net20\sharpdx_direct3d11_effects_x64.dll = ..\3rdParty\SharpDX-2.1.0\Bin\Win8Desktop-net20\sharpdx_direct3d11_effects_x64.dll
		..\3rdParty\SharpDX-2.1.0\Bin\Win8Desktop-net20\sharpdx_direct3d11_effects_x86.dll = ..\3rdParty\SharpDX-2.1.0\Bin\Win8Desktop-net20\sharpdx_direct3d11_effects_x86.dll
	EndProjectSection
EndProject
Project("{2150E333-8FDC-42A3-9474-1A3956D46DE8}") = "Win8Metro", "Win8Metro", "{F2602991-9C81-4829-8343-E4B59F7D1E3D}"
	ProjectSection(SolutionItems) = preProject
		..\3rdParty\SharpDX-2.1.0\Bin\Win8Metro\SharpDX.D3DCompiler.dll = ..\3rdParty\SharpDX-2.1.0\Bin\Win8Metro\SharpDX.D3DCompiler.dll
		..\3rdParty\SharpDX-2.1.0\Bin\Win8Metro\SharpDX.D3DCompiler.xml = ..\3rdParty\SharpDX-2.1.0\Bin\Win8Metro\SharpDX.D3DCompiler.xml
		..\3rdParty\SharpDX-2.1.0\Bin\Win8Metro\SharpDX.Direct2D1.dll = ..\3rdParty\SharpDX-2.1.0\Bin\Win8Metro\SharpDX.Direct2D1.dll
		..\3rdParty\SharpDX-2.1.0\Bin\Win8Metro\SharpDX.Direct2D1.xml = ..\3rdParty\SharpDX-2.1.0\Bin\Win8Metro\SharpDX.Direct2D1.xml
		..\3rdParty\SharpDX-2.1.0\Bin\Win8Metro\SharpDX.Direct3D11.dll = ..\3rdParty\SharpDX-2.1.0\Bin\Win8Metro\SharpDX.Direct3D11.dll
		..\3rdParty\SharpDX-2.1.0\Bin\Win8Metro\SharpDX.Direct3D11.xml = ..\3rdParty\SharpDX-2.1.0\Bin\Win8Metro\SharpDX.Direct3D11.xml
		..\3rdParty\SharpDX-2.1.0\Bin\Win8Metro\SharpDX.dll = ..\3rdParty\SharpDX-2.1.0\Bin\Win8Metro\SharpDX.dll
		..\3rdParty\SharpDX-2.1.0\Bin\Win8Metro\SharpDX.DXGI.dll = ..\3rdParty\SharpDX-2.1.0\Bin\Win8Metro\SharpDX.DXGI.dll
		..\3rdParty\SharpDX-2.1.0\Bin\Win8Metro\SharpDX.DXGI.xml = ..\3rdParty\SharpDX-2.1.0\Bin\Win8Metro\SharpDX.DXGI.xml
		..\3rdParty\SharpDX-2.1.0\Bin\Win8Metro\SharpDX.XAudio2.dll = ..\3rdParty\SharpDX-2.1.0\Bin\Win8Metro\SharpDX.XAudio2.dll
		..\3rdParty\SharpDX-2.1.0\Bin\Win8Metro\SharpDX.XAudio2.xml = ..\3rdParty\SharpDX-2.1.0\Bin\Win8Metro\SharpDX.XAudio2.xml
		..\3rdParty\SharpDX-2.1.0\Bin\Win8Metro\SharpDX.XInput.dll = ..\3rdParty\SharpDX-2.1.0\Bin\Win8Metro\SharpDX.XInput.dll
		..\3rdParty\SharpDX-2.1.0\Bin\Win8Metro\SharpDX.XInput.xml = ..\3rdParty\SharpDX-2.1.0\Bin\Win8Metro\SharpDX.XInput.xml
		..\3rdParty\SharpDX-2.1.0\Bin\Win8Metro\SharpDX.xml = ..\3rdParty\SharpDX-2.1.0\Bin\Win8Metro\SharpDX.xml
	EndProjectSection
EndProject
Project("{FAE04EC0-301F-11D3-BF4B-00C04F79EFBC}") = "Sphere10.Framework.Data.Linq2Sql", "Sphere10.Framework.Data.Linq2Sql\Sphere10.Framework.Data.Linq2Sql.csproj", "{39254EF6-F9D7-4E31-9917-0F0EC68B7DAE}"
EndProject
Project("{FAE04EC0-301F-11D3-BF4B-00C04F79EFBC}") = "Sphere10.Framework.Data.Sqlite", "Sphere10.Framework.Data.Sqlite\Sphere10.Framework.Data.Sqlite.csproj", "{09F4A297-8080-43E2-B541-0018CACD2DE2}"
EndProject
Project("{FAE04EC0-301F-11D3-BF4B-00C04F79EFBC}") = "Sphere10.Framework.Data.Firebird", "Sphere10.Framework.Data.Firebird\Sphere10.Framework.Data.Firebird.csproj", "{CD6601EE-DCCE-4C75-8856-1E77943011FE}"
EndProject
Project("{FAE04EC0-301F-11D3-BF4B-00C04F79EFBC}") = "Sphere10.Framework.Services", "Sphere10.Framework.Services\Sphere10.Framework.Services.csproj", "{4C0A9549-0792-4FA3-99B2-DAC5EF3406D7}"
EndProject
Project("{FAE04EC0-301F-11D3-BF4B-00C04F79EFBC}") = "Sphere10.Framework.UnitTests", "Sphere10.Framework.UnitTests\Sphere10.Framework.UnitTests.csproj", "{2B1992CD-A2E8-4E1A-B6EB-666A9E7E8083}"
EndProject
Project("{FAE04EC0-301F-11D3-BF4B-00C04F79EFBC}") = "Sphere10.Framework.iOS", "Sphere10.Framework.iOS\Sphere10.Framework.iOS.csproj", "{BDC7755B-E7EB-4403-80A8-72AC20D8AE78}"
EndProject
Project("{FAE04EC0-301F-11D3-BF4B-00C04F79EFBC}") = "Sphere10.Framework.Data.iOS", "Sphere10.Framework.Data.iOS\Sphere10.Framework.Data.iOS.csproj", "{908E9432-2437-47D2-9722-5A6CDFABBF54}"
EndProject
Project("{FAE04EC0-301F-11D3-BF4B-00C04F79EFBC}") = "Sphere10.Framework.Drawing.iOS", "Sphere10.Framework.Drawing.iOS\Sphere10.Framework.Drawing.iOS.csproj", "{965FDD75-58D7-4360-9F15-A69A2439EE91}"
EndProject
Project("{FAE04EC0-301F-11D3-BF4B-00C04F79EFBC}") = "Sphere10.Framework.Services.iOS", "Sphere10.Framework.Services.iOS\Sphere10.Framework.Services.iOS.csproj", "{ACA95282-9660-4A97-87AA-276977D674D3}"
EndProject
Project("{FAE04EC0-301F-11D3-BF4B-00C04F79EFBC}") = "Sphere10.Framework.Data.Sqlite.iOS", "Sphere10.Framework.Data.Sqlite.iOS\Sphere10.Framework.Data.Sqlite.iOS.csproj", "{98412F14-48F6-47C1-937B-B38642B9FE19}"
EndProject
Project("{FAE04EC0-301F-11D3-BF4B-00C04F79EFBC}") = "Sphere10.Windows.TestUtil", "Sphere10.Windows.TestUtil\Sphere10.Windows.TestUtil.csproj", "{78AEE57E-C78F-47AD-8BCC-8D6896EBD994}"
EndProject
Project("{FAE04EC0-301F-11D3-BF4B-00C04F79EFBC}") = "Sphere10.Windows", "Sphere10.Windows\Sphere10.Windows.csproj", "{05D56A4B-6E13-4396-8B49-E2C55BC9B508}"
EndProject
Project("{FAE04EC0-301F-11D3-BF4B-00C04F79EFBC}") = "Sphere10.Windows.WinForms", "Sphere10.Windows.WinForms\Sphere10.Windows.WinForms.csproj", "{1EA1A698-5A35-45C7-8E85-DA3CC0D2882E}"
EndProject
Project("{FAE04EC0-301F-11D3-BF4B-00C04F79EFBC}") = "Sphere10.Windows.ExplorerBarDesigner", "Sphere10.Windows.WinForms.ExplorerBarDesigner\Sphere10.Windows.ExplorerBarDesigner.csproj", "{6EE1E080-0D30-433C-A5CC-5180E75D04FA}"
EndProject
Project("{FAE04EC0-301F-11D3-BF4B-00C04F79EFBC}") = "Sphere10.Windows.WinForms.Sqlite", "Sphere10.Windows.WinForms.Sqlite\Sphere10.Windows.WinForms.Sqlite.csproj", "{BD8F6B59-E0DB-4DEE-A144-944BBC44FD9D}"
EndProject
Project("{FAE04EC0-301F-11D3-BF4B-00C04F79EFBC}") = "Sphere10.Windows.WinForms.Firebird", "Sphere10.Windows.WinForms.Firebird\Sphere10.Windows.WinForms.Firebird.csproj", "{0AAE6912-CDE3-4D49-9AE5-63193105537C}"
EndProject
Project("{FAE04EC0-301F-11D3-BF4B-00C04F79EFBC}") = "Sphere10.iOS", "Sphere10.iOS\Sphere10.iOS.csproj", "{548A91F4-2D21-4913-AFC9-7DC9C336F8EF}"
EndProject
Project("{FAE04EC0-301F-11D3-BF4B-00C04F79EFBC}") = "Sphere10.Framework.NUnit", "Sphere10.Framework.NUnit\Sphere10.Framework.NUnit.csproj", "{8D937A5B-7BB5-49CA-88E6-C386DB08AACC}"
EndProject
Project("{FAE04EC0-301F-11D3-BF4B-00C04F79EFBC}") = "Sphere10.Framework.NUnit.iOS", "Sphere10.Framework.NUnit.iOS\Sphere10.Framework.NUnit.iOS.csproj", "{DE28E95E-2A26-460F-867D-E0003C5D5FFB}"
EndProject
Project("{FAE04EC0-301F-11D3-BF4B-00C04F79EFBC}") = "Sphere10.Windows.LevelDB", "Sphere10.Windows.LevelDB\Sphere10.Windows.LevelDB.csproj", "{C1549308-26F7-49C3-B1AA-8AD986C90DB8}"
EndProject
Project("{FAE04EC0-301F-11D3-BF4B-00C04F79EFBC}") = "Sphere10.Framework.WP8", "Sphere10.Framework.WP80\Sphere10.Framework.WP8.csproj", "{C6DEE5D2-818B-4309-8757-52D0AD042BA1}"
EndProject
Project("{FAE04EC0-301F-11D3-BF4B-00C04F79EFBC}") = "Sphere10.Web.Test", "Sphere10.Web.Test\Sphere10.Web.Test.csproj", "{F8F1DD64-DC27-41E9-AF67-45A795807FAC}"
EndProject
Project("{FAE04EC0-301F-11D3-BF4B-00C04F79EFBC}") = "Sphere10.Application.iOS", "Sphere10.Application.iOS\Sphere10.Application.iOS.csproj", "{CC07B659-953E-4B1C-89C8-ABFB53EACBEC}"
EndProject
Global
	GlobalSection(SolutionConfigurationPlatforms) = preSolution
		Debug|Any CPU = Debug|Any CPU
		Debug|ARM = Debug|ARM
		Debug|Mixed Platforms = Debug|Mixed Platforms
		Debug|x86 = Debug|x86
		Release|Any CPU = Release|Any CPU
		Release|ARM = Release|ARM
		Release|Mixed Platforms = Release|Mixed Platforms
		Release|x86 = Release|x86
	EndGlobalSection
	GlobalSection(ProjectConfigurationPlatforms) = postSolution
		{5843D59F-C8E2-4ED7-AD4C-DA55F968CB92}.Debug|Any CPU.ActiveCfg = Debug|Any CPU
		{5843D59F-C8E2-4ED7-AD4C-DA55F968CB92}.Debug|Any CPU.Build.0 = Debug|Any CPU
		{5843D59F-C8E2-4ED7-AD4C-DA55F968CB92}.Debug|ARM.ActiveCfg = Debug|Any CPU
		{5843D59F-C8E2-4ED7-AD4C-DA55F968CB92}.Debug|ARM.Build.0 = Debug|Any CPU
		{5843D59F-C8E2-4ED7-AD4C-DA55F968CB92}.Debug|Mixed Platforms.ActiveCfg = Debug|Any CPU
		{5843D59F-C8E2-4ED7-AD4C-DA55F968CB92}.Debug|Mixed Platforms.Build.0 = Debug|Any CPU
		{5843D59F-C8E2-4ED7-AD4C-DA55F968CB92}.Debug|x86.ActiveCfg = Debug|x86
		{5843D59F-C8E2-4ED7-AD4C-DA55F968CB92}.Debug|x86.Build.0 = Debug|x86
		{5843D59F-C8E2-4ED7-AD4C-DA55F968CB92}.Release|Any CPU.ActiveCfg = Release|Any CPU
		{5843D59F-C8E2-4ED7-AD4C-DA55F968CB92}.Release|Any CPU.Build.0 = Release|Any CPU
		{5843D59F-C8E2-4ED7-AD4C-DA55F968CB92}.Release|ARM.ActiveCfg = Release|Any CPU
		{5843D59F-C8E2-4ED7-AD4C-DA55F968CB92}.Release|ARM.Build.0 = Release|Any CPU
		{5843D59F-C8E2-4ED7-AD4C-DA55F968CB92}.Release|Mixed Platforms.ActiveCfg = Release|Any CPU
		{5843D59F-C8E2-4ED7-AD4C-DA55F968CB92}.Release|Mixed Platforms.Build.0 = Release|Any CPU
		{5843D59F-C8E2-4ED7-AD4C-DA55F968CB92}.Release|x86.ActiveCfg = Release|x86
		{5843D59F-C8E2-4ED7-AD4C-DA55F968CB92}.Release|x86.Build.0 = Release|x86
		{2D74CAF0-F9B0-4010-91CB-15578916BC1C}.Debug|Any CPU.ActiveCfg = Debug|Any CPU
		{2D74CAF0-F9B0-4010-91CB-15578916BC1C}.Debug|Any CPU.Build.0 = Debug|Any CPU
		{2D74CAF0-F9B0-4010-91CB-15578916BC1C}.Debug|ARM.ActiveCfg = Debug|Any CPU
		{2D74CAF0-F9B0-4010-91CB-15578916BC1C}.Debug|ARM.Build.0 = Debug|Any CPU
		{2D74CAF0-F9B0-4010-91CB-15578916BC1C}.Debug|Mixed Platforms.ActiveCfg = Debug|Any CPU
		{2D74CAF0-F9B0-4010-91CB-15578916BC1C}.Debug|Mixed Platforms.Build.0 = Debug|Any CPU
		{2D74CAF0-F9B0-4010-91CB-15578916BC1C}.Debug|x86.ActiveCfg = Debug|x86
		{2D74CAF0-F9B0-4010-91CB-15578916BC1C}.Debug|x86.Build.0 = Debug|x86
		{2D74CAF0-F9B0-4010-91CB-15578916BC1C}.Release|Any CPU.ActiveCfg = Release|Any CPU
		{2D74CAF0-F9B0-4010-91CB-15578916BC1C}.Release|Any CPU.Build.0 = Release|Any CPU
		{2D74CAF0-F9B0-4010-91CB-15578916BC1C}.Release|ARM.ActiveCfg = Release|Any CPU
		{2D74CAF0-F9B0-4010-91CB-15578916BC1C}.Release|ARM.Build.0 = Release|Any CPU
		{2D74CAF0-F9B0-4010-91CB-15578916BC1C}.Release|Mixed Platforms.ActiveCfg = Release|Any CPU
		{2D74CAF0-F9B0-4010-91CB-15578916BC1C}.Release|Mixed Platforms.Build.0 = Release|Any CPU
		{2D74CAF0-F9B0-4010-91CB-15578916BC1C}.Release|x86.ActiveCfg = Release|x86
		{2D74CAF0-F9B0-4010-91CB-15578916BC1C}.Release|x86.Build.0 = Release|x86
		{2630A94E-03B8-4E79-80C5-0B81275AC498}.Debug|Any CPU.ActiveCfg = Debug|Any CPU
		{2630A94E-03B8-4E79-80C5-0B81275AC498}.Debug|Any CPU.Build.0 = Debug|Any CPU
		{2630A94E-03B8-4E79-80C5-0B81275AC498}.Debug|ARM.ActiveCfg = Debug|Any CPU
		{2630A94E-03B8-4E79-80C5-0B81275AC498}.Debug|ARM.Build.0 = Debug|Any CPU
		{2630A94E-03B8-4E79-80C5-0B81275AC498}.Debug|Mixed Platforms.ActiveCfg = Debug|Any CPU
		{2630A94E-03B8-4E79-80C5-0B81275AC498}.Debug|Mixed Platforms.Build.0 = Debug|Any CPU
		{2630A94E-03B8-4E79-80C5-0B81275AC498}.Debug|x86.ActiveCfg = Debug|x86
		{2630A94E-03B8-4E79-80C5-0B81275AC498}.Debug|x86.Build.0 = Debug|x86
		{2630A94E-03B8-4E79-80C5-0B81275AC498}.Release|Any CPU.ActiveCfg = Release|Any CPU
		{2630A94E-03B8-4E79-80C5-0B81275AC498}.Release|Any CPU.Build.0 = Release|Any CPU
		{2630A94E-03B8-4E79-80C5-0B81275AC498}.Release|ARM.ActiveCfg = Release|Any CPU
		{2630A94E-03B8-4E79-80C5-0B81275AC498}.Release|ARM.Build.0 = Release|Any CPU
		{2630A94E-03B8-4E79-80C5-0B81275AC498}.Release|Mixed Platforms.ActiveCfg = Release|Any CPU
		{2630A94E-03B8-4E79-80C5-0B81275AC498}.Release|Mixed Platforms.Build.0 = Release|Any CPU
		{2630A94E-03B8-4E79-80C5-0B81275AC498}.Release|x86.ActiveCfg = Release|x86
		{2630A94E-03B8-4E79-80C5-0B81275AC498}.Release|x86.Build.0 = Release|x86
		{1CDD0FFB-6E00-42C3-9D77-427AB3451C0F}.Debug|Any CPU.ActiveCfg = Debug|Any CPU
		{1CDD0FFB-6E00-42C3-9D77-427AB3451C0F}.Debug|Any CPU.Build.0 = Debug|Any CPU
		{1CDD0FFB-6E00-42C3-9D77-427AB3451C0F}.Debug|ARM.ActiveCfg = Debug|Any CPU
		{1CDD0FFB-6E00-42C3-9D77-427AB3451C0F}.Debug|ARM.Build.0 = Debug|Any CPU
		{1CDD0FFB-6E00-42C3-9D77-427AB3451C0F}.Debug|Mixed Platforms.ActiveCfg = Debug|Any CPU
		{1CDD0FFB-6E00-42C3-9D77-427AB3451C0F}.Debug|Mixed Platforms.Build.0 = Debug|Any CPU
		{1CDD0FFB-6E00-42C3-9D77-427AB3451C0F}.Debug|x86.ActiveCfg = Debug|x86
		{1CDD0FFB-6E00-42C3-9D77-427AB3451C0F}.Debug|x86.Build.0 = Debug|x86
		{1CDD0FFB-6E00-42C3-9D77-427AB3451C0F}.Release|Any CPU.ActiveCfg = Release|Any CPU
		{1CDD0FFB-6E00-42C3-9D77-427AB3451C0F}.Release|Any CPU.Build.0 = Release|Any CPU
		{1CDD0FFB-6E00-42C3-9D77-427AB3451C0F}.Release|ARM.ActiveCfg = Release|Any CPU
		{1CDD0FFB-6E00-42C3-9D77-427AB3451C0F}.Release|ARM.Build.0 = Release|Any CPU
		{1CDD0FFB-6E00-42C3-9D77-427AB3451C0F}.Release|Mixed Platforms.ActiveCfg = Release|Any CPU
		{1CDD0FFB-6E00-42C3-9D77-427AB3451C0F}.Release|Mixed Platforms.Build.0 = Release|Any CPU
		{1CDD0FFB-6E00-42C3-9D77-427AB3451C0F}.Release|x86.ActiveCfg = Release|x86
		{1CDD0FFB-6E00-42C3-9D77-427AB3451C0F}.Release|x86.Build.0 = Release|x86
		{39E7ADF8-C370-4018-BDF3-AC9E8B0ABBED}.Debug|Any CPU.ActiveCfg = Debug|Any CPU
		{39E7ADF8-C370-4018-BDF3-AC9E8B0ABBED}.Debug|Any CPU.Build.0 = Debug|Any CPU
		{39E7ADF8-C370-4018-BDF3-AC9E8B0ABBED}.Debug|ARM.ActiveCfg = Debug|Any CPU
		{39E7ADF8-C370-4018-BDF3-AC9E8B0ABBED}.Debug|ARM.Build.0 = Debug|Any CPU
		{39E7ADF8-C370-4018-BDF3-AC9E8B0ABBED}.Debug|Mixed Platforms.ActiveCfg = Debug|Any CPU
		{39E7ADF8-C370-4018-BDF3-AC9E8B0ABBED}.Debug|Mixed Platforms.Build.0 = Debug|Any CPU
		{39E7ADF8-C370-4018-BDF3-AC9E8B0ABBED}.Debug|x86.ActiveCfg = Debug|x86
		{39E7ADF8-C370-4018-BDF3-AC9E8B0ABBED}.Debug|x86.Build.0 = Debug|x86
		{39E7ADF8-C370-4018-BDF3-AC9E8B0ABBED}.Release|Any CPU.ActiveCfg = Release|Any CPU
		{39E7ADF8-C370-4018-BDF3-AC9E8B0ABBED}.Release|Any CPU.Build.0 = Release|Any CPU
		{39E7ADF8-C370-4018-BDF3-AC9E8B0ABBED}.Release|ARM.ActiveCfg = Release|Any CPU
		{39E7ADF8-C370-4018-BDF3-AC9E8B0ABBED}.Release|ARM.Build.0 = Release|Any CPU
		{39E7ADF8-C370-4018-BDF3-AC9E8B0ABBED}.Release|Mixed Platforms.ActiveCfg = Release|Any CPU
		{39E7ADF8-C370-4018-BDF3-AC9E8B0ABBED}.Release|Mixed Platforms.Build.0 = Release|Any CPU
		{39E7ADF8-C370-4018-BDF3-AC9E8B0ABBED}.Release|x86.ActiveCfg = Release|x86
		{39E7ADF8-C370-4018-BDF3-AC9E8B0ABBED}.Release|x86.Build.0 = Release|x86
		{E0CD802D-75FC-4E99-B65C-84E6C558BF46}.Debug|Any CPU.ActiveCfg = Debug|Any CPU
		{E0CD802D-75FC-4E99-B65C-84E6C558BF46}.Debug|Any CPU.Build.0 = Debug|Any CPU
		{E0CD802D-75FC-4E99-B65C-84E6C558BF46}.Debug|ARM.ActiveCfg = Debug|Any CPU
		{E0CD802D-75FC-4E99-B65C-84E6C558BF46}.Debug|ARM.Build.0 = Debug|Any CPU
		{E0CD802D-75FC-4E99-B65C-84E6C558BF46}.Debug|Mixed Platforms.ActiveCfg = Debug|Any CPU
		{E0CD802D-75FC-4E99-B65C-84E6C558BF46}.Debug|Mixed Platforms.Build.0 = Debug|Any CPU
		{E0CD802D-75FC-4E99-B65C-84E6C558BF46}.Debug|x86.ActiveCfg = Debug|x86
		{E0CD802D-75FC-4E99-B65C-84E6C558BF46}.Debug|x86.Build.0 = Debug|x86
		{E0CD802D-75FC-4E99-B65C-84E6C558BF46}.Release|Any CPU.ActiveCfg = Release|Any CPU
		{E0CD802D-75FC-4E99-B65C-84E6C558BF46}.Release|Any CPU.Build.0 = Release|Any CPU
		{E0CD802D-75FC-4E99-B65C-84E6C558BF46}.Release|ARM.ActiveCfg = Release|Any CPU
		{E0CD802D-75FC-4E99-B65C-84E6C558BF46}.Release|ARM.Build.0 = Release|Any CPU
		{E0CD802D-75FC-4E99-B65C-84E6C558BF46}.Release|Mixed Platforms.ActiveCfg = Release|Any CPU
		{E0CD802D-75FC-4E99-B65C-84E6C558BF46}.Release|Mixed Platforms.Build.0 = Release|Any CPU
		{E0CD802D-75FC-4E99-B65C-84E6C558BF46}.Release|x86.ActiveCfg = Release|x86
		{E0CD802D-75FC-4E99-B65C-84E6C558BF46}.Release|x86.Build.0 = Release|x86
		{F86A4014-1419-4678-A0EB-E49E1BAC6DBD}.Debug|Any CPU.ActiveCfg = Debug|Any CPU
		{F86A4014-1419-4678-A0EB-E49E1BAC6DBD}.Debug|Any CPU.Build.0 = Debug|Any CPU
		{F86A4014-1419-4678-A0EB-E49E1BAC6DBD}.Debug|ARM.ActiveCfg = Debug|Any CPU
		{F86A4014-1419-4678-A0EB-E49E1BAC6DBD}.Debug|ARM.Build.0 = Debug|Any CPU
		{F86A4014-1419-4678-A0EB-E49E1BAC6DBD}.Debug|Mixed Platforms.ActiveCfg = Debug|Any CPU
		{F86A4014-1419-4678-A0EB-E49E1BAC6DBD}.Debug|Mixed Platforms.Build.0 = Debug|Any CPU
		{F86A4014-1419-4678-A0EB-E49E1BAC6DBD}.Debug|x86.ActiveCfg = Debug|x86
		{F86A4014-1419-4678-A0EB-E49E1BAC6DBD}.Debug|x86.Build.0 = Debug|x86
		{F86A4014-1419-4678-A0EB-E49E1BAC6DBD}.Release|Any CPU.ActiveCfg = Release|Any CPU
		{F86A4014-1419-4678-A0EB-E49E1BAC6DBD}.Release|Any CPU.Build.0 = Release|Any CPU
		{F86A4014-1419-4678-A0EB-E49E1BAC6DBD}.Release|ARM.ActiveCfg = Release|Any CPU
		{F86A4014-1419-4678-A0EB-E49E1BAC6DBD}.Release|ARM.Build.0 = Release|Any CPU
		{F86A4014-1419-4678-A0EB-E49E1BAC6DBD}.Release|Mixed Platforms.ActiveCfg = Release|Any CPU
		{F86A4014-1419-4678-A0EB-E49E1BAC6DBD}.Release|Mixed Platforms.Build.0 = Release|Any CPU
		{F86A4014-1419-4678-A0EB-E49E1BAC6DBD}.Release|x86.ActiveCfg = Release|x86
		{F86A4014-1419-4678-A0EB-E49E1BAC6DBD}.Release|x86.Build.0 = Release|x86
		{DF48D80D-BE17-46A0-A030-4832775F0C5D}.Debug|Any CPU.ActiveCfg = Debug|Any CPU
		{DF48D80D-BE17-46A0-A030-4832775F0C5D}.Debug|Any CPU.Build.0 = Debug|Any CPU
		{DF48D80D-BE17-46A0-A030-4832775F0C5D}.Debug|ARM.ActiveCfg = Debug|Any CPU
		{DF48D80D-BE17-46A0-A030-4832775F0C5D}.Debug|ARM.Build.0 = Debug|Any CPU
		{DF48D80D-BE17-46A0-A030-4832775F0C5D}.Debug|Mixed Platforms.ActiveCfg = Debug|Any CPU
		{DF48D80D-BE17-46A0-A030-4832775F0C5D}.Debug|Mixed Platforms.Build.0 = Debug|Any CPU
		{DF48D80D-BE17-46A0-A030-4832775F0C5D}.Debug|x86.ActiveCfg = Debug|x86
		{DF48D80D-BE17-46A0-A030-4832775F0C5D}.Debug|x86.Build.0 = Debug|x86
		{DF48D80D-BE17-46A0-A030-4832775F0C5D}.Release|Any CPU.ActiveCfg = Release|Any CPU
		{DF48D80D-BE17-46A0-A030-4832775F0C5D}.Release|Any CPU.Build.0 = Release|Any CPU
		{DF48D80D-BE17-46A0-A030-4832775F0C5D}.Release|ARM.ActiveCfg = Release|Any CPU
		{DF48D80D-BE17-46A0-A030-4832775F0C5D}.Release|ARM.Build.0 = Release|Any CPU
		{DF48D80D-BE17-46A0-A030-4832775F0C5D}.Release|Mixed Platforms.ActiveCfg = Release|Any CPU
		{DF48D80D-BE17-46A0-A030-4832775F0C5D}.Release|Mixed Platforms.Build.0 = Release|Any CPU
		{DF48D80D-BE17-46A0-A030-4832775F0C5D}.Release|x86.ActiveCfg = Release|x86
		{DF48D80D-BE17-46A0-A030-4832775F0C5D}.Release|x86.Build.0 = Release|x86
		{31659AC6-26E9-4031-A26B-122C655583FA}.Debug|Any CPU.ActiveCfg = Debug|Any CPU
		{31659AC6-26E9-4031-A26B-122C655583FA}.Debug|Any CPU.Build.0 = Debug|Any CPU
		{31659AC6-26E9-4031-A26B-122C655583FA}.Debug|ARM.ActiveCfg = Debug|Any CPU
		{31659AC6-26E9-4031-A26B-122C655583FA}.Debug|ARM.Build.0 = Debug|Any CPU
		{31659AC6-26E9-4031-A26B-122C655583FA}.Debug|Mixed Platforms.ActiveCfg = Debug|Any CPU
		{31659AC6-26E9-4031-A26B-122C655583FA}.Debug|Mixed Platforms.Build.0 = Debug|Any CPU
		{31659AC6-26E9-4031-A26B-122C655583FA}.Debug|x86.ActiveCfg = Debug|x86
		{31659AC6-26E9-4031-A26B-122C655583FA}.Debug|x86.Build.0 = Debug|x86
		{31659AC6-26E9-4031-A26B-122C655583FA}.Release|Any CPU.ActiveCfg = Release|Any CPU
		{31659AC6-26E9-4031-A26B-122C655583FA}.Release|Any CPU.Build.0 = Release|Any CPU
		{31659AC6-26E9-4031-A26B-122C655583FA}.Release|ARM.ActiveCfg = Release|Any CPU
		{31659AC6-26E9-4031-A26B-122C655583FA}.Release|ARM.Build.0 = Release|Any CPU
		{31659AC6-26E9-4031-A26B-122C655583FA}.Release|Mixed Platforms.ActiveCfg = Release|Any CPU
		{31659AC6-26E9-4031-A26B-122C655583FA}.Release|Mixed Platforms.Build.0 = Release|Any CPU
		{31659AC6-26E9-4031-A26B-122C655583FA}.Release|x86.ActiveCfg = Release|x86
		{31659AC6-26E9-4031-A26B-122C655583FA}.Release|x86.Build.0 = Release|x86
		{39254EF6-F9D7-4E31-9917-0F0EC68B7DAE}.Debug|Any CPU.ActiveCfg = Debug|Any CPU
		{39254EF6-F9D7-4E31-9917-0F0EC68B7DAE}.Debug|Any CPU.Build.0 = Debug|Any CPU
		{39254EF6-F9D7-4E31-9917-0F0EC68B7DAE}.Debug|ARM.ActiveCfg = Debug|Any CPU
		{39254EF6-F9D7-4E31-9917-0F0EC68B7DAE}.Debug|ARM.Build.0 = Debug|Any CPU
		{39254EF6-F9D7-4E31-9917-0F0EC68B7DAE}.Debug|Mixed Platforms.ActiveCfg = Debug|Any CPU
		{39254EF6-F9D7-4E31-9917-0F0EC68B7DAE}.Debug|Mixed Platforms.Build.0 = Debug|Any CPU
		{39254EF6-F9D7-4E31-9917-0F0EC68B7DAE}.Debug|x86.ActiveCfg = Debug|x86
		{39254EF6-F9D7-4E31-9917-0F0EC68B7DAE}.Debug|x86.Build.0 = Debug|x86
		{39254EF6-F9D7-4E31-9917-0F0EC68B7DAE}.Release|Any CPU.ActiveCfg = Release|Any CPU
		{39254EF6-F9D7-4E31-9917-0F0EC68B7DAE}.Release|Any CPU.Build.0 = Release|Any CPU
		{39254EF6-F9D7-4E31-9917-0F0EC68B7DAE}.Release|ARM.ActiveCfg = Release|Any CPU
		{39254EF6-F9D7-4E31-9917-0F0EC68B7DAE}.Release|ARM.Build.0 = Release|Any CPU
		{39254EF6-F9D7-4E31-9917-0F0EC68B7DAE}.Release|Mixed Platforms.ActiveCfg = Release|Any CPU
		{39254EF6-F9D7-4E31-9917-0F0EC68B7DAE}.Release|Mixed Platforms.Build.0 = Release|Any CPU
		{39254EF6-F9D7-4E31-9917-0F0EC68B7DAE}.Release|x86.ActiveCfg = Release|x86
		{39254EF6-F9D7-4E31-9917-0F0EC68B7DAE}.Release|x86.Build.0 = Release|x86
		{09F4A297-8080-43E2-B541-0018CACD2DE2}.Debug|Any CPU.ActiveCfg = Debug|Any CPU
		{09F4A297-8080-43E2-B541-0018CACD2DE2}.Debug|Any CPU.Build.0 = Debug|Any CPU
		{09F4A297-8080-43E2-B541-0018CACD2DE2}.Debug|ARM.ActiveCfg = Debug|Any CPU
		{09F4A297-8080-43E2-B541-0018CACD2DE2}.Debug|ARM.Build.0 = Debug|Any CPU
		{09F4A297-8080-43E2-B541-0018CACD2DE2}.Debug|Mixed Platforms.ActiveCfg = Debug|Any CPU
		{09F4A297-8080-43E2-B541-0018CACD2DE2}.Debug|Mixed Platforms.Build.0 = Debug|Any CPU
		{09F4A297-8080-43E2-B541-0018CACD2DE2}.Debug|x86.ActiveCfg = Debug|x86
		{09F4A297-8080-43E2-B541-0018CACD2DE2}.Debug|x86.Build.0 = Debug|x86
		{09F4A297-8080-43E2-B541-0018CACD2DE2}.Release|Any CPU.ActiveCfg = Release|Any CPU
		{09F4A297-8080-43E2-B541-0018CACD2DE2}.Release|Any CPU.Build.0 = Release|Any CPU
		{09F4A297-8080-43E2-B541-0018CACD2DE2}.Release|ARM.ActiveCfg = Release|Any CPU
		{09F4A297-8080-43E2-B541-0018CACD2DE2}.Release|ARM.Build.0 = Release|Any CPU
		{09F4A297-8080-43E2-B541-0018CACD2DE2}.Release|Mixed Platforms.ActiveCfg = Release|Any CPU
		{09F4A297-8080-43E2-B541-0018CACD2DE2}.Release|Mixed Platforms.Build.0 = Release|Any CPU
		{09F4A297-8080-43E2-B541-0018CACD2DE2}.Release|x86.ActiveCfg = Release|x86
		{09F4A297-8080-43E2-B541-0018CACD2DE2}.Release|x86.Build.0 = Release|x86
		{CD6601EE-DCCE-4C75-8856-1E77943011FE}.Debug|Any CPU.ActiveCfg = Debug|Any CPU
		{CD6601EE-DCCE-4C75-8856-1E77943011FE}.Debug|Any CPU.Build.0 = Debug|Any CPU
		{CD6601EE-DCCE-4C75-8856-1E77943011FE}.Debug|ARM.ActiveCfg = Debug|Any CPU
		{CD6601EE-DCCE-4C75-8856-1E77943011FE}.Debug|ARM.Build.0 = Debug|Any CPU
		{CD6601EE-DCCE-4C75-8856-1E77943011FE}.Debug|Mixed Platforms.ActiveCfg = Debug|Any CPU
		{CD6601EE-DCCE-4C75-8856-1E77943011FE}.Debug|Mixed Platforms.Build.0 = Debug|Any CPU
		{CD6601EE-DCCE-4C75-8856-1E77943011FE}.Debug|x86.ActiveCfg = Debug|x86
		{CD6601EE-DCCE-4C75-8856-1E77943011FE}.Debug|x86.Build.0 = Debug|x86
		{CD6601EE-DCCE-4C75-8856-1E77943011FE}.Release|Any CPU.ActiveCfg = Release|Any CPU
		{CD6601EE-DCCE-4C75-8856-1E77943011FE}.Release|Any CPU.Build.0 = Release|Any CPU
		{CD6601EE-DCCE-4C75-8856-1E77943011FE}.Release|ARM.ActiveCfg = Release|Any CPU
		{CD6601EE-DCCE-4C75-8856-1E77943011FE}.Release|ARM.Build.0 = Release|Any CPU
		{CD6601EE-DCCE-4C75-8856-1E77943011FE}.Release|Mixed Platforms.ActiveCfg = Release|Any CPU
		{CD6601EE-DCCE-4C75-8856-1E77943011FE}.Release|Mixed Platforms.Build.0 = Release|Any CPU
		{CD6601EE-DCCE-4C75-8856-1E77943011FE}.Release|x86.ActiveCfg = Release|x86
		{CD6601EE-DCCE-4C75-8856-1E77943011FE}.Release|x86.Build.0 = Release|x86
		{4C0A9549-0792-4FA3-99B2-DAC5EF3406D7}.Debug|Any CPU.ActiveCfg = Debug|Any CPU
		{4C0A9549-0792-4FA3-99B2-DAC5EF3406D7}.Debug|Any CPU.Build.0 = Debug|Any CPU
		{4C0A9549-0792-4FA3-99B2-DAC5EF3406D7}.Debug|ARM.ActiveCfg = Debug|Any CPU
		{4C0A9549-0792-4FA3-99B2-DAC5EF3406D7}.Debug|ARM.Build.0 = Debug|Any CPU
		{4C0A9549-0792-4FA3-99B2-DAC5EF3406D7}.Debug|Mixed Platforms.ActiveCfg = Debug|Any CPU
		{4C0A9549-0792-4FA3-99B2-DAC5EF3406D7}.Debug|Mixed Platforms.Build.0 = Debug|Any CPU
		{4C0A9549-0792-4FA3-99B2-DAC5EF3406D7}.Debug|x86.ActiveCfg = Debug|x86
		{4C0A9549-0792-4FA3-99B2-DAC5EF3406D7}.Debug|x86.Build.0 = Debug|x86
		{4C0A9549-0792-4FA3-99B2-DAC5EF3406D7}.Release|Any CPU.ActiveCfg = Release|Any CPU
		{4C0A9549-0792-4FA3-99B2-DAC5EF3406D7}.Release|Any CPU.Build.0 = Release|Any CPU
		{4C0A9549-0792-4FA3-99B2-DAC5EF3406D7}.Release|ARM.ActiveCfg = Release|Any CPU
		{4C0A9549-0792-4FA3-99B2-DAC5EF3406D7}.Release|ARM.Build.0 = Release|Any CPU
		{4C0A9549-0792-4FA3-99B2-DAC5EF3406D7}.Release|Mixed Platforms.ActiveCfg = Release|Any CPU
		{4C0A9549-0792-4FA3-99B2-DAC5EF3406D7}.Release|Mixed Platforms.Build.0 = Release|Any CPU
		{4C0A9549-0792-4FA3-99B2-DAC5EF3406D7}.Release|x86.ActiveCfg = Release|x86
		{4C0A9549-0792-4FA3-99B2-DAC5EF3406D7}.Release|x86.Build.0 = Release|x86
		{2B1992CD-A2E8-4E1A-B6EB-666A9E7E8083}.Debug|Any CPU.ActiveCfg = Debug|Any CPU
		{2B1992CD-A2E8-4E1A-B6EB-666A9E7E8083}.Debug|Any CPU.Build.0 = Debug|Any CPU
		{2B1992CD-A2E8-4E1A-B6EB-666A9E7E8083}.Debug|ARM.ActiveCfg = Debug|Any CPU
		{2B1992CD-A2E8-4E1A-B6EB-666A9E7E8083}.Debug|ARM.Build.0 = Debug|Any CPU
		{2B1992CD-A2E8-4E1A-B6EB-666A9E7E8083}.Debug|Mixed Platforms.ActiveCfg = Debug|Any CPU
		{2B1992CD-A2E8-4E1A-B6EB-666A9E7E8083}.Debug|Mixed Platforms.Build.0 = Debug|Any CPU
		{2B1992CD-A2E8-4E1A-B6EB-666A9E7E8083}.Debug|x86.ActiveCfg = Debug|x86
		{2B1992CD-A2E8-4E1A-B6EB-666A9E7E8083}.Debug|x86.Build.0 = Debug|x86
		{2B1992CD-A2E8-4E1A-B6EB-666A9E7E8083}.Release|Any CPU.ActiveCfg = Release|Any CPU
		{2B1992CD-A2E8-4E1A-B6EB-666A9E7E8083}.Release|Any CPU.Build.0 = Release|Any CPU
		{2B1992CD-A2E8-4E1A-B6EB-666A9E7E8083}.Release|ARM.ActiveCfg = Release|Any CPU
		{2B1992CD-A2E8-4E1A-B6EB-666A9E7E8083}.Release|ARM.Build.0 = Release|Any CPU
		{2B1992CD-A2E8-4E1A-B6EB-666A9E7E8083}.Release|Mixed Platforms.ActiveCfg = Release|Any CPU
		{2B1992CD-A2E8-4E1A-B6EB-666A9E7E8083}.Release|Mixed Platforms.Build.0 = Release|Any CPU
		{2B1992CD-A2E8-4E1A-B6EB-666A9E7E8083}.Release|x86.ActiveCfg = Release|x86
		{2B1992CD-A2E8-4E1A-B6EB-666A9E7E8083}.Release|x86.Build.0 = Release|x86
		{BDC7755B-E7EB-4403-80A8-72AC20D8AE78}.Debug|Any CPU.ActiveCfg = Debug|Any CPU
		{BDC7755B-E7EB-4403-80A8-72AC20D8AE78}.Debug|Any CPU.Build.0 = Debug|Any CPU
		{BDC7755B-E7EB-4403-80A8-72AC20D8AE78}.Debug|ARM.ActiveCfg = Debug|Any CPU
		{BDC7755B-E7EB-4403-80A8-72AC20D8AE78}.Debug|ARM.Build.0 = Debug|Any CPU
		{BDC7755B-E7EB-4403-80A8-72AC20D8AE78}.Debug|Mixed Platforms.ActiveCfg = Debug|Any CPU
		{BDC7755B-E7EB-4403-80A8-72AC20D8AE78}.Debug|Mixed Platforms.Build.0 = Debug|Any CPU
		{BDC7755B-E7EB-4403-80A8-72AC20D8AE78}.Debug|x86.ActiveCfg = Debug|x86
		{BDC7755B-E7EB-4403-80A8-72AC20D8AE78}.Debug|x86.Build.0 = Debug|x86
		{BDC7755B-E7EB-4403-80A8-72AC20D8AE78}.Release|Any CPU.ActiveCfg = Release|Any CPU
		{BDC7755B-E7EB-4403-80A8-72AC20D8AE78}.Release|Any CPU.Build.0 = Release|Any CPU
		{BDC7755B-E7EB-4403-80A8-72AC20D8AE78}.Release|ARM.ActiveCfg = Release|Any CPU
		{BDC7755B-E7EB-4403-80A8-72AC20D8AE78}.Release|ARM.Build.0 = Release|Any CPU
		{BDC7755B-E7EB-4403-80A8-72AC20D8AE78}.Release|Mixed Platforms.ActiveCfg = Release|Any CPU
		{BDC7755B-E7EB-4403-80A8-72AC20D8AE78}.Release|Mixed Platforms.Build.0 = Release|Any CPU
		{BDC7755B-E7EB-4403-80A8-72AC20D8AE78}.Release|x86.ActiveCfg = Release|x86
		{BDC7755B-E7EB-4403-80A8-72AC20D8AE78}.Release|x86.Build.0 = Release|x86
		{908E9432-2437-47D2-9722-5A6CDFABBF54}.Debug|Any CPU.ActiveCfg = Debug|Any CPU
		{908E9432-2437-47D2-9722-5A6CDFABBF54}.Debug|Any CPU.Build.0 = Debug|Any CPU
		{908E9432-2437-47D2-9722-5A6CDFABBF54}.Debug|ARM.ActiveCfg = Debug|Any CPU
		{908E9432-2437-47D2-9722-5A6CDFABBF54}.Debug|ARM.Build.0 = Debug|Any CPU
		{908E9432-2437-47D2-9722-5A6CDFABBF54}.Debug|Mixed Platforms.ActiveCfg = Debug|Any CPU
		{908E9432-2437-47D2-9722-5A6CDFABBF54}.Debug|Mixed Platforms.Build.0 = Debug|Any CPU
		{908E9432-2437-47D2-9722-5A6CDFABBF54}.Debug|x86.ActiveCfg = Debug|Any CPU
		{908E9432-2437-47D2-9722-5A6CDFABBF54}.Debug|x86.Build.0 = Debug|Any CPU
		{908E9432-2437-47D2-9722-5A6CDFABBF54}.Release|Any CPU.ActiveCfg = Release|Any CPU
		{908E9432-2437-47D2-9722-5A6CDFABBF54}.Release|Any CPU.Build.0 = Release|Any CPU
		{908E9432-2437-47D2-9722-5A6CDFABBF54}.Release|ARM.ActiveCfg = Release|Any CPU
		{908E9432-2437-47D2-9722-5A6CDFABBF54}.Release|ARM.Build.0 = Release|Any CPU
		{908E9432-2437-47D2-9722-5A6CDFABBF54}.Release|Mixed Platforms.ActiveCfg = Release|Any CPU
		{908E9432-2437-47D2-9722-5A6CDFABBF54}.Release|Mixed Platforms.Build.0 = Release|Any CPU
		{908E9432-2437-47D2-9722-5A6CDFABBF54}.Release|x86.ActiveCfg = Release|Any CPU
		{908E9432-2437-47D2-9722-5A6CDFABBF54}.Release|x86.Build.0 = Release|Any CPU
		{965FDD75-58D7-4360-9F15-A69A2439EE91}.Debug|Any CPU.ActiveCfg = Debug|Any CPU
		{965FDD75-58D7-4360-9F15-A69A2439EE91}.Debug|Any CPU.Build.0 = Debug|Any CPU
		{965FDD75-58D7-4360-9F15-A69A2439EE91}.Debug|ARM.ActiveCfg = Debug|Any CPU
		{965FDD75-58D7-4360-9F15-A69A2439EE91}.Debug|ARM.Build.0 = Debug|Any CPU
		{965FDD75-58D7-4360-9F15-A69A2439EE91}.Debug|Mixed Platforms.ActiveCfg = Debug|Any CPU
		{965FDD75-58D7-4360-9F15-A69A2439EE91}.Debug|Mixed Platforms.Build.0 = Debug|Any CPU
		{965FDD75-58D7-4360-9F15-A69A2439EE91}.Debug|x86.ActiveCfg = Debug|Any CPU
		{965FDD75-58D7-4360-9F15-A69A2439EE91}.Debug|x86.Build.0 = Debug|Any CPU
		{965FDD75-58D7-4360-9F15-A69A2439EE91}.Release|Any CPU.ActiveCfg = Release|Any CPU
		{965FDD75-58D7-4360-9F15-A69A2439EE91}.Release|Any CPU.Build.0 = Release|Any CPU
		{965FDD75-58D7-4360-9F15-A69A2439EE91}.Release|ARM.ActiveCfg = Release|Any CPU
		{965FDD75-58D7-4360-9F15-A69A2439EE91}.Release|ARM.Build.0 = Release|Any CPU
		{965FDD75-58D7-4360-9F15-A69A2439EE91}.Release|Mixed Platforms.ActiveCfg = Release|Any CPU
		{965FDD75-58D7-4360-9F15-A69A2439EE91}.Release|Mixed Platforms.Build.0 = Release|Any CPU
		{965FDD75-58D7-4360-9F15-A69A2439EE91}.Release|x86.ActiveCfg = Release|Any CPU
		{965FDD75-58D7-4360-9F15-A69A2439EE91}.Release|x86.Build.0 = Release|Any CPU
		{ACA95282-9660-4A97-87AA-276977D674D3}.Debug|Any CPU.ActiveCfg = Debug|Any CPU
		{ACA95282-9660-4A97-87AA-276977D674D3}.Debug|Any CPU.Build.0 = Debug|Any CPU
		{ACA95282-9660-4A97-87AA-276977D674D3}.Debug|ARM.ActiveCfg = Debug|Any CPU
		{ACA95282-9660-4A97-87AA-276977D674D3}.Debug|ARM.Build.0 = Debug|Any CPU
		{ACA95282-9660-4A97-87AA-276977D674D3}.Debug|Mixed Platforms.ActiveCfg = Debug|Any CPU
		{ACA95282-9660-4A97-87AA-276977D674D3}.Debug|Mixed Platforms.Build.0 = Debug|Any CPU
		{ACA95282-9660-4A97-87AA-276977D674D3}.Debug|x86.ActiveCfg = Debug|Any CPU
		{ACA95282-9660-4A97-87AA-276977D674D3}.Debug|x86.Build.0 = Debug|Any CPU
		{ACA95282-9660-4A97-87AA-276977D674D3}.Release|Any CPU.ActiveCfg = Release|Any CPU
		{ACA95282-9660-4A97-87AA-276977D674D3}.Release|Any CPU.Build.0 = Release|Any CPU
		{ACA95282-9660-4A97-87AA-276977D674D3}.Release|ARM.ActiveCfg = Release|Any CPU
		{ACA95282-9660-4A97-87AA-276977D674D3}.Release|ARM.Build.0 = Release|Any CPU
		{ACA95282-9660-4A97-87AA-276977D674D3}.Release|Mixed Platforms.ActiveCfg = Release|Any CPU
		{ACA95282-9660-4A97-87AA-276977D674D3}.Release|Mixed Platforms.Build.0 = Release|Any CPU
		{ACA95282-9660-4A97-87AA-276977D674D3}.Release|x86.ActiveCfg = Release|Any CPU
		{ACA95282-9660-4A97-87AA-276977D674D3}.Release|x86.Build.0 = Release|Any CPU
		{98412F14-48F6-47C1-937B-B38642B9FE19}.Debug|Any CPU.ActiveCfg = Debug|Any CPU
		{98412F14-48F6-47C1-937B-B38642B9FE19}.Debug|Any CPU.Build.0 = Debug|Any CPU
		{98412F14-48F6-47C1-937B-B38642B9FE19}.Debug|ARM.ActiveCfg = Debug|Any CPU
		{98412F14-48F6-47C1-937B-B38642B9FE19}.Debug|ARM.Build.0 = Debug|Any CPU
		{98412F14-48F6-47C1-937B-B38642B9FE19}.Debug|Mixed Platforms.ActiveCfg = Debug|Any CPU
		{98412F14-48F6-47C1-937B-B38642B9FE19}.Debug|Mixed Platforms.Build.0 = Debug|Any CPU
		{98412F14-48F6-47C1-937B-B38642B9FE19}.Debug|x86.ActiveCfg = Debug|Any CPU
		{98412F14-48F6-47C1-937B-B38642B9FE19}.Debug|x86.Build.0 = Debug|Any CPU
		{98412F14-48F6-47C1-937B-B38642B9FE19}.Release|Any CPU.ActiveCfg = Release|Any CPU
		{98412F14-48F6-47C1-937B-B38642B9FE19}.Release|Any CPU.Build.0 = Release|Any CPU
		{98412F14-48F6-47C1-937B-B38642B9FE19}.Release|ARM.ActiveCfg = Release|Any CPU
		{98412F14-48F6-47C1-937B-B38642B9FE19}.Release|ARM.Build.0 = Release|Any CPU
		{98412F14-48F6-47C1-937B-B38642B9FE19}.Release|Mixed Platforms.ActiveCfg = Release|Any CPU
		{98412F14-48F6-47C1-937B-B38642B9FE19}.Release|Mixed Platforms.Build.0 = Release|Any CPU
		{98412F14-48F6-47C1-937B-B38642B9FE19}.Release|x86.ActiveCfg = Release|Any CPU
		{98412F14-48F6-47C1-937B-B38642B9FE19}.Release|x86.Build.0 = Release|Any CPU
		{78AEE57E-C78F-47AD-8BCC-8D6896EBD994}.Debug|Any CPU.ActiveCfg = Debug|Any CPU
		{78AEE57E-C78F-47AD-8BCC-8D6896EBD994}.Debug|Any CPU.Build.0 = Debug|Any CPU
		{78AEE57E-C78F-47AD-8BCC-8D6896EBD994}.Debug|ARM.ActiveCfg = Debug|Any CPU
		{78AEE57E-C78F-47AD-8BCC-8D6896EBD994}.Debug|ARM.Build.0 = Debug|Any CPU
		{78AEE57E-C78F-47AD-8BCC-8D6896EBD994}.Debug|Mixed Platforms.ActiveCfg = Debug|x86
		{78AEE57E-C78F-47AD-8BCC-8D6896EBD994}.Debug|Mixed Platforms.Build.0 = Debug|x86
		{78AEE57E-C78F-47AD-8BCC-8D6896EBD994}.Debug|x86.ActiveCfg = Debug|x86
		{78AEE57E-C78F-47AD-8BCC-8D6896EBD994}.Debug|x86.Build.0 = Debug|x86
		{78AEE57E-C78F-47AD-8BCC-8D6896EBD994}.Release|Any CPU.ActiveCfg = Release|Any CPU
		{78AEE57E-C78F-47AD-8BCC-8D6896EBD994}.Release|Any CPU.Build.0 = Release|Any CPU
		{78AEE57E-C78F-47AD-8BCC-8D6896EBD994}.Release|ARM.ActiveCfg = Release|Any CPU
		{78AEE57E-C78F-47AD-8BCC-8D6896EBD994}.Release|ARM.Build.0 = Release|Any CPU
		{78AEE57E-C78F-47AD-8BCC-8D6896EBD994}.Release|Mixed Platforms.ActiveCfg = Release|x86
		{78AEE57E-C78F-47AD-8BCC-8D6896EBD994}.Release|Mixed Platforms.Build.0 = Release|x86
		{78AEE57E-C78F-47AD-8BCC-8D6896EBD994}.Release|x86.ActiveCfg = Release|x86
		{78AEE57E-C78F-47AD-8BCC-8D6896EBD994}.Release|x86.Build.0 = Release|x86
		{05D56A4B-6E13-4396-8B49-E2C55BC9B508}.Debug|Any CPU.ActiveCfg = Debug|Any CPU
		{05D56A4B-6E13-4396-8B49-E2C55BC9B508}.Debug|Any CPU.Build.0 = Debug|Any CPU
		{05D56A4B-6E13-4396-8B49-E2C55BC9B508}.Debug|ARM.ActiveCfg = Debug|Any CPU
		{05D56A4B-6E13-4396-8B49-E2C55BC9B508}.Debug|ARM.Build.0 = Debug|Any CPU
		{05D56A4B-6E13-4396-8B49-E2C55BC9B508}.Debug|Mixed Platforms.ActiveCfg = Debug|Any CPU
		{05D56A4B-6E13-4396-8B49-E2C55BC9B508}.Debug|Mixed Platforms.Build.0 = Debug|Any CPU
		{05D56A4B-6E13-4396-8B49-E2C55BC9B508}.Debug|x86.ActiveCfg = Debug|x86
		{05D56A4B-6E13-4396-8B49-E2C55BC9B508}.Debug|x86.Build.0 = Debug|x86
		{05D56A4B-6E13-4396-8B49-E2C55BC9B508}.Release|Any CPU.ActiveCfg = Release|Any CPU
		{05D56A4B-6E13-4396-8B49-E2C55BC9B508}.Release|Any CPU.Build.0 = Release|Any CPU
		{05D56A4B-6E13-4396-8B49-E2C55BC9B508}.Release|ARM.ActiveCfg = Release|Any CPU
		{05D56A4B-6E13-4396-8B49-E2C55BC9B508}.Release|ARM.Build.0 = Release|Any CPU
		{05D56A4B-6E13-4396-8B49-E2C55BC9B508}.Release|Mixed Platforms.ActiveCfg = Release|Any CPU
		{05D56A4B-6E13-4396-8B49-E2C55BC9B508}.Release|Mixed Platforms.Build.0 = Release|Any CPU
		{05D56A4B-6E13-4396-8B49-E2C55BC9B508}.Release|x86.ActiveCfg = Release|x86
		{05D56A4B-6E13-4396-8B49-E2C55BC9B508}.Release|x86.Build.0 = Release|x86
		{1EA1A698-5A35-45C7-8E85-DA3CC0D2882E}.Debug|Any CPU.ActiveCfg = Debug|Any CPU
		{1EA1A698-5A35-45C7-8E85-DA3CC0D2882E}.Debug|Any CPU.Build.0 = Debug|Any CPU
		{1EA1A698-5A35-45C7-8E85-DA3CC0D2882E}.Debug|ARM.ActiveCfg = Debug|Any CPU
		{1EA1A698-5A35-45C7-8E85-DA3CC0D2882E}.Debug|ARM.Build.0 = Debug|Any CPU
		{1EA1A698-5A35-45C7-8E85-DA3CC0D2882E}.Debug|Mixed Platforms.ActiveCfg = Debug|x86
		{1EA1A698-5A35-45C7-8E85-DA3CC0D2882E}.Debug|Mixed Platforms.Build.0 = Debug|x86
		{1EA1A698-5A35-45C7-8E85-DA3CC0D2882E}.Debug|x86.ActiveCfg = Debug|x86
		{1EA1A698-5A35-45C7-8E85-DA3CC0D2882E}.Debug|x86.Build.0 = Debug|x86
		{1EA1A698-5A35-45C7-8E85-DA3CC0D2882E}.Release|Any CPU.ActiveCfg = Release|Any CPU
		{1EA1A698-5A35-45C7-8E85-DA3CC0D2882E}.Release|Any CPU.Build.0 = Release|Any CPU
		{1EA1A698-5A35-45C7-8E85-DA3CC0D2882E}.Release|ARM.ActiveCfg = Release|Any CPU
		{1EA1A698-5A35-45C7-8E85-DA3CC0D2882E}.Release|ARM.Build.0 = Release|Any CPU
		{1EA1A698-5A35-45C7-8E85-DA3CC0D2882E}.Release|Mixed Platforms.ActiveCfg = Release|x86
		{1EA1A698-5A35-45C7-8E85-DA3CC0D2882E}.Release|Mixed Platforms.Build.0 = Release|x86
		{1EA1A698-5A35-45C7-8E85-DA3CC0D2882E}.Release|x86.ActiveCfg = Release|x86
		{1EA1A698-5A35-45C7-8E85-DA3CC0D2882E}.Release|x86.Build.0 = Release|x86
		{6EE1E080-0D30-433C-A5CC-5180E75D04FA}.Debug|Any CPU.ActiveCfg = Debug|Any CPU
		{6EE1E080-0D30-433C-A5CC-5180E75D04FA}.Debug|Any CPU.Build.0 = Debug|Any CPU
		{6EE1E080-0D30-433C-A5CC-5180E75D04FA}.Debug|ARM.ActiveCfg = Debug|Any CPU
		{6EE1E080-0D30-433C-A5CC-5180E75D04FA}.Debug|ARM.Build.0 = Debug|Any CPU
		{6EE1E080-0D30-433C-A5CC-5180E75D04FA}.Debug|Mixed Platforms.ActiveCfg = Debug|x86
		{6EE1E080-0D30-433C-A5CC-5180E75D04FA}.Debug|Mixed Platforms.Build.0 = Debug|x86
		{6EE1E080-0D30-433C-A5CC-5180E75D04FA}.Debug|x86.ActiveCfg = Debug|x86
		{6EE1E080-0D30-433C-A5CC-5180E75D04FA}.Debug|x86.Build.0 = Debug|x86
		{6EE1E080-0D30-433C-A5CC-5180E75D04FA}.Release|Any CPU.ActiveCfg = Release|Any CPU
		{6EE1E080-0D30-433C-A5CC-5180E75D04FA}.Release|Any CPU.Build.0 = Release|Any CPU
		{6EE1E080-0D30-433C-A5CC-5180E75D04FA}.Release|ARM.ActiveCfg = Release|Any CPU
		{6EE1E080-0D30-433C-A5CC-5180E75D04FA}.Release|ARM.Build.0 = Release|Any CPU
		{6EE1E080-0D30-433C-A5CC-5180E75D04FA}.Release|Mixed Platforms.ActiveCfg = Release|x86
		{6EE1E080-0D30-433C-A5CC-5180E75D04FA}.Release|Mixed Platforms.Build.0 = Release|x86
		{6EE1E080-0D30-433C-A5CC-5180E75D04FA}.Release|x86.ActiveCfg = Release|x86
		{6EE1E080-0D30-433C-A5CC-5180E75D04FA}.Release|x86.Build.0 = Release|x86
		{BD8F6B59-E0DB-4DEE-A144-944BBC44FD9D}.Debug|Any CPU.ActiveCfg = Debug|Any CPU
		{BD8F6B59-E0DB-4DEE-A144-944BBC44FD9D}.Debug|Any CPU.Build.0 = Debug|Any CPU
		{BD8F6B59-E0DB-4DEE-A144-944BBC44FD9D}.Debug|ARM.ActiveCfg = Debug|Any CPU
		{BD8F6B59-E0DB-4DEE-A144-944BBC44FD9D}.Debug|ARM.Build.0 = Debug|Any CPU
		{BD8F6B59-E0DB-4DEE-A144-944BBC44FD9D}.Debug|Mixed Platforms.ActiveCfg = Debug|x86
		{BD8F6B59-E0DB-4DEE-A144-944BBC44FD9D}.Debug|Mixed Platforms.Build.0 = Debug|x86
		{BD8F6B59-E0DB-4DEE-A144-944BBC44FD9D}.Debug|x86.ActiveCfg = Debug|x86
		{BD8F6B59-E0DB-4DEE-A144-944BBC44FD9D}.Debug|x86.Build.0 = Debug|x86
		{BD8F6B59-E0DB-4DEE-A144-944BBC44FD9D}.Release|Any CPU.ActiveCfg = Release|Any CPU
		{BD8F6B59-E0DB-4DEE-A144-944BBC44FD9D}.Release|Any CPU.Build.0 = Release|Any CPU
		{BD8F6B59-E0DB-4DEE-A144-944BBC44FD9D}.Release|ARM.ActiveCfg = Release|Any CPU
		{BD8F6B59-E0DB-4DEE-A144-944BBC44FD9D}.Release|ARM.Build.0 = Release|Any CPU
		{BD8F6B59-E0DB-4DEE-A144-944BBC44FD9D}.Release|Mixed Platforms.ActiveCfg = Release|x86
		{BD8F6B59-E0DB-4DEE-A144-944BBC44FD9D}.Release|Mixed Platforms.Build.0 = Release|x86
		{BD8F6B59-E0DB-4DEE-A144-944BBC44FD9D}.Release|x86.ActiveCfg = Release|x86
		{BD8F6B59-E0DB-4DEE-A144-944BBC44FD9D}.Release|x86.Build.0 = Release|x86
		{0AAE6912-CDE3-4D49-9AE5-63193105537C}.Debug|Any CPU.ActiveCfg = Debug|Any CPU
		{0AAE6912-CDE3-4D49-9AE5-63193105537C}.Debug|Any CPU.Build.0 = Debug|Any CPU
		{0AAE6912-CDE3-4D49-9AE5-63193105537C}.Debug|ARM.ActiveCfg = Debug|Any CPU
		{0AAE6912-CDE3-4D49-9AE5-63193105537C}.Debug|ARM.Build.0 = Debug|Any CPU
		{0AAE6912-CDE3-4D49-9AE5-63193105537C}.Debug|Mixed Platforms.ActiveCfg = Debug|x86
		{0AAE6912-CDE3-4D49-9AE5-63193105537C}.Debug|Mixed Platforms.Build.0 = Debug|x86
		{0AAE6912-CDE3-4D49-9AE5-63193105537C}.Debug|x86.ActiveCfg = Debug|x86
		{0AAE6912-CDE3-4D49-9AE5-63193105537C}.Debug|x86.Build.0 = Debug|x86
		{0AAE6912-CDE3-4D49-9AE5-63193105537C}.Release|Any CPU.ActiveCfg = Release|Any CPU
		{0AAE6912-CDE3-4D49-9AE5-63193105537C}.Release|Any CPU.Build.0 = Release|Any CPU
		{0AAE6912-CDE3-4D49-9AE5-63193105537C}.Release|ARM.ActiveCfg = Release|Any CPU
		{0AAE6912-CDE3-4D49-9AE5-63193105537C}.Release|ARM.Build.0 = Release|Any CPU
		{0AAE6912-CDE3-4D49-9AE5-63193105537C}.Release|Mixed Platforms.ActiveCfg = Release|x86
		{0AAE6912-CDE3-4D49-9AE5-63193105537C}.Release|Mixed Platforms.Build.0 = Release|x86
		{0AAE6912-CDE3-4D49-9AE5-63193105537C}.Release|x86.ActiveCfg = Release|x86
		{0AAE6912-CDE3-4D49-9AE5-63193105537C}.Release|x86.Build.0 = Release|x86
		{548A91F4-2D21-4913-AFC9-7DC9C336F8EF}.Debug|Any CPU.ActiveCfg = Debug|Any CPU
		{548A91F4-2D21-4913-AFC9-7DC9C336F8EF}.Debug|Any CPU.Build.0 = Debug|Any CPU
		{548A91F4-2D21-4913-AFC9-7DC9C336F8EF}.Debug|ARM.ActiveCfg = Debug|Any CPU
		{548A91F4-2D21-4913-AFC9-7DC9C336F8EF}.Debug|ARM.Build.0 = Debug|Any CPU
		{548A91F4-2D21-4913-AFC9-7DC9C336F8EF}.Debug|Mixed Platforms.ActiveCfg = Debug|Any CPU
		{548A91F4-2D21-4913-AFC9-7DC9C336F8EF}.Debug|Mixed Platforms.Build.0 = Debug|Any CPU
		{548A91F4-2D21-4913-AFC9-7DC9C336F8EF}.Debug|x86.ActiveCfg = Debug|Any CPU
		{548A91F4-2D21-4913-AFC9-7DC9C336F8EF}.Debug|x86.Build.0 = Debug|Any CPU
		{548A91F4-2D21-4913-AFC9-7DC9C336F8EF}.Release|Any CPU.ActiveCfg = Release|Any CPU
		{548A91F4-2D21-4913-AFC9-7DC9C336F8EF}.Release|Any CPU.Build.0 = Release|Any CPU
		{548A91F4-2D21-4913-AFC9-7DC9C336F8EF}.Release|ARM.ActiveCfg = Release|Any CPU
		{548A91F4-2D21-4913-AFC9-7DC9C336F8EF}.Release|ARM.Build.0 = Release|Any CPU
		{548A91F4-2D21-4913-AFC9-7DC9C336F8EF}.Release|Mixed Platforms.ActiveCfg = Release|Any CPU
		{548A91F4-2D21-4913-AFC9-7DC9C336F8EF}.Release|Mixed Platforms.Build.0 = Release|Any CPU
		{548A91F4-2D21-4913-AFC9-7DC9C336F8EF}.Release|x86.ActiveCfg = Release|Any CPU
		{548A91F4-2D21-4913-AFC9-7DC9C336F8EF}.Release|x86.Build.0 = Release|Any CPU
		{8D937A5B-7BB5-49CA-88E6-C386DB08AACC}.Debug|Any CPU.ActiveCfg = Debug|Any CPU
		{8D937A5B-7BB5-49CA-88E6-C386DB08AACC}.Debug|Any CPU.Build.0 = Debug|Any CPU
		{8D937A5B-7BB5-49CA-88E6-C386DB08AACC}.Debug|ARM.ActiveCfg = Debug|Any CPU
		{8D937A5B-7BB5-49CA-88E6-C386DB08AACC}.Debug|ARM.Build.0 = Debug|Any CPU
		{8D937A5B-7BB5-49CA-88E6-C386DB08AACC}.Debug|Mixed Platforms.ActiveCfg = Debug|Any CPU
		{8D937A5B-7BB5-49CA-88E6-C386DB08AACC}.Debug|Mixed Platforms.Build.0 = Debug|Any CPU
		{8D937A5B-7BB5-49CA-88E6-C386DB08AACC}.Debug|x86.ActiveCfg = Debug|Any CPU
		{8D937A5B-7BB5-49CA-88E6-C386DB08AACC}.Debug|x86.Build.0 = Debug|Any CPU
		{8D937A5B-7BB5-49CA-88E6-C386DB08AACC}.Release|Any CPU.ActiveCfg = Release|Any CPU
		{8D937A5B-7BB5-49CA-88E6-C386DB08AACC}.Release|Any CPU.Build.0 = Release|Any CPU
		{8D937A5B-7BB5-49CA-88E6-C386DB08AACC}.Release|ARM.ActiveCfg = Release|Any CPU
		{8D937A5B-7BB5-49CA-88E6-C386DB08AACC}.Release|ARM.Build.0 = Release|Any CPU
		{8D937A5B-7BB5-49CA-88E6-C386DB08AACC}.Release|Mixed Platforms.ActiveCfg = Release|Any CPU
		{8D937A5B-7BB5-49CA-88E6-C386DB08AACC}.Release|Mixed Platforms.Build.0 = Release|Any CPU
		{8D937A5B-7BB5-49CA-88E6-C386DB08AACC}.Release|x86.ActiveCfg = Release|Any CPU
		{8D937A5B-7BB5-49CA-88E6-C386DB08AACC}.Release|x86.Build.0 = Release|Any CPU
		{DE28E95E-2A26-460F-867D-E0003C5D5FFB}.Debug|Any CPU.ActiveCfg = Debug|Any CPU
		{DE28E95E-2A26-460F-867D-E0003C5D5FFB}.Debug|Any CPU.Build.0 = Debug|Any CPU
		{DE28E95E-2A26-460F-867D-E0003C5D5FFB}.Debug|ARM.ActiveCfg = Debug|Any CPU
		{DE28E95E-2A26-460F-867D-E0003C5D5FFB}.Debug|ARM.Build.0 = Debug|Any CPU
		{DE28E95E-2A26-460F-867D-E0003C5D5FFB}.Debug|Mixed Platforms.ActiveCfg = Debug|Any CPU
		{DE28E95E-2A26-460F-867D-E0003C5D5FFB}.Debug|Mixed Platforms.Build.0 = Debug|Any CPU
		{DE28E95E-2A26-460F-867D-E0003C5D5FFB}.Debug|x86.ActiveCfg = Debug|Any CPU
		{DE28E95E-2A26-460F-867D-E0003C5D5FFB}.Debug|x86.Build.0 = Debug|Any CPU
		{DE28E95E-2A26-460F-867D-E0003C5D5FFB}.Release|Any CPU.ActiveCfg = Release|Any CPU
		{DE28E95E-2A26-460F-867D-E0003C5D5FFB}.Release|Any CPU.Build.0 = Release|Any CPU
		{DE28E95E-2A26-460F-867D-E0003C5D5FFB}.Release|ARM.ActiveCfg = Release|Any CPU
		{DE28E95E-2A26-460F-867D-E0003C5D5FFB}.Release|ARM.Build.0 = Release|Any CPU
		{DE28E95E-2A26-460F-867D-E0003C5D5FFB}.Release|Mixed Platforms.ActiveCfg = Release|Any CPU
		{DE28E95E-2A26-460F-867D-E0003C5D5FFB}.Release|Mixed Platforms.Build.0 = Release|Any CPU
		{DE28E95E-2A26-460F-867D-E0003C5D5FFB}.Release|x86.ActiveCfg = Release|Any CPU
		{DE28E95E-2A26-460F-867D-E0003C5D5FFB}.Release|x86.Build.0 = Release|Any CPU
		{C1549308-26F7-49C3-B1AA-8AD986C90DB8}.Debug|Any CPU.ActiveCfg = Debug|Any CPU
		{C1549308-26F7-49C3-B1AA-8AD986C90DB8}.Debug|Any CPU.Build.0 = Debug|Any CPU
		{C1549308-26F7-49C3-B1AA-8AD986C90DB8}.Debug|ARM.ActiveCfg = Debug|Any CPU
		{C1549308-26F7-49C3-B1AA-8AD986C90DB8}.Debug|ARM.Build.0 = Debug|Any CPU
		{C1549308-26F7-49C3-B1AA-8AD986C90DB8}.Debug|Mixed Platforms.ActiveCfg = Debug|Any CPU
		{C1549308-26F7-49C3-B1AA-8AD986C90DB8}.Debug|Mixed Platforms.Build.0 = Debug|Any CPU
		{C1549308-26F7-49C3-B1AA-8AD986C90DB8}.Debug|x86.ActiveCfg = Debug|Any CPU
		{C1549308-26F7-49C3-B1AA-8AD986C90DB8}.Debug|x86.Build.0 = Debug|Any CPU
		{C1549308-26F7-49C3-B1AA-8AD986C90DB8}.Release|Any CPU.ActiveCfg = Release|Any CPU
		{C1549308-26F7-49C3-B1AA-8AD986C90DB8}.Release|Any CPU.Build.0 = Release|Any CPU
		{C1549308-26F7-49C3-B1AA-8AD986C90DB8}.Release|ARM.ActiveCfg = Release|Any CPU
		{C1549308-26F7-49C3-B1AA-8AD986C90DB8}.Release|ARM.Build.0 = Release|Any CPU
		{C1549308-26F7-49C3-B1AA-8AD986C90DB8}.Release|Mixed Platforms.ActiveCfg = Release|Any CPU
		{C1549308-26F7-49C3-B1AA-8AD986C90DB8}.Release|Mixed Platforms.Build.0 = Release|Any CPU
		{C1549308-26F7-49C3-B1AA-8AD986C90DB8}.Release|x86.ActiveCfg = Release|Any CPU
		{C1549308-26F7-49C3-B1AA-8AD986C90DB8}.Release|x86.Build.0 = Release|Any CPU
		{C6DEE5D2-818B-4309-8757-52D0AD042BA1}.Debug|Any CPU.ActiveCfg = Debug|Any CPU
		{C6DEE5D2-818B-4309-8757-52D0AD042BA1}.Debug|Any CPU.Build.0 = Debug|Any CPU
		{C6DEE5D2-818B-4309-8757-52D0AD042BA1}.Debug|ARM.ActiveCfg = Debug|ARM
		{C6DEE5D2-818B-4309-8757-52D0AD042BA1}.Debug|ARM.Build.0 = Debug|ARM
		{C6DEE5D2-818B-4309-8757-52D0AD042BA1}.Debug|Mixed Platforms.ActiveCfg = Debug|x86
		{C6DEE5D2-818B-4309-8757-52D0AD042BA1}.Debug|Mixed Platforms.Build.0 = Debug|x86
		{C6DEE5D2-818B-4309-8757-52D0AD042BA1}.Debug|x86.ActiveCfg = Debug|x86
		{C6DEE5D2-818B-4309-8757-52D0AD042BA1}.Debug|x86.Build.0 = Debug|x86
		{C6DEE5D2-818B-4309-8757-52D0AD042BA1}.Release|Any CPU.ActiveCfg = Release|Any CPU
		{C6DEE5D2-818B-4309-8757-52D0AD042BA1}.Release|Any CPU.Build.0 = Release|Any CPU
		{C6DEE5D2-818B-4309-8757-52D0AD042BA1}.Release|ARM.ActiveCfg = Release|ARM
		{C6DEE5D2-818B-4309-8757-52D0AD042BA1}.Release|ARM.Build.0 = Release|ARM
		{C6DEE5D2-818B-4309-8757-52D0AD042BA1}.Release|Mixed Platforms.ActiveCfg = Release|x86
		{C6DEE5D2-818B-4309-8757-52D0AD042BA1}.Release|Mixed Platforms.Build.0 = Release|x86
		{C6DEE5D2-818B-4309-8757-52D0AD042BA1}.Release|x86.ActiveCfg = Release|x86
		{C6DEE5D2-818B-4309-8757-52D0AD042BA1}.Release|x86.Build.0 = Release|x86
		{F8F1DD64-DC27-41E9-AF67-45A795807FAC}.Debug|Any CPU.ActiveCfg = Debug|Any CPU
		{F8F1DD64-DC27-41E9-AF67-45A795807FAC}.Debug|Any CPU.Build.0 = Debug|Any CPU
		{F8F1DD64-DC27-41E9-AF67-45A795807FAC}.Debug|ARM.ActiveCfg = Debug|Any CPU
		{F8F1DD64-DC27-41E9-AF67-45A795807FAC}.Debug|ARM.Build.0 = Debug|Any CPU
		{F8F1DD64-DC27-41E9-AF67-45A795807FAC}.Debug|Mixed Platforms.ActiveCfg = Debug|Any CPU
		{F8F1DD64-DC27-41E9-AF67-45A795807FAC}.Debug|Mixed Platforms.Build.0 = Debug|Any CPU
		{F8F1DD64-DC27-41E9-AF67-45A795807FAC}.Debug|x86.ActiveCfg = Debug|Any CPU
		{F8F1DD64-DC27-41E9-AF67-45A795807FAC}.Debug|x86.Build.0 = Debug|Any CPU
		{F8F1DD64-DC27-41E9-AF67-45A795807FAC}.Release|Any CPU.ActiveCfg = Release|Any CPU
		{F8F1DD64-DC27-41E9-AF67-45A795807FAC}.Release|Any CPU.Build.0 = Release|Any CPU
		{F8F1DD64-DC27-41E9-AF67-45A795807FAC}.Release|ARM.ActiveCfg = Release|Any CPU
		{F8F1DD64-DC27-41E9-AF67-45A795807FAC}.Release|ARM.Build.0 = Release|Any CPU
		{F8F1DD64-DC27-41E9-AF67-45A795807FAC}.Release|Mixed Platforms.ActiveCfg = Release|Any CPU
		{F8F1DD64-DC27-41E9-AF67-45A795807FAC}.Release|Mixed Platforms.Build.0 = Release|Any CPU
		{F8F1DD64-DC27-41E9-AF67-45A795807FAC}.Release|x86.ActiveCfg = Release|Any CPU
		{F8F1DD64-DC27-41E9-AF67-45A795807FAC}.Release|x86.Build.0 = Release|Any CPU
		{CC07B659-953E-4B1C-89C8-ABFB53EACBEC}.Debug|Any CPU.ActiveCfg = Debug|Any CPU
		{CC07B659-953E-4B1C-89C8-ABFB53EACBEC}.Debug|Any CPU.Build.0 = Debug|Any CPU
		{CC07B659-953E-4B1C-89C8-ABFB53EACBEC}.Debug|ARM.ActiveCfg = Debug|Any CPU
		{CC07B659-953E-4B1C-89C8-ABFB53EACBEC}.Debug|ARM.Build.0 = Debug|Any CPU
		{CC07B659-953E-4B1C-89C8-ABFB53EACBEC}.Debug|Mixed Platforms.ActiveCfg = Debug|Any CPU
		{CC07B659-953E-4B1C-89C8-ABFB53EACBEC}.Debug|Mixed Platforms.Build.0 = Debug|Any CPU
		{CC07B659-953E-4B1C-89C8-ABFB53EACBEC}.Debug|x86.ActiveCfg = Debug|Any CPU
		{CC07B659-953E-4B1C-89C8-ABFB53EACBEC}.Debug|x86.Build.0 = Debug|Any CPU
		{CC07B659-953E-4B1C-89C8-ABFB53EACBEC}.Release|Any CPU.ActiveCfg = Release|Any CPU
		{CC07B659-953E-4B1C-89C8-ABFB53EACBEC}.Release|Any CPU.Build.0 = Release|Any CPU
		{CC07B659-953E-4B1C-89C8-ABFB53EACBEC}.Release|ARM.ActiveCfg = Release|Any CPU
		{CC07B659-953E-4B1C-89C8-ABFB53EACBEC}.Release|ARM.Build.0 = Release|Any CPU
		{CC07B659-953E-4B1C-89C8-ABFB53EACBEC}.Release|Mixed Platforms.ActiveCfg = Release|Any CPU
		{CC07B659-953E-4B1C-89C8-ABFB53EACBEC}.Release|Mixed Platforms.Build.0 = Release|Any CPU
		{CC07B659-953E-4B1C-89C8-ABFB53EACBEC}.Release|x86.ActiveCfg = Release|Any CPU
		{CC07B659-953E-4B1C-89C8-ABFB53EACBEC}.Release|x86.Build.0 = Release|Any CPU
	EndGlobalSection
	GlobalSection(SolutionProperties) = preSolution
		HideSolutionNode = FALSE
	EndGlobalSection
	GlobalSection(NestedProjects) = preSolution
		{F86A4014-1419-4678-A0EB-E49E1BAC6DBD} = {AAF59104-050F-4637-99B3-68448F5A1FCD}
		{A37378EA-439F-47C9-99D7-975FBA1ECBFE} = {5CCC3053-70FA-4AE6-B418-FB0B50375B81}
		{BA3F5090-630A-49D9-8C9D-CEA43B75F664} = {5CCC3053-70FA-4AE6-B418-FB0B50375B81}
		{BF561D19-859E-479B-B596-5A0653E8F878} = {A37378EA-439F-47C9-99D7-975FBA1ECBFE}
		{402938DA-A960-48D6-9DA3-742479B0ACAB} = {A37378EA-439F-47C9-99D7-975FBA1ECBFE}
		{9F2FD661-70B6-415C-96DE-BE2222A7F972} = {A37378EA-439F-47C9-99D7-975FBA1ECBFE}
		{6727992B-96FD-441C-A752-75A01B19CCF9} = {BA3F5090-630A-49D9-8C9D-CEA43B75F664}
		{CEEFE9B3-3B35-4F42-BBA8-06650DB8DD56} = {BA3F5090-630A-49D9-8C9D-CEA43B75F664}
		{18A2C6D6-D82F-410B-BFDE-83FA1F9E790C} = {BA3F5090-630A-49D9-8C9D-CEA43B75F664}
		{92FAF2E9-0A44-4E9D-B46D-F8BFA1732933} = {6727992B-96FD-441C-A752-75A01B19CCF9}
		{EE94AEB4-53C1-418A-B5E7-D50425AB0198} = {6727992B-96FD-441C-A752-75A01B19CCF9}
		{A08AE552-E84D-46B3-9032-1D8DA548AA12} = {6727992B-96FD-441C-A752-75A01B19CCF9}
		{8D85C6E5-5724-4C80-A10C-37C9E1DBD4F2} = {EE94AEB4-53C1-418A-B5E7-D50425AB0198}
		{7741DE76-82BA-4439-A9DB-879D071C6E58} = {CEEFE9B3-3B35-4F42-BBA8-06650DB8DD56}
		{F38CDE6C-72DB-4FAF-A615-EF1907E8B931} = {CEEFE9B3-3B35-4F42-BBA8-06650DB8DD56}
		{D572D8A3-1847-4447-861E-F4CDE47FD075} = {18A2C6D6-D82F-410B-BFDE-83FA1F9E790C}
		{72933042-4DEA-4230-86D7-2E713418A7E7} = {18A2C6D6-D82F-410B-BFDE-83FA1F9E790C}
		{50410CA2-1ADB-47E7-8495-36FC252CF047} = {18A2C6D6-D82F-410B-BFDE-83FA1F9E790C}
		{A21D45EE-54F2-4429-AB0E-FE5F01A105F8} = {18A2C6D6-D82F-410B-BFDE-83FA1F9E790C}
		{11616BE1-8A9A-4CBD-B67B-3206393287C7} = {18A2C6D6-D82F-410B-BFDE-83FA1F9E790C}
		{C8D855F2-9F19-4E1C-817A-6D6F77C62487} = {5CCC3053-70FA-4AE6-B418-FB0B50375B81}
		{5DD61767-D476-48A8-892C-94F3EAEEC520} = {C8D855F2-9F19-4E1C-817A-6D6F77C62487}
		{A4879EE6-F6C7-4E74-9F79-5AE7EC776D96} = {5DD61767-D476-48A8-892C-94F3EAEEC520}
		{23CC49EE-338B-4C0A-8A95-C72AAFF5C292} = {5DD61767-D476-48A8-892C-94F3EAEEC520}
		{9C8C856E-DD49-40D5-9102-BCA1F8EE122B} = {5DD61767-D476-48A8-892C-94F3EAEEC520}
		{F2602991-9C81-4829-8343-E4B59F7D1E3D} = {5DD61767-D476-48A8-892C-94F3EAEEC520}
		{2B1992CD-A2E8-4E1A-B6EB-666A9E7E8083} = {AAF59104-050F-4637-99B3-68448F5A1FCD}
		{78AEE57E-C78F-47AD-8BCC-8D6896EBD994} = {AAF59104-050F-4637-99B3-68448F5A1FCD}
		{F8F1DD64-DC27-41E9-AF67-45A795807FAC} = {AAF59104-050F-4637-99B3-68448F5A1FCD}
	EndGlobalSection
	GlobalSection(SubversionScc) = preSolution
		Svn-Managed = True
		Manager = AnkhSVN - Subversion Support for Visual Studio
	EndGlobalSection
EndGlobal
