
Microsoft Visual Studio Solution File, Format Version 12.00
# Visual Studio 14
VisualStudioVersion = 14.0.25420.1
MinimumVisualStudioVersion = 10.0.40219.1
Project("{FAE04EC0-301F-11D3-BF4B-00C04F79EFBC}") = "Sphere10.Framework.iOS", "Sphere10.Framework.iOS\Sphere10.Framework.iOS.csproj", "{BDC7755B-E7EB-4403-80A8-72AC20D8AE78}"
EndProject
Project("{FAE04EC0-301F-11D3-BF4B-00C04F79EFBC}") = "Sphere10.Framework.Drawing.iOS", "Sphere10.Framework.Drawing.iOS\Sphere10.Framework.Drawing.iOS.csproj", "{965FDD75-58D7-4360-9F15-A69A2439EE91}"
EndProject
Project("{FAE04EC0-301F-11D3-BF4B-00C04F79EFBC}") = "Sphere10.Framework.Services.iOS", "Sphere10.Framework.Services.iOS\Sphere10.Framework.Services.iOS.csproj", "{ACA95282-9660-4A97-87AA-276977D674D3}"
EndProject
Project("{FAE04EC0-301F-11D3-BF4B-00C04F79EFBC}") = "Sphere10.Framework.Data.iOS", "Sphere10.Framework.Data.iOS\Sphere10.Framework.Data.iOS.csproj", "{908E9432-2437-47D2-9722-5A6CDFABBF54}"
EndProject
Project("{FAE04EC0-301F-11D3-BF4B-00C04F79EFBC}") = "Sphere10.Framework.Data.Sqlite.iOS", "Sphere10.Framework.Data.Sqlite.iOS\Sphere10.Framework.Data.Sqlite.iOS.csproj", "{98412F14-48F6-47C1-937B-B38642B9FE19}"
EndProject
Project("{FAE04EC0-301F-11D3-BF4B-00C04F79EFBC}") = "Sphere10.iOS", "Sphere10.iOS\Sphere10.iOS.csproj", "{548A91F4-2D21-4913-AFC9-7DC9C336F8EF}"
EndProject
Project("{FAE04EC0-301F-11D3-BF4B-00C04F79EFBC}") = "Sphere10.Framework.NUnit.iOS", "Sphere10.Framework.NUnit.iOS\Sphere10.Framework.NUnit.iOS.csproj", "{DE28E95E-2A26-460F-867D-E0003C5D5FFB}"
EndProject
Project("{FAE04EC0-301F-11D3-BF4B-00C04F79EFBC}") = "Sphere10.Application.iOS", "Sphere10.Application.iOS\Sphere10.Application.iOS.csproj", "{CC07B659-953E-4B1C-89C8-ABFB53EACBEC}"
EndProject
Global
	GlobalSection(SolutionConfigurationPlatforms) = preSolution
		Debug|Any CPU = Debug|Any CPU
		Release|Any CPU = Release|Any CPU
	EndGlobalSection
	GlobalSection(ProjectConfigurationPlatforms) = postSolution
		{BDC7755B-E7EB-4403-80A8-72AC20D8AE78}.Debug|Any CPU.ActiveCfg = Debug|Any CPU
		{BDC7755B-E7EB-4403-80A8-72AC20D8AE78}.Debug|Any CPU.Build.0 = Debug|Any CPU
		{BDC7755B-E7EB-4403-80A8-72AC20D8AE78}.Release|Any CPU.ActiveCfg = Release|Any CPU
		{BDC7755B-E7EB-4403-80A8-72AC20D8AE78}.Release|Any CPU.Build.0 = Release|Any CPU
		{965FDD75-58D7-4360-9F15-A69A2439EE91}.Debug|Any CPU.ActiveCfg = Debug|Any CPU
		{965FDD75-58D7-4360-9F15-A69A2439EE91}.Debug|Any CPU.Build.0 = Debug|Any CPU
		{965FDD75-58D7-4360-9F15-A69A2439EE91}.Release|Any CPU.ActiveCfg = Release|Any CPU
		{965FDD75-58D7-4360-9F15-A69A2439EE91}.Release|Any CPU.Build.0 = Release|Any CPU
		{ACA95282-9660-4A97-87AA-276977D674D3}.Debug|Any CPU.ActiveCfg = Debug|Any CPU
		{ACA95282-9660-4A97-87AA-276977D674D3}.Debug|Any CPU.Build.0 = Debug|Any CPU
		{ACA95282-9660-4A97-87AA-276977D674D3}.Release|Any CPU.ActiveCfg = Release|Any CPU
		{ACA95282-9660-4A97-87AA-276977D674D3}.Release|Any CPU.Build.0 = Release|Any CPU
		{908E9432-2437-47D2-9722-5A6CDFABBF54}.Debug|Any CPU.ActiveCfg = Debug|Any CPU
		{908E9432-2437-47D2-9722-5A6CDFABBF54}.Debug|Any CPU.Build.0 = Debug|Any CPU
		{908E9432-2437-47D2-9722-5A6CDFABBF54}.Release|Any CPU.ActiveCfg = Release|Any CPU
		{908E9432-2437-47D2-9722-5A6CDFABBF54}.Release|Any CPU.Build.0 = Release|Any CPU
		{98412F14-48F6-47C1-937B-B38642B9FE19}.Debug|Any CPU.ActiveCfg = Debug|Any CPU
		{98412F14-48F6-47C1-937B-B38642B9FE19}.Debug|Any CPU.Build.0 = Debug|Any CPU
		{98412F14-48F6-47C1-937B-B38642B9FE19}.Release|Any CPU.ActiveCfg = Release|Any CPU
		{98412F14-48F6-47C1-937B-B38642B9FE19}.Release|Any CPU.Build.0 = Release|Any CPU
		{548A91F4-2D21-4913-AFC9-7DC9C336F8EF}.Debug|Any CPU.ActiveCfg = Debug|Any CPU
		{548A91F4-2D21-4913-AFC9-7DC9C336F8EF}.Debug|Any CPU.Build.0 = Debug|Any CPU
		{548A91F4-2D21-4913-AFC9-7DC9C336F8EF}.Release|Any CPU.ActiveCfg = Release|Any CPU
		{548A91F4-2D21-4913-AFC9-7DC9C336F8EF}.Release|Any CPU.Build.0 = Release|Any CPU
		{DE28E95E-2A26-460F-867D-E0003C5D5FFB}.Debug|Any CPU.ActiveCfg = Debug|Any CPU
		{DE28E95E-2A26-460F-867D-E0003C5D5FFB}.Debug|Any CPU.Build.0 = Debug|Any CPU
		{DE28E95E-2A26-460F-867D-E0003C5D5FFB}.Release|Any CPU.ActiveCfg = Release|Any CPU
		{DE28E95E-2A26-460F-867D-E0003C5D5FFB}.Release|Any CPU.Build.0 = Release|Any CPU
		{CC07B659-953E-4B1C-89C8-ABFB53EACBEC}.Debug|Any CPU.ActiveCfg = Debug|Any CPU
		{CC07B659-953E-4B1C-89C8-ABFB53EACBEC}.Debug|Any CPU.Build.0 = Debug|Any CPU
		{CC07B659-953E-4B1C-89C8-ABFB53EACBEC}.Release|Any CPU.ActiveCfg = Release|Any CPU
		{CC07B659-953E-4B1C-89C8-ABFB53EACBEC}.Release|Any CPU.Build.0 = Release|Any CPU
	EndGlobalSection
	GlobalSection(SolutionProperties) = preSolution
		HideSolutionNode = FALSE
	EndGlobalSection
	GlobalSection(SubversionScc) = preSolution
		Svn-Managed = True
		Manager = AnkhSVN - Subversion Support for Visual Studio
	EndGlobalSection
EndGlobal
